{"format_version":"1.1","terraform_version":"1.4.4","variables":{"region":{"value":"us-east-1"}},"planned_values":{"outputs":{"state_bucket_arn":{"sensitive":false,"type":"string","value":"arn:aws:s3:::n9n-s3-state-220523"},"state_dynamo":{"sensitive":false,"type":"string","value":"tf_state_lock"}},"root_module":{"resources":[{"address":"aws_dynamodb_table.tf-state-lock","mode":"managed","type":"aws_dynamodb_table","name":"tf-state-lock","provider_name":"registry.terraform.io/hashicorp/aws","schema_version":1,"values":{"arn":"arn:aws:dynamodb:us-east-1:444171185861:table/tf_state_lock","attribute":[{"name":"LockID","type":"S"}],"billing_mode":"PROVISIONED","deletion_protection_enabled":false,"global_secondary_index":[],"hash_key":"LockID","id":"tf_state_lock","local_secondary_index":[],"name":"tf_state_lock","point_in_time_recovery":[{"enabled":false}],"range_key":null,"read_capacity":5,"replica":[],"restore_date_time":null,"restore_source_name":null,"restore_to_latest_time":null,"server_side_encryption":[],"stream_arn":"","stream_enabled":false,"stream_label":"","stream_view_type":"","table_class":"STANDARD","tags":{"Name":"Dynamodb Terraform State Lock Table"},"tags_all":{"Name":"Dynamodb Terraform State Lock Table"},"timeouts":null,"ttl":[{"attribute_name":"","enabled":false}],"write_capacity":5},"sensitive_values":{"attribute":[{}],"global_secondary_index":[],"local_secondary_index":[],"point_in_time_recovery":[{}],"replica":[],"server_side_encryption":[],"tags":{},"tags_all":{},"ttl":[{}]}},{"address":"aws_kms_key.s3-kms-key","mode":"managed","type":"aws_kms_key","name":"s3-kms-key","provider_name":"registry.terraform.io/hashicorp/aws","schema_version":0,"values":{"arn":"arn:aws:kms:us-east-1:444171185861:key/3ebfdad6-08b6-46e3-83e6-caf1e8d9c004","bypass_policy_lockout_safety_check":false,"custom_key_store_id":"","customer_master_key_spec":"SYMMETRIC_DEFAULT","deletion_window_in_days":null,"description":"Use this key to encrypt S3 buckets","enable_key_rotation":false,"id":"3ebfdad6-08b6-46e3-83e6-caf1e8d9c004","is_enabled":true,"key_id":"3ebfdad6-08b6-46e3-83e6-caf1e8d9c004","key_usage":"ENCRYPT_DECRYPT","multi_region":false,"policy":"{\"Id\":\"key-default-1\",\"Statement\":[{\"Action\":\"kms:*\",\"Effect\":\"Allow\",\"Principal\":{\"AWS\":\"arn:aws:iam::444171185861:root\"},\"Resource\":\"*\",\"Sid\":\"Enable IAM User Permissions\"}],\"Version\":\"2012-10-17\"}","tags":{},"tags_all":{}},"sensitive_values":{"tags":{},"tags_all":{}}},{"address":"aws_s3_bucket.s3-tf-bucket","mode":"managed","type":"aws_s3_bucket","name":"s3-tf-bucket","provider_name":"registry.terraform.io/hashicorp/aws","schema_version":0,"values":{"acceleration_status":"","acl":null,"arn":"arn:aws:s3:::n9n-s3-state-220523","bucket":"n9n-s3-state-220523","bucket_domain_name":"n9n-s3-state-220523.s3.amazonaws.com","bucket_prefix":"","bucket_regional_domain_name":"n9n-s3-state-220523.s3.amazonaws.com","cors_rule":[],"force_destroy":false,"grant":[{"id":"d4c96d64b817c34d7e0364b4656b90078c77cc3dee87748e03a9bcc6a12f13b2","permissions":["FULL_CONTROL"],"type":"CanonicalUser","uri":""}],"hosted_zone_id":"Z3AQBSTGFYJSTF","id":"n9n-s3-state-220523","lifecycle_rule":[],"logging":[],"object_lock_configuration":[],"object_lock_enabled":false,"policy":"","region":"us-east-1","replication_configuration":[],"request_payer":"BucketOwner","server_side_encryption_configuration":[{"rule":[{"apply_server_side_encryption_by_default":[{"kms_master_key_id":"arn:aws:kms:us-east-1:444171185861:key/3ebfdad6-08b6-46e3-83e6-caf1e8d9c004","sse_algorithm":"aws:kms"}],"bucket_key_enabled":false}]}],"tags":{"Environment":"Prod","Name":"S3 Remote Terraform State Bucket"},"tags_all":{"Environment":"Prod","Name":"S3 Remote Terraform State Bucket"},"timeouts":null,"versioning":[{"enabled":true,"mfa_delete":false}],"website":[],"website_domain":null,"website_endpoint":null},"sensitive_values":{"cors_rule":[],"grant":[{"permissions":[false]}],"lifecycle_rule":[],"logging":[],"object_lock_configuration":[],"replication_configuration":[],"server_side_encryption_configuration":[{"rule":[{"apply_server_side_encryption_by_default":[{}]}]}],"tags":{},"tags_all":{},"versioning":[{}],"website":[]}},{"address":"aws_s3_bucket_acl.s3-tf-state-bucket-acl","mode":"managed","type":"aws_s3_bucket_acl","name":"s3-tf-state-bucket-acl","provider_name":"registry.terraform.io/hashicorp/aws","schema_version":0,"values":{"access_control_policy":[{"grant":[{"grantee":[{"display_name":"admin-aws","email_address":"","id":"d4c96d64b817c34d7e0364b4656b90078c77cc3dee87748e03a9bcc6a12f13b2","type":"CanonicalUser","uri":""}],"permission":"FULL_CONTROL"}],"owner":[{"display_name":"admin-aws","id":"d4c96d64b817c34d7e0364b4656b90078c77cc3dee87748e03a9bcc6a12f13b2"}]}],"acl":"private","bucket":"n9n-s3-state-220523","expected_bucket_owner":"","id":"n9n-s3-state-220523,private"},"sensitive_values":{"access_control_policy":[{"grant":[{"grantee":[{}]}],"owner":[{}]}]}},{"address":"aws_s3_bucket_public_access_block.s3-pub-block","mode":"managed","type":"aws_s3_bucket_public_access_block","name":"s3-pub-block","provider_name":"registry.terraform.io/hashicorp/aws","schema_version":0,"values":{"block_public_acls":true,"block_public_policy":true,"bucket":"n9n-s3-state-220523","id":"n9n-s3-state-220523","ignore_public_acls":true,"restrict_public_buckets":true},"sensitive_values":{}},{"address":"aws_s3_bucket_server_side_encryption_configuration.s3-sse-config","mode":"managed","type":"aws_s3_bucket_server_side_encryption_configuration","name":"s3-sse-config","provider_name":"registry.terraform.io/hashicorp/aws","schema_version":0,"values":{"bucket":"n9n-s3-state-220523","expected_bucket_owner":"","id":"n9n-s3-state-220523","rule":[{"apply_server_side_encryption_by_default":[{"kms_master_key_id":"arn:aws:kms:us-east-1:444171185861:key/3ebfdad6-08b6-46e3-83e6-caf1e8d9c004","sse_algorithm":"aws:kms"}],"bucket_key_enabled":false}]},"sensitive_values":{"rule":[{"apply_server_side_encryption_by_default":[{}]}]}},{"address":"aws_s3_bucket_versioning.s3-tf-bucket-versioning","mode":"managed","type":"aws_s3_bucket_versioning","name":"s3-tf-bucket-versioning","provider_name":"registry.terraform.io/hashicorp/aws","schema_version":0,"values":{"bucket":"n9n-s3-state-220523","expected_bucket_owner":"","id":"n9n-s3-state-220523","mfa":null,"versioning_configuration":[{"mfa_delete":"","status":"Enabled"}]},"sensitive_values":{"versioning_configuration":[{}]}}],"child_modules":[{"address":"module.dev_vpc","child_modules":[{"resources":[{"address":"module.dev_vpc.module.vpc.aws_eip.n9n_nat_eip","mode":"managed","type":"aws_eip","name":"n9n_nat_eip","provider_name":"registry.terraform.io/hashicorp/aws","schema_version":0,"values":{"address":null,"allocation_id":"eipalloc-001f842189e1f930a","associate_with_private_ip":null,"association_id":"eipassoc-0b72c72ce9dbb6c70","carrier_ip":"","customer_owned_ip":"","customer_owned_ipv4_pool":"","domain":"vpc","id":"eipalloc-001f842189e1f930a","instance":"","network_border_group":"us-east-1","network_interface":"eni-04e6ad75805323268","private_dns":"ip-10-0-1-47.ec2.internal","private_ip":"10.0.1.47","public_dns":"ec2-54-175-233-149.compute-1.amazonaws.com","public_ip":"54.175.233.149","public_ipv4_pool":"amazon","tags":{},"tags_all":{},"timeouts":null,"vpc":true},"sensitive_values":{"tags":{},"tags_all":{}}},{"address":"module.dev_vpc.module.vpc.aws_internet_gateway.n9n_ig","mode":"managed","type":"aws_internet_gateway","name":"n9n_ig","provider_name":"registry.terraform.io/hashicorp/aws","schema_version":0,"values":{"arn":"arn:aws:ec2:us-east-1:444171185861:internet-gateway/igw-016d54fc87a6cb779","id":"igw-016d54fc87a6cb779","owner_id":"444171185861","tags":{"Environment":"dev","Name":"dev-igw"},"tags_all":{"Environment":"dev","Name":"dev-igw"},"timeouts":null,"vpc_id":"vpc-05c8af84715ad862a"},"sensitive_values":{"tags":{},"tags_all":{}}},{"address":"module.dev_vpc.module.vpc.aws_nat_gateway.n9n_nat_gw","mode":"managed","type":"aws_nat_gateway","name":"n9n_nat_gw","provider_name":"registry.terraform.io/hashicorp/aws","schema_version":0,"values":{"allocation_id":"eipalloc-001f842189e1f930a","association_id":"eipassoc-0b72c72ce9dbb6c70","connectivity_type":"public","id":"nat-0433ec27e259a40de","network_interface_id":"eni-04e6ad75805323268","private_ip":"10.0.1.47","public_ip":"54.175.233.149","subnet_id":"subnet-0f0a7129fb658f9ad","tags":{"Environment":"dev","Name":"dev-nat"},"tags_all":{"Environment":"dev","Name":"dev-nat"}},"sensitive_values":{"tags":{},"tags_all":{}}},{"address":"module.dev_vpc.module.vpc.aws_route.private_nat_gateway","mode":"managed","type":"aws_route","name":"private_nat_gateway","provider_name":"registry.terraform.io/hashicorp/aws","schema_version":0,"values":{"carrier_gateway_id":"","core_network_arn":"","destination_cidr_block":"0.0.0.0/0","destination_ipv6_cidr_block":"","destination_prefix_list_id":"","egress_only_gateway_id":"","gateway_id":"","id":"r-rtb-09c72a3f8852d80281080289494","instance_id":"","instance_owner_id":"","local_gateway_id":"","nat_gateway_id":"nat-0433ec27e259a40de","network_interface_id":"","origin":"CreateRoute","route_table_id":"rtb-09c72a3f8852d8028","state":"active","timeouts":null,"transit_gateway_id":"","vpc_endpoint_id":"","vpc_peering_connection_id":""},"sensitive_values":{}},{"address":"module.dev_vpc.module.vpc.aws_route.public_internet_gateway","mode":"managed","type":"aws_route","name":"public_internet_gateway","provider_name":"registry.terraform.io/hashicorp/aws","schema_version":0,"values":{"carrier_gateway_id":"","core_network_arn":"","destination_cidr_block":"0.0.0.0/0","destination_ipv6_cidr_block":"","destination_prefix_list_id":"","egress_only_gateway_id":"","gateway_id":"igw-016d54fc87a6cb779","id":"r-rtb-037ee04ee10c1710f1080289494","instance_id":"","instance_owner_id":"","local_gateway_id":"","nat_gateway_id":"","network_interface_id":"","origin":"CreateRoute","route_table_id":"rtb-037ee04ee10c1710f","state":"active","timeouts":null,"transit_gateway_id":"","vpc_endpoint_id":"","vpc_peering_connection_id":""},"sensitive_values":{}},{"address":"module.dev_vpc.module.vpc.aws_route_table.private","mode":"managed","type":"aws_route_table","name":"private","provider_name":"registry.terraform.io/hashicorp/aws","schema_version":0,"values":{"arn":"arn:aws:ec2:us-east-1:444171185861:route-table/rtb-09c72a3f8852d8028","id":"rtb-09c72a3f8852d8028","owner_id":"444171185861","propagating_vgws":[],"route":[{"carrier_gateway_id":"","cidr_block":"0.0.0.0/0","core_network_arn":"","destination_prefix_list_id":"","egress_only_gateway_id":"","gateway_id":"","instance_id":"","ipv6_cidr_block":"","local_gateway_id":"","nat_gateway_id":"nat-0433ec27e259a40de","network_interface_id":"","transit_gateway_id":"","vpc_endpoint_id":"","vpc_peering_connection_id":""}],"tags":{"Environment":"dev","Name":"dev-private-route-table"},"tags_all":{"Environment":"dev","Name":"dev-private-route-table"},"timeouts":null,"vpc_id":"vpc-05c8af84715ad862a"},"sensitive_values":{"propagating_vgws":[],"route":[{}],"tags":{},"tags_all":{}}},{"address":"module.dev_vpc.module.vpc.aws_route_table.public","mode":"managed","type":"aws_route_table","name":"public","provider_name":"registry.terraform.io/hashicorp/aws","schema_version":0,"values":{"arn":"arn:aws:ec2:us-east-1:444171185861:route-table/rtb-037ee04ee10c1710f","id":"rtb-037ee04ee10c1710f","owner_id":"444171185861","propagating_vgws":[],"route":[{"carrier_gateway_id":"","cidr_block":"0.0.0.0/0","core_network_arn":"","destination_prefix_list_id":"","egress_only_gateway_id":"","gateway_id":"igw-016d54fc87a6cb779","instance_id":"","ipv6_cidr_block":"","local_gateway_id":"","nat_gateway_id":"","network_interface_id":"","transit_gateway_id":"","vpc_endpoint_id":"","vpc_peering_connection_id":""}],"tags":{"Environment":"dev","Name":"dev-public-route-table"},"tags_all":{"Environment":"dev","Name":"dev-public-route-table"},"timeouts":null,"vpc_id":"vpc-05c8af84715ad862a"},"sensitive_values":{"propagating_vgws":[],"route":[{}],"tags":{},"tags_all":{}}},{"address":"module.dev_vpc.module.vpc.aws_route_table_association.private[0]","mode":"managed","type":"aws_route_table_association","name":"private","index":0,"provider_name":"registry.terraform.io/hashicorp/aws","schema_version":0,"values":{"gateway_id":"","id":"rtbassoc-025fa3a543c1ba95c","route_table_id":"rtb-09c72a3f8852d8028","subnet_id":"subnet-0bc5cd4cf5054059b","timeouts":null},"sensitive_values":{}},{"address":"module.dev_vpc.module.vpc.aws_route_table_association.public[0]","mode":"managed","type":"aws_route_table_association","name":"public","index":0,"provider_name":"registry.terraform.io/hashicorp/aws","schema_version":0,"values":{"gateway_id":"","id":"rtbassoc-0f337c8f1cd26b10a","route_table_id":"rtb-037ee04ee10c1710f","subnet_id":"subnet-0f0a7129fb658f9ad","timeouts":null},"sensitive_values":{}},{"address":"module.dev_vpc.module.vpc.aws_security_group.default","mode":"managed","type":"aws_security_group","name":"default","provider_name":"registry.terraform.io/hashicorp/aws","schema_version":1,"values":{"arn":"arn:aws:ec2:us-east-1:444171185861:security-group/sg-02985b94ee4a73439","description":"Default security group to allow inbound/outbound from the VPC","egress":[{"cidr_blocks":[],"description":"","from_port":0,"ipv6_cidr_blocks":[],"prefix_list_ids":[],"protocol":"-1","security_groups":[],"self":true,"to_port":0}],"id":"sg-02985b94ee4a73439","ingress":[{"cidr_blocks":[],"description":"","from_port":0,"ipv6_cidr_blocks":[],"prefix_list_ids":[],"protocol":"-1","security_groups":[],"self":true,"to_port":0}],"name":"dev-default-sg","name_prefix":"","owner_id":"444171185861","revoke_rules_on_delete":false,"tags":{"Environment":"dev","Name":"dev-default-sg"},"tags_all":{"Environment":"dev","Name":"dev-default-sg"},"timeouts":null,"vpc_id":"vpc-05c8af84715ad862a"},"sensitive_values":{"egress":[{"cidr_blocks":[],"ipv6_cidr_blocks":[],"prefix_list_ids":[],"security_groups":[]}],"ingress":[{"cidr_blocks":[],"ipv6_cidr_blocks":[],"prefix_list_ids":[],"security_groups":[]}],"tags":{},"tags_all":{}}},{"address":"module.dev_vpc.module.vpc.aws_subnet.private_subnet[0]","mode":"managed","type":"aws_subnet","name":"private_subnet","index":0,"provider_name":"registry.terraform.io/hashicorp/aws","schema_version":1,"values":{"arn":"arn:aws:ec2:us-east-1:444171185861:subnet/subnet-0bc5cd4cf5054059b","assign_ipv6_address_on_creation":false,"availability_zone":"us-east-1a","availability_zone_id":"use1-az4","cidr_block":"10.0.10.0/24","customer_owned_ipv4_pool":"","enable_dns64":false,"enable_lni_at_device_index":0,"enable_resource_name_dns_a_record_on_launch":false,"enable_resource_name_dns_aaaa_record_on_launch":false,"id":"subnet-0bc5cd4cf5054059b","ipv6_cidr_block":"","ipv6_cidr_block_association_id":"","ipv6_native":false,"map_customer_owned_ip_on_launch":false,"map_public_ip_on_launch":false,"outpost_arn":"","owner_id":"444171185861","private_dns_hostname_type_on_launch":"ip-name","tags":{"Environment":"dev","Name":"dev-us-east-1a-private-subnet"},"tags_all":{"Environment":"dev","Name":"dev-us-east-1a-private-subnet"},"timeouts":null,"vpc_id":"vpc-05c8af84715ad862a"},"sensitive_values":{"tags":{},"tags_all":{}}},{"address":"module.dev_vpc.module.vpc.aws_subnet.public_subnet[0]","mode":"managed","type":"aws_subnet","name":"public_subnet","index":0,"provider_name":"registry.terraform.io/hashicorp/aws","schema_version":1,"values":{"arn":"arn:aws:ec2:us-east-1:444171185861:subnet/subnet-0f0a7129fb658f9ad","assign_ipv6_address_on_creation":false,"availability_zone":"us-east-1a","availability_zone_id":"use1-az4","cidr_block":"10.0.1.0/24","customer_owned_ipv4_pool":"","enable_dns64":false,"enable_lni_at_device_index":0,"enable_resource_name_dns_a_record_on_launch":false,"enable_resource_name_dns_aaaa_record_on_launch":false,"id":"subnet-0f0a7129fb658f9ad","ipv6_cidr_block":"","ipv6_cidr_block_association_id":"","ipv6_native":false,"map_customer_owned_ip_on_launch":false,"map_public_ip_on_launch":true,"outpost_arn":"","owner_id":"444171185861","private_dns_hostname_type_on_launch":"ip-name","tags":{"Environment":"dev","Name":"dev-us-east-1a-public-subnet"},"tags_all":{"Environment":"dev","Name":"dev-us-east-1a-public-subnet"},"timeouts":null,"vpc_id":"vpc-05c8af84715ad862a"},"sensitive_values":{"tags":{},"tags_all":{}}},{"address":"module.dev_vpc.module.vpc.aws_vpc.n9n_vpc","mode":"managed","type":"aws_vpc","name":"n9n_vpc","provider_name":"registry.terraform.io/hashicorp/aws","schema_version":1,"values":{"arn":"arn:aws:ec2:us-east-1:444171185861:vpc/vpc-05c8af84715ad862a","assign_generated_ipv6_cidr_block":false,"cidr_block":"10.0.0.0/16","default_network_acl_id":"acl-0391704db9e611349","default_route_table_id":"rtb-0df51899206ee6dd5","default_security_group_id":"sg-0c20b46066b700070","dhcp_options_id":"dopt-0f5f0ed3bbd38b703","enable_classiclink":false,"enable_classiclink_dns_support":false,"enable_dns_hostnames":true,"enable_dns_support":true,"enable_network_address_usage_metrics":false,"id":"vpc-05c8af84715ad862a","instance_tenancy":"default","ipv4_ipam_pool_id":null,"ipv4_netmask_length":null,"ipv6_association_id":"","ipv6_cidr_block":"","ipv6_cidr_block_network_border_group":"","ipv6_ipam_pool_id":"","ipv6_netmask_length":0,"main_route_table_id":"rtb-0df51899206ee6dd5","owner_id":"444171185861","tags":{"Environment":"dev","Name":"dev-vpc"},"tags_all":{"Environment":"dev","Name":"dev-vpc"}},"sensitive_values":{"tags":{},"tags_all":{}}}],"address":"module.dev_vpc.module.vpc"}]},{"address":"module.prod_vpc","child_modules":[{"resources":[{"address":"module.prod_vpc.module.vpc.aws_eip.n9n_nat_eip","mode":"managed","type":"aws_eip","name":"n9n_nat_eip","provider_name":"registry.terraform.io/hashicorp/aws","schema_version":0,"values":{"address":null,"allocation_id":"eipalloc-0935fe93ca6824071","associate_with_private_ip":null,"association_id":"eipassoc-0dce71659e07a526d","carrier_ip":"","customer_owned_ip":"","customer_owned_ipv4_pool":"","domain":"vpc","id":"eipalloc-0935fe93ca6824071","instance":"","network_border_group":"us-east-1","network_interface":"eni-0c20bf97e4196b2c1","private_dns":"ip-10-0-1-177.ec2.internal","private_ip":"10.0.1.177","public_dns":"ec2-34-196-65-169.compute-1.amazonaws.com","public_ip":"34.196.65.169","public_ipv4_pool":"amazon","tags":{},"tags_all":{},"timeouts":null,"vpc":true},"sensitive_values":{"tags":{},"tags_all":{}}},{"address":"module.prod_vpc.module.vpc.aws_internet_gateway.n9n_ig","mode":"managed","type":"aws_internet_gateway","name":"n9n_ig","provider_name":"registry.terraform.io/hashicorp/aws","schema_version":0,"values":{"arn":"arn:aws:ec2:us-east-1:444171185861:internet-gateway/igw-09629a267416a4576","id":"igw-09629a267416a4576","owner_id":"444171185861","tags":{"Environment":"prod","Name":"prod-igw"},"tags_all":{"Environment":"prod","Name":"prod-igw"},"timeouts":null,"vpc_id":"vpc-089a9617aef708250"},"sensitive_values":{"tags":{},"tags_all":{}}},{"address":"module.prod_vpc.module.vpc.aws_nat_gateway.n9n_nat_gw","mode":"managed","type":"aws_nat_gateway","name":"n9n_nat_gw","provider_name":"registry.terraform.io/hashicorp/aws","schema_version":0,"values":{"allocation_id":"eipalloc-0935fe93ca6824071","association_id":"eipassoc-0dce71659e07a526d","connectivity_type":"public","id":"nat-0c6abdd1c85bad328","network_interface_id":"eni-0c20bf97e4196b2c1","private_ip":"10.0.1.177","public_ip":"34.196.65.169","subnet_id":"subnet-0e7b4ddafc1c90395","tags":{"Environment":"prod","Name":"prod-nat"},"tags_all":{"Environment":"prod","Name":"prod-nat"}},"sensitive_values":{"tags":{},"tags_all":{}}},{"address":"module.prod_vpc.module.vpc.aws_route.private_nat_gateway","mode":"managed","type":"aws_route","name":"private_nat_gateway","provider_name":"registry.terraform.io/hashicorp/aws","schema_version":0,"values":{"carrier_gateway_id":"","core_network_arn":"","destination_cidr_block":"0.0.0.0/0","destination_ipv6_cidr_block":"","destination_prefix_list_id":"","egress_only_gateway_id":"","gateway_id":"","id":"r-rtb-0b94111dcfaca0bb71080289494","instance_id":"","instance_owner_id":"","local_gateway_id":"","nat_gateway_id":"nat-0c6abdd1c85bad328","network_interface_id":"","origin":"CreateRoute","route_table_id":"rtb-0b94111dcfaca0bb7","state":"active","timeouts":null,"transit_gateway_id":"","vpc_endpoint_id":"","vpc_peering_connection_id":""},"sensitive_values":{}},{"address":"module.prod_vpc.module.vpc.aws_route.public_internet_gateway","mode":"managed","type":"aws_route","name":"public_internet_gateway","provider_name":"registry.terraform.io/hashicorp/aws","schema_version":0,"values":{"carrier_gateway_id":"","core_network_arn":"","destination_cidr_block":"0.0.0.0/0","destination_ipv6_cidr_block":"","destination_prefix_list_id":"","egress_only_gateway_id":"","gateway_id":"igw-09629a267416a4576","id":"r-rtb-0b5e0bb2c637c1ac61080289494","instance_id":"","instance_owner_id":"","local_gateway_id":"","nat_gateway_id":"","network_interface_id":"","origin":"CreateRoute","route_table_id":"rtb-0b5e0bb2c637c1ac6","state":"active","timeouts":null,"transit_gateway_id":"","vpc_endpoint_id":"","vpc_peering_connection_id":""},"sensitive_values":{}},{"address":"module.prod_vpc.module.vpc.aws_route_table.private","mode":"managed","type":"aws_route_table","name":"private","provider_name":"registry.terraform.io/hashicorp/aws","schema_version":0,"values":{"arn":"arn:aws:ec2:us-east-1:444171185861:route-table/rtb-0b94111dcfaca0bb7","id":"rtb-0b94111dcfaca0bb7","owner_id":"444171185861","propagating_vgws":[],"route":[{"carrier_gateway_id":"","cidr_block":"0.0.0.0/0","core_network_arn":"","destination_prefix_list_id":"","egress_only_gateway_id":"","gateway_id":"","instance_id":"","ipv6_cidr_block":"","local_gateway_id":"","nat_gateway_id":"nat-0c6abdd1c85bad328","network_interface_id":"","transit_gateway_id":"","vpc_endpoint_id":"","vpc_peering_connection_id":""}],"tags":{"Environment":"prod","Name":"prod-private-route-table"},"tags_all":{"Environment":"prod","Name":"prod-private-route-table"},"timeouts":null,"vpc_id":"vpc-089a9617aef708250"},"sensitive_values":{"propagating_vgws":[],"route":[{}],"tags":{},"tags_all":{}}},{"address":"module.prod_vpc.module.vpc.aws_route_table.public","mode":"managed","type":"aws_route_table","name":"public","provider_name":"registry.terraform.io/hashicorp/aws","schema_version":0,"values":{"arn":"arn:aws:ec2:us-east-1:444171185861:route-table/rtb-0b5e0bb2c637c1ac6","id":"rtb-0b5e0bb2c637c1ac6","owner_id":"444171185861","propagating_vgws":[],"route":[{"carrier_gateway_id":"","cidr_block":"0.0.0.0/0","core_network_arn":"","destination_prefix_list_id":"","egress_only_gateway_id":"","gateway_id":"igw-09629a267416a4576","instance_id":"","ipv6_cidr_block":"","local_gateway_id":"","nat_gateway_id":"","network_interface_id":"","transit_gateway_id":"","vpc_endpoint_id":"","vpc_peering_connection_id":""}],"tags":{"Environment":"prod","Name":"prod-public-route-table"},"tags_all":{"Environment":"prod","Name":"prod-public-route-table"},"timeouts":null,"vpc_id":"vpc-089a9617aef708250"},"sensitive_values":{"propagating_vgws":[],"route":[{}],"tags":{},"tags_all":{}}},{"address":"module.prod_vpc.module.vpc.aws_route_table_association.private[0]","mode":"managed","type":"aws_route_table_association","name":"private","index":0,"provider_name":"registry.terraform.io/hashicorp/aws","schema_version":0,"values":{"gateway_id":"","id":"rtbassoc-027e74f72b45b8083","route_table_id":"rtb-0b94111dcfaca0bb7","subnet_id":"subnet-06a5f250d4c8c237d","timeouts":null},"sensitive_values":{}},{"address":"module.prod_vpc.module.vpc.aws_route_table_association.public[0]","mode":"managed","type":"aws_route_table_association","name":"public","index":0,"provider_name":"registry.terraform.io/hashicorp/aws","schema_version":0,"values":{"gateway_id":"","id":"rtbassoc-0fa220940c15d6cf2","route_table_id":"rtb-0b5e0bb2c637c1ac6","subnet_id":"subnet-0e7b4ddafc1c90395","timeouts":null},"sensitive_values":{}},{"address":"module.prod_vpc.module.vpc.aws_security_group.default","mode":"managed","type":"aws_security_group","name":"default","provider_name":"registry.terraform.io/hashicorp/aws","schema_version":1,"values":{"description":"Default security group to allow inbound/outbound from the VPC","egress":[{"cidr_blocks":[],"description":"","from_port":0,"ipv6_cidr_blocks":[],"prefix_list_ids":[],"protocol":"-1","security_groups":[],"self":true,"to_port":0}],"ingress":[{"cidr_blocks":[],"description":"","from_port":0,"ipv6_cidr_blocks":[],"prefix_list_ids":[],"protocol":"-1","security_groups":[],"self":true,"to_port":0}],"name":"prod-default-sg","revoke_rules_on_delete":false,"tags":{"Environment":"prod","Name":"prod-default-sg"},"tags_all":{"Environment":"prod","Name":"prod-default-sg"},"timeouts":null,"vpc_id":"vpc-089a9617aef708250"},"sensitive_values":{"egress":[{"cidr_blocks":[],"ipv6_cidr_blocks":[],"prefix_list_ids":[],"security_groups":[]}],"ingress":[{"cidr_blocks":[],"ipv6_cidr_blocks":[],"prefix_list_ids":[],"security_groups":[]}],"tags":{},"tags_all":{}}},{"address":"module.prod_vpc.module.vpc.aws_subnet.private_subnet[0]","mode":"managed","type":"aws_subnet","name":"private_subnet","index":0,"provider_name":"registry.terraform.io/hashicorp/aws","schema_version":1,"values":{"arn":"arn:aws:ec2:us-east-1:444171185861:subnet/subnet-06a5f250d4c8c237d","assign_ipv6_address_on_creation":false,"availability_zone":"us-east-1a","availability_zone_id":"use1-az4","cidr_block":"10.0.10.0/24","customer_owned_ipv4_pool":"","enable_dns64":false,"enable_lni_at_device_index":0,"enable_resource_name_dns_a_record_on_launch":false,"enable_resource_name_dns_aaaa_record_on_launch":false,"id":"subnet-06a5f250d4c8c237d","ipv6_cidr_block":"","ipv6_cidr_block_association_id":"","ipv6_native":false,"map_customer_owned_ip_on_launch":false,"map_public_ip_on_launch":false,"outpost_arn":"","owner_id":"444171185861","private_dns_hostname_type_on_launch":"ip-name","tags":{"Environment":"prod","Name":"prod-us-east-1a-private-subnet"},"tags_all":{"Environment":"prod","Name":"prod-us-east-1a-private-subnet"},"timeouts":null,"vpc_id":"vpc-089a9617aef708250"},"sensitive_values":{"tags":{},"tags_all":{}}},{"address":"module.prod_vpc.module.vpc.aws_subnet.public_subnet[0]","mode":"managed","type":"aws_subnet","name":"public_subnet","index":0,"provider_name":"registry.terraform.io/hashicorp/aws","schema_version":1,"values":{"arn":"arn:aws:ec2:us-east-1:444171185861:subnet/subnet-0e7b4ddafc1c90395","assign_ipv6_address_on_creation":false,"availability_zone":"us-east-1a","availability_zone_id":"use1-az4","cidr_block":"10.0.1.0/24","customer_owned_ipv4_pool":"","enable_dns64":false,"enable_lni_at_device_index":0,"enable_resource_name_dns_a_record_on_launch":false,"enable_resource_name_dns_aaaa_record_on_launch":false,"id":"subnet-0e7b4ddafc1c90395","ipv6_cidr_block":"","ipv6_cidr_block_association_id":"","ipv6_native":false,"map_customer_owned_ip_on_launch":false,"map_public_ip_on_launch":true,"outpost_arn":"","owner_id":"444171185861","private_dns_hostname_type_on_launch":"ip-name","tags":{"Environment":"prod","Name":"prod-us-east-1a-public-subnet"},"tags_all":{"Environment":"prod","Name":"prod-us-east-1a-public-subnet"},"timeouts":null,"vpc_id":"vpc-089a9617aef708250"},"sensitive_values":{"tags":{},"tags_all":{}}},{"address":"module.prod_vpc.module.vpc.aws_vpc.n9n_vpc","mode":"managed","type":"aws_vpc","name":"n9n_vpc","provider_name":"registry.terraform.io/hashicorp/aws","schema_version":1,"values":{"arn":"arn:aws:ec2:us-east-1:444171185861:vpc/vpc-089a9617aef708250","assign_generated_ipv6_cidr_block":false,"cidr_block":"10.0.0.0/16","default_network_acl_id":"acl-01c2d8b88ddde2219","default_route_table_id":"rtb-00a8274bc4a51be49","default_security_group_id":"sg-0d6873303b394c654","dhcp_options_id":"dopt-0f5f0ed3bbd38b703","enable_classiclink":false,"enable_classiclink_dns_support":false,"enable_dns_hostnames":true,"enable_dns_support":true,"enable_network_address_usage_metrics":false,"id":"vpc-089a9617aef708250","instance_tenancy":"default","ipv4_ipam_pool_id":null,"ipv4_netmask_length":null,"ipv6_association_id":"","ipv6_cidr_block":"","ipv6_cidr_block_network_border_group":"","ipv6_ipam_pool_id":"","ipv6_netmask_length":0,"main_route_table_id":"rtb-00a8274bc4a51be49","owner_id":"444171185861","tags":{"Environment":"prod","Name":"prod-vpc"},"tags_all":{"Environment":"prod","Name":"prod-vpc"}},"sensitive_values":{"tags":{},"tags_all":{}}}],"address":"module.prod_vpc.module.vpc"}]},{"address":"module.stage_vpc","child_modules":[{"resources":[{"address":"module.stage_vpc.module.vpc.aws_eip.n9n_nat_eip","mode":"managed","type":"aws_eip","name":"n9n_nat_eip","provider_name":"registry.terraform.io/hashicorp/aws","schema_version":0,"values":{"address":null,"allocation_id":"eipalloc-04bfce424dbec9cf2","associate_with_private_ip":null,"association_id":"eipassoc-07a3dced98ef6467a","carrier_ip":"","customer_owned_ip":"","customer_owned_ipv4_pool":"","domain":"vpc","id":"eipalloc-04bfce424dbec9cf2","instance":"","network_border_group":"us-east-1","network_interface":"eni-0324c58245f364b50","private_dns":"ip-10-0-1-210.ec2.internal","private_ip":"10.0.1.210","public_dns":"ec2-44-216-128-48.compute-1.amazonaws.com","public_ip":"44.216.128.48","public_ipv4_pool":"amazon","tags":{},"tags_all":{},"timeouts":null,"vpc":true},"sensitive_values":{"tags":{},"tags_all":{}}},{"address":"module.stage_vpc.module.vpc.aws_internet_gateway.n9n_ig","mode":"managed","type":"aws_internet_gateway","name":"n9n_ig","provider_name":"registry.terraform.io/hashicorp/aws","schema_version":0,"values":{"arn":"arn:aws:ec2:us-east-1:444171185861:internet-gateway/igw-0680e80773384969c","id":"igw-0680e80773384969c","owner_id":"444171185861","tags":{"Environment":"stage","Name":"stage-igw"},"tags_all":{"Environment":"stage","Name":"stage-igw"},"timeouts":null,"vpc_id":"vpc-0db007dc41ef7db54"},"sensitive_values":{"tags":{},"tags_all":{}}},{"address":"module.stage_vpc.module.vpc.aws_nat_gateway.n9n_nat_gw","mode":"managed","type":"aws_nat_gateway","name":"n9n_nat_gw","provider_name":"registry.terraform.io/hashicorp/aws","schema_version":0,"values":{"allocation_id":"eipalloc-04bfce424dbec9cf2","association_id":"eipassoc-07a3dced98ef6467a","connectivity_type":"public","id":"nat-0dcf19075e6d6a9e0","network_interface_id":"eni-0324c58245f364b50","private_ip":"10.0.1.210","public_ip":"44.216.128.48","subnet_id":"subnet-0f52877bf4c35e54c","tags":{"Environment":"stage","Name":"stage-nat"},"tags_all":{"Environment":"stage","Name":"stage-nat"}},"sensitive_values":{"tags":{},"tags_all":{}}},{"address":"module.stage_vpc.module.vpc.aws_route.private_nat_gateway","mode":"managed","type":"aws_route","name":"private_nat_gateway","provider_name":"registry.terraform.io/hashicorp/aws","schema_version":0,"values":{"carrier_gateway_id":"","core_network_arn":"","destination_cidr_block":"0.0.0.0/0","destination_ipv6_cidr_block":"","destination_prefix_list_id":"","egress_only_gateway_id":"","gateway_id":"","id":"r-rtb-05e5518d2199f1cd61080289494","instance_id":"","instance_owner_id":"","local_gateway_id":"","nat_gateway_id":"nat-0dcf19075e6d6a9e0","network_interface_id":"","origin":"CreateRoute","route_table_id":"rtb-05e5518d2199f1cd6","state":"active","timeouts":null,"transit_gateway_id":"","vpc_endpoint_id":"","vpc_peering_connection_id":""},"sensitive_values":{}},{"address":"module.stage_vpc.module.vpc.aws_route.public_internet_gateway","mode":"managed","type":"aws_route","name":"public_internet_gateway","provider_name":"registry.terraform.io/hashicorp/aws","schema_version":0,"values":{"carrier_gateway_id":"","core_network_arn":"","destination_cidr_block":"0.0.0.0/0","destination_ipv6_cidr_block":"","destination_prefix_list_id":"","egress_only_gateway_id":"","gateway_id":"igw-0680e80773384969c","id":"r-rtb-02884780c4cce730f1080289494","instance_id":"","instance_owner_id":"","local_gateway_id":"","nat_gateway_id":"","network_interface_id":"","origin":"CreateRoute","route_table_id":"rtb-02884780c4cce730f","state":"active","timeouts":null,"transit_gateway_id":"","vpc_endpoint_id":"","vpc_peering_connection_id":""},"sensitive_values":{}},{"address":"module.stage_vpc.module.vpc.aws_route_table.private","mode":"managed","type":"aws_route_table","name":"private","provider_name":"registry.terraform.io/hashicorp/aws","schema_version":0,"values":{"arn":"arn:aws:ec2:us-east-1:444171185861:route-table/rtb-05e5518d2199f1cd6","id":"rtb-05e5518d2199f1cd6","owner_id":"444171185861","propagating_vgws":[],"route":[{"carrier_gateway_id":"","cidr_block":"0.0.0.0/0","core_network_arn":"","destination_prefix_list_id":"","egress_only_gateway_id":"","gateway_id":"","instance_id":"","ipv6_cidr_block":"","local_gateway_id":"","nat_gateway_id":"nat-0dcf19075e6d6a9e0","network_interface_id":"","transit_gateway_id":"","vpc_endpoint_id":"","vpc_peering_connection_id":""}],"tags":{"Environment":"stage","Name":"stage-private-route-table"},"tags_all":{"Environment":"stage","Name":"stage-private-route-table"},"timeouts":null,"vpc_id":"vpc-0db007dc41ef7db54"},"sensitive_values":{"propagating_vgws":[],"route":[{}],"tags":{},"tags_all":{}}},{"address":"module.stage_vpc.module.vpc.aws_route_table.public","mode":"managed","type":"aws_route_table","name":"public","provider_name":"registry.terraform.io/hashicorp/aws","schema_version":0,"values":{"arn":"arn:aws:ec2:us-east-1:444171185861:route-table/rtb-02884780c4cce730f","id":"rtb-02884780c4cce730f","owner_id":"444171185861","propagating_vgws":[],"route":[{"carrier_gateway_id":"","cidr_block":"0.0.0.0/0","core_network_arn":"","destination_prefix_list_id":"","egress_only_gateway_id":"","gateway_id":"igw-0680e80773384969c","instance_id":"","ipv6_cidr_block":"","local_gateway_id":"","nat_gateway_id":"","network_interface_id":"","transit_gateway_id":"","vpc_endpoint_id":"","vpc_peering_connection_id":""}],"tags":{"Environment":"stage","Name":"stage-public-route-table"},"tags_all":{"Environment":"stage","Name":"stage-public-route-table"},"timeouts":null,"vpc_id":"vpc-0db007dc41ef7db54"},"sensitive_values":{"propagating_vgws":[],"route":[{}],"tags":{},"tags_all":{}}},{"address":"module.stage_vpc.module.vpc.aws_route_table_association.private[0]","mode":"managed","type":"aws_route_table_association","name":"private","index":0,"provider_name":"registry.terraform.io/hashicorp/aws","schema_version":0,"values":{"gateway_id":"","id":"rtbassoc-076cc22055bfbeaf6","route_table_id":"rtb-05e5518d2199f1cd6","subnet_id":"subnet-0ed5a2f4d9d0b10da","timeouts":null},"sensitive_values":{}},{"address":"module.stage_vpc.module.vpc.aws_route_table_association.public[0]","mode":"managed","type":"aws_route_table_association","name":"public","index":0,"provider_name":"registry.terraform.io/hashicorp/aws","schema_version":0,"values":{"gateway_id":"","id":"rtbassoc-08300b254505537ca","route_table_id":"rtb-02884780c4cce730f","subnet_id":"subnet-0f52877bf4c35e54c","timeouts":null},"sensitive_values":{}},{"address":"module.stage_vpc.module.vpc.aws_security_group.default","mode":"managed","type":"aws_security_group","name":"default","provider_name":"registry.terraform.io/hashicorp/aws","schema_version":1,"values":{"description":"Default security group to allow inbound/outbound from the VPC","egress":[{"cidr_blocks":[],"description":"","from_port":0,"ipv6_cidr_blocks":[],"prefix_list_ids":[],"protocol":"-1","security_groups":[],"self":true,"to_port":0}],"ingress":[{"cidr_blocks":[],"description":"","from_port":0,"ipv6_cidr_blocks":[],"prefix_list_ids":[],"protocol":"-1","security_groups":[],"self":true,"to_port":0}],"name":"stage-default-sg","revoke_rules_on_delete":false,"tags":{"Environment":"stage","Name":"stage-default-sg"},"tags_all":{"Environment":"stage","Name":"stage-default-sg"},"timeouts":null,"vpc_id":"vpc-0db007dc41ef7db54"},"sensitive_values":{"egress":[{"cidr_blocks":[],"ipv6_cidr_blocks":[],"prefix_list_ids":[],"security_groups":[]}],"ingress":[{"cidr_blocks":[],"ipv6_cidr_blocks":[],"prefix_list_ids":[],"security_groups":[]}],"tags":{},"tags_all":{}}},{"address":"module.stage_vpc.module.vpc.aws_subnet.private_subnet[0]","mode":"managed","type":"aws_subnet","name":"private_subnet","index":0,"provider_name":"registry.terraform.io/hashicorp/aws","schema_version":1,"values":{"arn":"arn:aws:ec2:us-east-1:444171185861:subnet/subnet-0ed5a2f4d9d0b10da","assign_ipv6_address_on_creation":false,"availability_zone":"us-east-1a","availability_zone_id":"use1-az4","cidr_block":"10.0.10.0/24","customer_owned_ipv4_pool":"","enable_dns64":false,"enable_lni_at_device_index":0,"enable_resource_name_dns_a_record_on_launch":false,"enable_resource_name_dns_aaaa_record_on_launch":false,"id":"subnet-0ed5a2f4d9d0b10da","ipv6_cidr_block":"","ipv6_cidr_block_association_id":"","ipv6_native":false,"map_customer_owned_ip_on_launch":false,"map_public_ip_on_launch":false,"outpost_arn":"","owner_id":"444171185861","private_dns_hostname_type_on_launch":"ip-name","tags":{"Environment":"stage","Name":"stage-us-east-1a-private-subnet"},"tags_all":{"Environment":"stage","Name":"stage-us-east-1a-private-subnet"},"timeouts":null,"vpc_id":"vpc-0db007dc41ef7db54"},"sensitive_values":{"tags":{},"tags_all":{}}},{"address":"module.stage_vpc.module.vpc.aws_subnet.public_subnet[0]","mode":"managed","type":"aws_subnet","name":"public_subnet","index":0,"provider_name":"registry.terraform.io/hashicorp/aws","schema_version":1,"values":{"arn":"arn:aws:ec2:us-east-1:444171185861:subnet/subnet-0f52877bf4c35e54c","assign_ipv6_address_on_creation":false,"availability_zone":"us-east-1a","availability_zone_id":"use1-az4","cidr_block":"10.0.1.0/24","customer_owned_ipv4_pool":"","enable_dns64":false,"enable_lni_at_device_index":0,"enable_resource_name_dns_a_record_on_launch":false,"enable_resource_name_dns_aaaa_record_on_launch":false,"id":"subnet-0f52877bf4c35e54c","ipv6_cidr_block":"","ipv6_cidr_block_association_id":"","ipv6_native":false,"map_customer_owned_ip_on_launch":false,"map_public_ip_on_launch":true,"outpost_arn":"","owner_id":"444171185861","private_dns_hostname_type_on_launch":"ip-name","tags":{"Environment":"stage","Name":"stage-us-east-1a-public-subnet"},"tags_all":{"Environment":"stage","Name":"stage-us-east-1a-public-subnet"},"timeouts":null,"vpc_id":"vpc-0db007dc41ef7db54"},"sensitive_values":{"tags":{},"tags_all":{}}},{"address":"module.stage_vpc.module.vpc.aws_vpc.n9n_vpc","mode":"managed","type":"aws_vpc","name":"n9n_vpc","provider_name":"registry.terraform.io/hashicorp/aws","schema_version":1,"values":{"arn":"arn:aws:ec2:us-east-1:444171185861:vpc/vpc-0db007dc41ef7db54","assign_generated_ipv6_cidr_block":false,"cidr_block":"10.0.0.0/16","default_network_acl_id":"acl-00dff01837010c6d1","default_route_table_id":"rtb-04ca3c953118dc80d","default_security_group_id":"sg-0bb079c8355bbddbe","dhcp_options_id":"dopt-0f5f0ed3bbd38b703","enable_classiclink":false,"enable_classiclink_dns_support":false,"enable_dns_hostnames":true,"enable_dns_support":true,"enable_network_address_usage_metrics":false,"id":"vpc-0db007dc41ef7db54","instance_tenancy":"default","ipv4_ipam_pool_id":null,"ipv4_netmask_length":null,"ipv6_association_id":"","ipv6_cidr_block":"","ipv6_cidr_block_network_border_group":"","ipv6_ipam_pool_id":"","ipv6_netmask_length":0,"main_route_table_id":"rtb-04ca3c953118dc80d","owner_id":"444171185861","tags":{"Environment":"stage","Name":"stage-vpc"},"tags_all":{"Environment":"stage","Name":"stage-vpc"}},"sensitive_values":{"tags":{},"tags_all":{}}}],"address":"module.stage_vpc.module.vpc"}]}]}},"resource_drift":[{"address":"module.prod_vpc.module.vpc.aws_eip.n9n_nat_eip","module_address":"module.prod_vpc.module.vpc","mode":"managed","type":"aws_eip","name":"n9n_nat_eip","provider_name":"registry.terraform.io/hashicorp/aws","change":{"actions":["update"],"before":{"address":null,"allocation_id":"eipalloc-0935fe93ca6824071","associate_with_private_ip":null,"association_id":"","carrier_ip":"","customer_owned_ip":"","customer_owned_ipv4_pool":"","domain":"vpc","id":"eipalloc-0935fe93ca6824071","instance":"","network_border_group":"us-east-1","network_interface":"","private_dns":null,"private_ip":"","public_dns":"ec2-34-196-65-169.compute-1.amazonaws.com","public_ip":"34.196.65.169","public_ipv4_pool":"amazon","tags":null,"tags_all":{},"timeouts":null,"vpc":true},"after":{"address":null,"allocation_id":"eipalloc-0935fe93ca6824071","associate_with_private_ip":null,"association_id":"eipassoc-0dce71659e07a526d","carrier_ip":"","customer_owned_ip":"","customer_owned_ipv4_pool":"","domain":"vpc","id":"eipalloc-0935fe93ca6824071","instance":"","network_border_group":"us-east-1","network_interface":"eni-0c20bf97e4196b2c1","private_dns":"ip-10-0-1-177.ec2.internal","private_ip":"10.0.1.177","public_dns":"ec2-34-196-65-169.compute-1.amazonaws.com","public_ip":"34.196.65.169","public_ipv4_pool":"amazon","tags":{},"tags_all":{},"timeouts":null,"vpc":true},"after_unknown":{},"before_sensitive":{"tags_all":{}},"after_sensitive":{"tags":{},"tags_all":{}}}},{"address":"module.prod_vpc.module.vpc.aws_route_table.private","module_address":"module.prod_vpc.module.vpc","mode":"managed","type":"aws_route_table","name":"private","provider_name":"registry.terraform.io/hashicorp/aws","change":{"actions":["update"],"before":{"arn":"arn:aws:ec2:us-east-1:444171185861:route-table/rtb-0b94111dcfaca0bb7","id":"rtb-0b94111dcfaca0bb7","owner_id":"444171185861","propagating_vgws":[],"route":[],"tags":{"Environment":"dev","Name":"dev-private-route-table"},"tags_all":{"Environment":"dev","Name":"dev-private-route-table"},"timeouts":null,"vpc_id":"vpc-089a9617aef708250"},"after":{"arn":"arn:aws:ec2:us-east-1:444171185861:route-table/rtb-0b94111dcfaca0bb7","id":"rtb-0b94111dcfaca0bb7","owner_id":"444171185861","propagating_vgws":[],"route":[{"carrier_gateway_id":"","cidr_block":"0.0.0.0/0","core_network_arn":"","destination_prefix_list_id":"","egress_only_gateway_id":"","gateway_id":"","instance_id":"","ipv6_cidr_block":"","local_gateway_id":"","nat_gateway_id":"nat-0c6abdd1c85bad328","network_interface_id":"","transit_gateway_id":"","vpc_endpoint_id":"","vpc_peering_connection_id":""}],"tags":{"Environment":"dev","Name":"dev-private-route-table"},"tags_all":{"Environment":"dev","Name":"dev-private-route-table"},"timeouts":null,"vpc_id":"vpc-089a9617aef708250"},"after_unknown":{},"before_sensitive":{"propagating_vgws":[],"route":[],"tags":{},"tags_all":{}},"after_sensitive":{"propagating_vgws":[],"route":[{}],"tags":{},"tags_all":{}}}},{"address":"module.prod_vpc.module.vpc.aws_route_table.public","module_address":"module.prod_vpc.module.vpc","mode":"managed","type":"aws_route_table","name":"public","provider_name":"registry.terraform.io/hashicorp/aws","change":{"actions":["update"],"before":{"arn":"arn:aws:ec2:us-east-1:444171185861:route-table/rtb-0b5e0bb2c637c1ac6","id":"rtb-0b5e0bb2c637c1ac6","owner_id":"444171185861","propagating_vgws":[],"route":[],"tags":{"Environment":"dev","Name":"dev-public-route-table"},"tags_all":{"Environment":"dev","Name":"dev-public-route-table"},"timeouts":null,"vpc_id":"vpc-089a9617aef708250"},"after":{"arn":"arn:aws:ec2:us-east-1:444171185861:route-table/rtb-0b5e0bb2c637c1ac6","id":"rtb-0b5e0bb2c637c1ac6","owner_id":"444171185861","propagating_vgws":[],"route":[{"carrier_gateway_id":"","cidr_block":"0.0.0.0/0","core_network_arn":"","destination_prefix_list_id":"","egress_only_gateway_id":"","gateway_id":"igw-09629a267416a4576","instance_id":"","ipv6_cidr_block":"","local_gateway_id":"","nat_gateway_id":"","network_interface_id":"","transit_gateway_id":"","vpc_endpoint_id":"","vpc_peering_connection_id":""}],"tags":{"Environment":"dev","Name":"dev-public-route-table"},"tags_all":{"Environment":"dev","Name":"dev-public-route-table"},"timeouts":null,"vpc_id":"vpc-089a9617aef708250"},"after_unknown":{},"before_sensitive":{"propagating_vgws":[],"route":[],"tags":{},"tags_all":{}},"after_sensitive":{"propagating_vgws":[],"route":[{}],"tags":{},"tags_all":{}}}},{"address":"module.stage_vpc.module.vpc.aws_eip.n9n_nat_eip","module_address":"module.stage_vpc.module.vpc","mode":"managed","type":"aws_eip","name":"n9n_nat_eip","provider_name":"registry.terraform.io/hashicorp/aws","change":{"actions":["update"],"before":{"address":null,"allocation_id":"eipalloc-04bfce424dbec9cf2","associate_with_private_ip":null,"association_id":"","carrier_ip":"","customer_owned_ip":"","customer_owned_ipv4_pool":"","domain":"vpc","id":"eipalloc-04bfce424dbec9cf2","instance":"","network_border_group":"us-east-1","network_interface":"","private_dns":null,"private_ip":"","public_dns":"ec2-44-216-128-48.compute-1.amazonaws.com","public_ip":"44.216.128.48","public_ipv4_pool":"amazon","tags":null,"tags_all":{},"timeouts":null,"vpc":true},"after":{"address":null,"allocation_id":"eipalloc-04bfce424dbec9cf2","associate_with_private_ip":null,"association_id":"eipassoc-07a3dced98ef6467a","carrier_ip":"","customer_owned_ip":"","customer_owned_ipv4_pool":"","domain":"vpc","id":"eipalloc-04bfce424dbec9cf2","instance":"","network_border_group":"us-east-1","network_interface":"eni-0324c58245f364b50","private_dns":"ip-10-0-1-210.ec2.internal","private_ip":"10.0.1.210","public_dns":"ec2-44-216-128-48.compute-1.amazonaws.com","public_ip":"44.216.128.48","public_ipv4_pool":"amazon","tags":{},"tags_all":{},"timeouts":null,"vpc":true},"after_unknown":{},"before_sensitive":{"tags_all":{}},"after_sensitive":{"tags":{},"tags_all":{}}}},{"address":"module.stage_vpc.module.vpc.aws_route_table.private","module_address":"module.stage_vpc.module.vpc","mode":"managed","type":"aws_route_table","name":"private","provider_name":"registry.terraform.io/hashicorp/aws","change":{"actions":["update"],"before":{"arn":"arn:aws:ec2:us-east-1:444171185861:route-table/rtb-05e5518d2199f1cd6","id":"rtb-05e5518d2199f1cd6","owner_id":"444171185861","propagating_vgws":[],"route":[],"tags":{"Environment":"dev","Name":"dev-private-route-table"},"tags_all":{"Environment":"dev","Name":"dev-private-route-table"},"timeouts":null,"vpc_id":"vpc-0db007dc41ef7db54"},"after":{"arn":"arn:aws:ec2:us-east-1:444171185861:route-table/rtb-05e5518d2199f1cd6","id":"rtb-05e5518d2199f1cd6","owner_id":"444171185861","propagating_vgws":[],"route":[{"carrier_gateway_id":"","cidr_block":"0.0.0.0/0","core_network_arn":"","destination_prefix_list_id":"","egress_only_gateway_id":"","gateway_id":"","instance_id":"","ipv6_cidr_block":"","local_gateway_id":"","nat_gateway_id":"nat-0dcf19075e6d6a9e0","network_interface_id":"","transit_gateway_id":"","vpc_endpoint_id":"","vpc_peering_connection_id":""}],"tags":{"Environment":"dev","Name":"dev-private-route-table"},"tags_all":{"Environment":"dev","Name":"dev-private-route-table"},"timeouts":null,"vpc_id":"vpc-0db007dc41ef7db54"},"after_unknown":{},"before_sensitive":{"propagating_vgws":[],"route":[],"tags":{},"tags_all":{}},"after_sensitive":{"propagating_vgws":[],"route":[{}],"tags":{},"tags_all":{}}}},{"address":"module.stage_vpc.module.vpc.aws_route_table.public","module_address":"module.stage_vpc.module.vpc","mode":"managed","type":"aws_route_table","name":"public","provider_name":"registry.terraform.io/hashicorp/aws","change":{"actions":["update"],"before":{"arn":"arn:aws:ec2:us-east-1:444171185861:route-table/rtb-02884780c4cce730f","id":"rtb-02884780c4cce730f","owner_id":"444171185861","propagating_vgws":[],"route":[],"tags":{"Environment":"dev","Name":"dev-public-route-table"},"tags_all":{"Environment":"dev","Name":"dev-public-route-table"},"timeouts":null,"vpc_id":"vpc-0db007dc41ef7db54"},"after":{"arn":"arn:aws:ec2:us-east-1:444171185861:route-table/rtb-02884780c4cce730f","id":"rtb-02884780c4cce730f","owner_id":"444171185861","propagating_vgws":[],"route":[{"carrier_gateway_id":"","cidr_block":"0.0.0.0/0","core_network_arn":"","destination_prefix_list_id":"","egress_only_gateway_id":"","gateway_id":"igw-0680e80773384969c","instance_id":"","ipv6_cidr_block":"","local_gateway_id":"","nat_gateway_id":"","network_interface_id":"","transit_gateway_id":"","vpc_endpoint_id":"","vpc_peering_connection_id":""}],"tags":{"Environment":"dev","Name":"dev-public-route-table"},"tags_all":{"Environment":"dev","Name":"dev-public-route-table"},"timeouts":null,"vpc_id":"vpc-0db007dc41ef7db54"},"after_unknown":{},"before_sensitive":{"propagating_vgws":[],"route":[],"tags":{},"tags_all":{}},"after_sensitive":{"propagating_vgws":[],"route":[{}],"tags":{},"tags_all":{}}}}],"resource_changes":[{"address":"aws_dynamodb_table.tf-state-lock","mode":"managed","type":"aws_dynamodb_table","name":"tf-state-lock","provider_name":"registry.terraform.io/hashicorp/aws","change":{"actions":["no-op"],"before":{"arn":"arn:aws:dynamodb:us-east-1:444171185861:table/tf_state_lock","attribute":[{"name":"LockID","type":"S"}],"billing_mode":"PROVISIONED","deletion_protection_enabled":false,"global_secondary_index":[],"hash_key":"LockID","id":"tf_state_lock","local_secondary_index":[],"name":"tf_state_lock","point_in_time_recovery":[{"enabled":false}],"range_key":null,"read_capacity":5,"replica":[],"restore_date_time":null,"restore_source_name":null,"restore_to_latest_time":null,"server_side_encryption":[],"stream_arn":"","stream_enabled":false,"stream_label":"","stream_view_type":"","table_class":"STANDARD","tags":{"Name":"Dynamodb Terraform State Lock Table"},"tags_all":{"Name":"Dynamodb Terraform State Lock Table"},"timeouts":null,"ttl":[{"attribute_name":"","enabled":false}],"write_capacity":5},"after":{"arn":"arn:aws:dynamodb:us-east-1:444171185861:table/tf_state_lock","attribute":[{"name":"LockID","type":"S"}],"billing_mode":"PROVISIONED","deletion_protection_enabled":false,"global_secondary_index":[],"hash_key":"LockID","id":"tf_state_lock","local_secondary_index":[],"name":"tf_state_lock","point_in_time_recovery":[{"enabled":false}],"range_key":null,"read_capacity":5,"replica":[],"restore_date_time":null,"restore_source_name":null,"restore_to_latest_time":null,"server_side_encryption":[],"stream_arn":"","stream_enabled":false,"stream_label":"","stream_view_type":"","table_class":"STANDARD","tags":{"Name":"Dynamodb Terraform State Lock Table"},"tags_all":{"Name":"Dynamodb Terraform State Lock Table"},"timeouts":null,"ttl":[{"attribute_name":"","enabled":false}],"write_capacity":5},"after_unknown":{},"before_sensitive":{"attribute":[{}],"global_secondary_index":[],"local_secondary_index":[],"point_in_time_recovery":[{}],"replica":[],"server_side_encryption":[],"tags":{},"tags_all":{},"ttl":[{}]},"after_sensitive":{"attribute":[{}],"global_secondary_index":[],"local_secondary_index":[],"point_in_time_recovery":[{}],"replica":[],"server_side_encryption":[],"tags":{},"tags_all":{},"ttl":[{}]}}},{"address":"aws_kms_key.s3-kms-key","mode":"managed","type":"aws_kms_key","name":"s3-kms-key","provider_name":"registry.terraform.io/hashicorp/aws","change":{"actions":["no-op"],"before":{"arn":"arn:aws:kms:us-east-1:444171185861:key/3ebfdad6-08b6-46e3-83e6-caf1e8d9c004","bypass_policy_lockout_safety_check":false,"custom_key_store_id":"","customer_master_key_spec":"SYMMETRIC_DEFAULT","deletion_window_in_days":null,"description":"Use this key to encrypt S3 buckets","enable_key_rotation":false,"id":"3ebfdad6-08b6-46e3-83e6-caf1e8d9c004","is_enabled":true,"key_id":"3ebfdad6-08b6-46e3-83e6-caf1e8d9c004","key_usage":"ENCRYPT_DECRYPT","multi_region":false,"policy":"{\"Id\":\"key-default-1\",\"Statement\":[{\"Action\":\"kms:*\",\"Effect\":\"Allow\",\"Principal\":{\"AWS\":\"arn:aws:iam::444171185861:root\"},\"Resource\":\"*\",\"Sid\":\"Enable IAM User Permissions\"}],\"Version\":\"2012-10-17\"}","tags":{},"tags_all":{}},"after":{"arn":"arn:aws:kms:us-east-1:444171185861:key/3ebfdad6-08b6-46e3-83e6-caf1e8d9c004","bypass_policy_lockout_safety_check":false,"custom_key_store_id":"","customer_master_key_spec":"SYMMETRIC_DEFAULT","deletion_window_in_days":null,"description":"Use this key to encrypt S3 buckets","enable_key_rotation":false,"id":"3ebfdad6-08b6-46e3-83e6-caf1e8d9c004","is_enabled":true,"key_id":"3ebfdad6-08b6-46e3-83e6-caf1e8d9c004","key_usage":"ENCRYPT_DECRYPT","multi_region":false,"policy":"{\"Id\":\"key-default-1\",\"Statement\":[{\"Action\":\"kms:*\",\"Effect\":\"Allow\",\"Principal\":{\"AWS\":\"arn:aws:iam::444171185861:root\"},\"Resource\":\"*\",\"Sid\":\"Enable IAM User Permissions\"}],\"Version\":\"2012-10-17\"}","tags":{},"tags_all":{}},"after_unknown":{},"before_sensitive":{"tags":{},"tags_all":{}},"after_sensitive":{"tags":{},"tags_all":{}}}},{"address":"aws_s3_bucket.s3-tf-bucket","mode":"managed","type":"aws_s3_bucket","name":"s3-tf-bucket","provider_name":"registry.terraform.io/hashicorp/aws","change":{"actions":["no-op"],"before":{"acceleration_status":"","acl":null,"arn":"arn:aws:s3:::n9n-s3-state-220523","bucket":"n9n-s3-state-220523","bucket_domain_name":"n9n-s3-state-220523.s3.amazonaws.com","bucket_prefix":"","bucket_regional_domain_name":"n9n-s3-state-220523.s3.amazonaws.com","cors_rule":[],"force_destroy":false,"grant":[{"id":"d4c96d64b817c34d7e0364b4656b90078c77cc3dee87748e03a9bcc6a12f13b2","permissions":["FULL_CONTROL"],"type":"CanonicalUser","uri":""}],"hosted_zone_id":"Z3AQBSTGFYJSTF","id":"n9n-s3-state-220523","lifecycle_rule":[],"logging":[],"object_lock_configuration":[],"object_lock_enabled":false,"policy":"","region":"us-east-1","replication_configuration":[],"request_payer":"BucketOwner","server_side_encryption_configuration":[{"rule":[{"apply_server_side_encryption_by_default":[{"kms_master_key_id":"arn:aws:kms:us-east-1:444171185861:key/3ebfdad6-08b6-46e3-83e6-caf1e8d9c004","sse_algorithm":"aws:kms"}],"bucket_key_enabled":false}]}],"tags":{"Environment":"Prod","Name":"S3 Remote Terraform State Bucket"},"tags_all":{"Environment":"Prod","Name":"S3 Remote Terraform State Bucket"},"timeouts":null,"versioning":[{"enabled":true,"mfa_delete":false}],"website":[],"website_domain":null,"website_endpoint":null},"after":{"acceleration_status":"","acl":null,"arn":"arn:aws:s3:::n9n-s3-state-220523","bucket":"n9n-s3-state-220523","bucket_domain_name":"n9n-s3-state-220523.s3.amazonaws.com","bucket_prefix":"","bucket_regional_domain_name":"n9n-s3-state-220523.s3.amazonaws.com","cors_rule":[],"force_destroy":false,"grant":[{"id":"d4c96d64b817c34d7e0364b4656b90078c77cc3dee87748e03a9bcc6a12f13b2","permissions":["FULL_CONTROL"],"type":"CanonicalUser","uri":""}],"hosted_zone_id":"Z3AQBSTGFYJSTF","id":"n9n-s3-state-220523","lifecycle_rule":[],"logging":[],"object_lock_configuration":[],"object_lock_enabled":false,"policy":"","region":"us-east-1","replication_configuration":[],"request_payer":"BucketOwner","server_side_encryption_configuration":[{"rule":[{"apply_server_side_encryption_by_default":[{"kms_master_key_id":"arn:aws:kms:us-east-1:444171185861:key/3ebfdad6-08b6-46e3-83e6-caf1e8d9c004","sse_algorithm":"aws:kms"}],"bucket_key_enabled":false}]}],"tags":{"Environment":"Prod","Name":"S3 Remote Terraform State Bucket"},"tags_all":{"Environment":"Prod","Name":"S3 Remote Terraform State Bucket"},"timeouts":null,"versioning":[{"enabled":true,"mfa_delete":false}],"website":[],"website_domain":null,"website_endpoint":null},"after_unknown":{},"before_sensitive":{"cors_rule":[],"grant":[{"permissions":[false]}],"lifecycle_rule":[],"logging":[],"object_lock_configuration":[],"replication_configuration":[],"server_side_encryption_configuration":[{"rule":[{"apply_server_side_encryption_by_default":[{}]}]}],"tags":{},"tags_all":{},"versioning":[{}],"website":[]},"after_sensitive":{"cors_rule":[],"grant":[{"permissions":[false]}],"lifecycle_rule":[],"logging":[],"object_lock_configuration":[],"replication_configuration":[],"server_side_encryption_configuration":[{"rule":[{"apply_server_side_encryption_by_default":[{}]}]}],"tags":{},"tags_all":{},"versioning":[{}],"website":[]}}},{"address":"aws_s3_bucket_acl.s3-tf-state-bucket-acl","mode":"managed","type":"aws_s3_bucket_acl","name":"s3-tf-state-bucket-acl","provider_name":"registry.terraform.io/hashicorp/aws","change":{"actions":["no-op"],"before":{"access_control_policy":[{"grant":[{"grantee":[{"display_name":"admin-aws","email_address":"","id":"d4c96d64b817c34d7e0364b4656b90078c77cc3dee87748e03a9bcc6a12f13b2","type":"CanonicalUser","uri":""}],"permission":"FULL_CONTROL"}],"owner":[{"display_name":"admin-aws","id":"d4c96d64b817c34d7e0364b4656b90078c77cc3dee87748e03a9bcc6a12f13b2"}]}],"acl":"private","bucket":"n9n-s3-state-220523","expected_bucket_owner":"","id":"n9n-s3-state-220523,private"},"after":{"access_control_policy":[{"grant":[{"grantee":[{"display_name":"admin-aws","email_address":"","id":"d4c96d64b817c34d7e0364b4656b90078c77cc3dee87748e03a9bcc6a12f13b2","type":"CanonicalUser","uri":""}],"permission":"FULL_CONTROL"}],"owner":[{"display_name":"admin-aws","id":"d4c96d64b817c34d7e0364b4656b90078c77cc3dee87748e03a9bcc6a12f13b2"}]}],"acl":"private","bucket":"n9n-s3-state-220523","expected_bucket_owner":"","id":"n9n-s3-state-220523,private"},"after_unknown":{},"before_sensitive":{"access_control_policy":[{"grant":[{"grantee":[{}]}],"owner":[{}]}]},"after_sensitive":{"access_control_policy":[{"grant":[{"grantee":[{}]}],"owner":[{}]}]}}},{"address":"aws_s3_bucket_public_access_block.s3-pub-block","mode":"managed","type":"aws_s3_bucket_public_access_block","name":"s3-pub-block","provider_name":"registry.terraform.io/hashicorp/aws","change":{"actions":["no-op"],"before":{"block_public_acls":true,"block_public_policy":true,"bucket":"n9n-s3-state-220523","id":"n9n-s3-state-220523","ignore_public_acls":true,"restrict_public_buckets":true},"after":{"block_public_acls":true,"block_public_policy":true,"bucket":"n9n-s3-state-220523","id":"n9n-s3-state-220523","ignore_public_acls":true,"restrict_public_buckets":true},"after_unknown":{},"before_sensitive":{},"after_sensitive":{}}},{"address":"aws_s3_bucket_server_side_encryption_configuration.s3-sse-config","mode":"managed","type":"aws_s3_bucket_server_side_encryption_configuration","name":"s3-sse-config","provider_name":"registry.terraform.io/hashicorp/aws","change":{"actions":["no-op"],"before":{"bucket":"n9n-s3-state-220523","expected_bucket_owner":"","id":"n9n-s3-state-220523","rule":[{"apply_server_side_encryption_by_default":[{"kms_master_key_id":"arn:aws:kms:us-east-1:444171185861:key/3ebfdad6-08b6-46e3-83e6-caf1e8d9c004","sse_algorithm":"aws:kms"}],"bucket_key_enabled":false}]},"after":{"bucket":"n9n-s3-state-220523","expected_bucket_owner":"","id":"n9n-s3-state-220523","rule":[{"apply_server_side_encryption_by_default":[{"kms_master_key_id":"arn:aws:kms:us-east-1:444171185861:key/3ebfdad6-08b6-46e3-83e6-caf1e8d9c004","sse_algorithm":"aws:kms"}],"bucket_key_enabled":false}]},"after_unknown":{},"before_sensitive":{"rule":[{"apply_server_side_encryption_by_default":[{}]}]},"after_sensitive":{"rule":[{"apply_server_side_encryption_by_default":[{}]}]}}},{"address":"aws_s3_bucket_versioning.s3-tf-bucket-versioning","mode":"managed","type":"aws_s3_bucket_versioning","name":"s3-tf-bucket-versioning","provider_name":"registry.terraform.io/hashicorp/aws","change":{"actions":["no-op"],"before":{"bucket":"n9n-s3-state-220523","expected_bucket_owner":"","id":"n9n-s3-state-220523","mfa":null,"versioning_configuration":[{"mfa_delete":"","status":"Enabled"}]},"after":{"bucket":"n9n-s3-state-220523","expected_bucket_owner":"","id":"n9n-s3-state-220523","mfa":null,"versioning_configuration":[{"mfa_delete":"","status":"Enabled"}]},"after_unknown":{},"before_sensitive":{"versioning_configuration":[{}]},"after_sensitive":{"versioning_configuration":[{}]}}},{"address":"module.dev_vpc.module.vpc.aws_eip.n9n_nat_eip","module_address":"module.dev_vpc.module.vpc","mode":"managed","type":"aws_eip","name":"n9n_nat_eip","provider_name":"registry.terraform.io/hashicorp/aws","change":{"actions":["no-op"],"before":{"address":null,"allocation_id":"eipalloc-001f842189e1f930a","associate_with_private_ip":null,"association_id":"eipassoc-0b72c72ce9dbb6c70","carrier_ip":"","customer_owned_ip":"","customer_owned_ipv4_pool":"","domain":"vpc","id":"eipalloc-001f842189e1f930a","instance":"","network_border_group":"us-east-1","network_interface":"eni-04e6ad75805323268","private_dns":"ip-10-0-1-47.ec2.internal","private_ip":"10.0.1.47","public_dns":"ec2-54-175-233-149.compute-1.amazonaws.com","public_ip":"54.175.233.149","public_ipv4_pool":"amazon","tags":{},"tags_all":{},"timeouts":null,"vpc":true},"after":{"address":null,"allocation_id":"eipalloc-001f842189e1f930a","associate_with_private_ip":null,"association_id":"eipassoc-0b72c72ce9dbb6c70","carrier_ip":"","customer_owned_ip":"","customer_owned_ipv4_pool":"","domain":"vpc","id":"eipalloc-001f842189e1f930a","instance":"","network_border_group":"us-east-1","network_interface":"eni-04e6ad75805323268","private_dns":"ip-10-0-1-47.ec2.internal","private_ip":"10.0.1.47","public_dns":"ec2-54-175-233-149.compute-1.amazonaws.com","public_ip":"54.175.233.149","public_ipv4_pool":"amazon","tags":{},"tags_all":{},"timeouts":null,"vpc":true},"after_unknown":{},"before_sensitive":{"tags":{},"tags_all":{}},"after_sensitive":{"tags":{},"tags_all":{}}}},{"address":"module.dev_vpc.module.vpc.aws_internet_gateway.n9n_ig","module_address":"module.dev_vpc.module.vpc","mode":"managed","type":"aws_internet_gateway","name":"n9n_ig","provider_name":"registry.terraform.io/hashicorp/aws","change":{"actions":["no-op"],"before":{"arn":"arn:aws:ec2:us-east-1:444171185861:internet-gateway/igw-016d54fc87a6cb779","id":"igw-016d54fc87a6cb779","owner_id":"444171185861","tags":{"Environment":"dev","Name":"dev-igw"},"tags_all":{"Environment":"dev","Name":"dev-igw"},"timeouts":null,"vpc_id":"vpc-05c8af84715ad862a"},"after":{"arn":"arn:aws:ec2:us-east-1:444171185861:internet-gateway/igw-016d54fc87a6cb779","id":"igw-016d54fc87a6cb779","owner_id":"444171185861","tags":{"Environment":"dev","Name":"dev-igw"},"tags_all":{"Environment":"dev","Name":"dev-igw"},"timeouts":null,"vpc_id":"vpc-05c8af84715ad862a"},"after_unknown":{},"before_sensitive":{"tags":{},"tags_all":{}},"after_sensitive":{"tags":{},"tags_all":{}}}},{"address":"module.dev_vpc.module.vpc.aws_nat_gateway.n9n_nat_gw","module_address":"module.dev_vpc.module.vpc","mode":"managed","type":"aws_nat_gateway","name":"n9n_nat_gw","provider_name":"registry.terraform.io/hashicorp/aws","change":{"actions":["no-op"],"before":{"allocation_id":"eipalloc-001f842189e1f930a","association_id":"eipassoc-0b72c72ce9dbb6c70","connectivity_type":"public","id":"nat-0433ec27e259a40de","network_interface_id":"eni-04e6ad75805323268","private_ip":"10.0.1.47","public_ip":"54.175.233.149","subnet_id":"subnet-0f0a7129fb658f9ad","tags":{"Environment":"dev","Name":"dev-nat"},"tags_all":{"Environment":"dev","Name":"dev-nat"}},"after":{"allocation_id":"eipalloc-001f842189e1f930a","association_id":"eipassoc-0b72c72ce9dbb6c70","connectivity_type":"public","id":"nat-0433ec27e259a40de","network_interface_id":"eni-04e6ad75805323268","private_ip":"10.0.1.47","public_ip":"54.175.233.149","subnet_id":"subnet-0f0a7129fb658f9ad","tags":{"Environment":"dev","Name":"dev-nat"},"tags_all":{"Environment":"dev","Name":"dev-nat"}},"after_unknown":{},"before_sensitive":{"tags":{},"tags_all":{}},"after_sensitive":{"tags":{},"tags_all":{}}}},{"address":"module.dev_vpc.module.vpc.aws_route.private_nat_gateway","module_address":"module.dev_vpc.module.vpc","mode":"managed","type":"aws_route","name":"private_nat_gateway","provider_name":"registry.terraform.io/hashicorp/aws","change":{"actions":["no-op"],"before":{"carrier_gateway_id":"","core_network_arn":"","destination_cidr_block":"0.0.0.0/0","destination_ipv6_cidr_block":"","destination_prefix_list_id":"","egress_only_gateway_id":"","gateway_id":"","id":"r-rtb-09c72a3f8852d80281080289494","instance_id":"","instance_owner_id":"","local_gateway_id":"","nat_gateway_id":"nat-0433ec27e259a40de","network_interface_id":"","origin":"CreateRoute","route_table_id":"rtb-09c72a3f8852d8028","state":"active","timeouts":null,"transit_gateway_id":"","vpc_endpoint_id":"","vpc_peering_connection_id":""},"after":{"carrier_gateway_id":"","core_network_arn":"","destination_cidr_block":"0.0.0.0/0","destination_ipv6_cidr_block":"","destination_prefix_list_id":"","egress_only_gateway_id":"","gateway_id":"","id":"r-rtb-09c72a3f8852d80281080289494","instance_id":"","instance_owner_id":"","local_gateway_id":"","nat_gateway_id":"nat-0433ec27e259a40de","network_interface_id":"","origin":"CreateRoute","route_table_id":"rtb-09c72a3f8852d8028","state":"active","timeouts":null,"transit_gateway_id":"","vpc_endpoint_id":"","vpc_peering_connection_id":""},"after_unknown":{},"before_sensitive":{},"after_sensitive":{}}},{"address":"module.dev_vpc.module.vpc.aws_route.public_internet_gateway","module_address":"module.dev_vpc.module.vpc","mode":"managed","type":"aws_route","name":"public_internet_gateway","provider_name":"registry.terraform.io/hashicorp/aws","change":{"actions":["no-op"],"before":{"carrier_gateway_id":"","core_network_arn":"","destination_cidr_block":"0.0.0.0/0","destination_ipv6_cidr_block":"","destination_prefix_list_id":"","egress_only_gateway_id":"","gateway_id":"igw-016d54fc87a6cb779","id":"r-rtb-037ee04ee10c1710f1080289494","instance_id":"","instance_owner_id":"","local_gateway_id":"","nat_gateway_id":"","network_interface_id":"","origin":"CreateRoute","route_table_id":"rtb-037ee04ee10c1710f","state":"active","timeouts":null,"transit_gateway_id":"","vpc_endpoint_id":"","vpc_peering_connection_id":""},"after":{"carrier_gateway_id":"","core_network_arn":"","destination_cidr_block":"0.0.0.0/0","destination_ipv6_cidr_block":"","destination_prefix_list_id":"","egress_only_gateway_id":"","gateway_id":"igw-016d54fc87a6cb779","id":"r-rtb-037ee04ee10c1710f1080289494","instance_id":"","instance_owner_id":"","local_gateway_id":"","nat_gateway_id":"","network_interface_id":"","origin":"CreateRoute","route_table_id":"rtb-037ee04ee10c1710f","state":"active","timeouts":null,"transit_gateway_id":"","vpc_endpoint_id":"","vpc_peering_connection_id":""},"after_unknown":{},"before_sensitive":{},"after_sensitive":{}}},{"address":"module.dev_vpc.module.vpc.aws_route_table.private","module_address":"module.dev_vpc.module.vpc","mode":"managed","type":"aws_route_table","name":"private","provider_name":"registry.terraform.io/hashicorp/aws","change":{"actions":["no-op"],"before":{"arn":"arn:aws:ec2:us-east-1:444171185861:route-table/rtb-09c72a3f8852d8028","id":"rtb-09c72a3f8852d8028","owner_id":"444171185861","propagating_vgws":[],"route":[{"carrier_gateway_id":"","cidr_block":"0.0.0.0/0","core_network_arn":"","destination_prefix_list_id":"","egress_only_gateway_id":"","gateway_id":"","instance_id":"","ipv6_cidr_block":"","local_gateway_id":"","nat_gateway_id":"nat-0433ec27e259a40de","network_interface_id":"","transit_gateway_id":"","vpc_endpoint_id":"","vpc_peering_connection_id":""}],"tags":{"Environment":"dev","Name":"dev-private-route-table"},"tags_all":{"Environment":"dev","Name":"dev-private-route-table"},"timeouts":null,"vpc_id":"vpc-05c8af84715ad862a"},"after":{"arn":"arn:aws:ec2:us-east-1:444171185861:route-table/rtb-09c72a3f8852d8028","id":"rtb-09c72a3f8852d8028","owner_id":"444171185861","propagating_vgws":[],"route":[{"carrier_gateway_id":"","cidr_block":"0.0.0.0/0","core_network_arn":"","destination_prefix_list_id":"","egress_only_gateway_id":"","gateway_id":"","instance_id":"","ipv6_cidr_block":"","local_gateway_id":"","nat_gateway_id":"nat-0433ec27e259a40de","network_interface_id":"","transit_gateway_id":"","vpc_endpoint_id":"","vpc_peering_connection_id":""}],"tags":{"Environment":"dev","Name":"dev-private-route-table"},"tags_all":{"Environment":"dev","Name":"dev-private-route-table"},"timeouts":null,"vpc_id":"vpc-05c8af84715ad862a"},"after_unknown":{},"before_sensitive":{"propagating_vgws":[],"route":[{}],"tags":{},"tags_all":{}},"after_sensitive":{"propagating_vgws":[],"route":[{}],"tags":{},"tags_all":{}}}},{"address":"module.dev_vpc.module.vpc.aws_route_table.public","module_address":"module.dev_vpc.module.vpc","mode":"managed","type":"aws_route_table","name":"public","provider_name":"registry.terraform.io/hashicorp/aws","change":{"actions":["no-op"],"before":{"arn":"arn:aws:ec2:us-east-1:444171185861:route-table/rtb-037ee04ee10c1710f","id":"rtb-037ee04ee10c1710f","owner_id":"444171185861","propagating_vgws":[],"route":[{"carrier_gateway_id":"","cidr_block":"0.0.0.0/0","core_network_arn":"","destination_prefix_list_id":"","egress_only_gateway_id":"","gateway_id":"igw-016d54fc87a6cb779","instance_id":"","ipv6_cidr_block":"","local_gateway_id":"","nat_gateway_id":"","network_interface_id":"","transit_gateway_id":"","vpc_endpoint_id":"","vpc_peering_connection_id":""}],"tags":{"Environment":"dev","Name":"dev-public-route-table"},"tags_all":{"Environment":"dev","Name":"dev-public-route-table"},"timeouts":null,"vpc_id":"vpc-05c8af84715ad862a"},"after":{"arn":"arn:aws:ec2:us-east-1:444171185861:route-table/rtb-037ee04ee10c1710f","id":"rtb-037ee04ee10c1710f","owner_id":"444171185861","propagating_vgws":[],"route":[{"carrier_gateway_id":"","cidr_block":"0.0.0.0/0","core_network_arn":"","destination_prefix_list_id":"","egress_only_gateway_id":"","gateway_id":"igw-016d54fc87a6cb779","instance_id":"","ipv6_cidr_block":"","local_gateway_id":"","nat_gateway_id":"","network_interface_id":"","transit_gateway_id":"","vpc_endpoint_id":"","vpc_peering_connection_id":""}],"tags":{"Environment":"dev","Name":"dev-public-route-table"},"tags_all":{"Environment":"dev","Name":"dev-public-route-table"},"timeouts":null,"vpc_id":"vpc-05c8af84715ad862a"},"after_unknown":{},"before_sensitive":{"propagating_vgws":[],"route":[{}],"tags":{},"tags_all":{}},"after_sensitive":{"propagating_vgws":[],"route":[{}],"tags":{},"tags_all":{}}}},{"address":"module.dev_vpc.module.vpc.aws_route_table_association.private[0]","module_address":"module.dev_vpc.module.vpc","mode":"managed","type":"aws_route_table_association","name":"private","index":0,"provider_name":"registry.terraform.io/hashicorp/aws","change":{"actions":["no-op"],"before":{"gateway_id":"","id":"rtbassoc-025fa3a543c1ba95c","route_table_id":"rtb-09c72a3f8852d8028","subnet_id":"subnet-0bc5cd4cf5054059b","timeouts":null},"after":{"gateway_id":"","id":"rtbassoc-025fa3a543c1ba95c","route_table_id":"rtb-09c72a3f8852d8028","subnet_id":"subnet-0bc5cd4cf5054059b","timeouts":null},"after_unknown":{},"before_sensitive":{},"after_sensitive":{}}},{"address":"module.dev_vpc.module.vpc.aws_route_table_association.public[0]","module_address":"module.dev_vpc.module.vpc","mode":"managed","type":"aws_route_table_association","name":"public","index":0,"provider_name":"registry.terraform.io/hashicorp/aws","change":{"actions":["no-op"],"before":{"gateway_id":"","id":"rtbassoc-0f337c8f1cd26b10a","route_table_id":"rtb-037ee04ee10c1710f","subnet_id":"subnet-0f0a7129fb658f9ad","timeouts":null},"after":{"gateway_id":"","id":"rtbassoc-0f337c8f1cd26b10a","route_table_id":"rtb-037ee04ee10c1710f","subnet_id":"subnet-0f0a7129fb658f9ad","timeouts":null},"after_unknown":{},"before_sensitive":{},"after_sensitive":{}}},{"address":"module.dev_vpc.module.vpc.aws_security_group.default","module_address":"module.dev_vpc.module.vpc","mode":"managed","type":"aws_security_group","name":"default","provider_name":"registry.terraform.io/hashicorp/aws","change":{"actions":["no-op"],"before":{"arn":"arn:aws:ec2:us-east-1:444171185861:security-group/sg-02985b94ee4a73439","description":"Default security group to allow inbound/outbound from the VPC","egress":[{"cidr_blocks":[],"description":"","from_port":0,"ipv6_cidr_blocks":[],"prefix_list_ids":[],"protocol":"-1","security_groups":[],"self":true,"to_port":0}],"id":"sg-02985b94ee4a73439","ingress":[{"cidr_blocks":[],"description":"","from_port":0,"ipv6_cidr_blocks":[],"prefix_list_ids":[],"protocol":"-1","security_groups":[],"self":true,"to_port":0}],"name":"dev-default-sg","name_prefix":"","owner_id":"444171185861","revoke_rules_on_delete":false,"tags":{"Environment":"dev","Name":"dev-default-sg"},"tags_all":{"Environment":"dev","Name":"dev-default-sg"},"timeouts":null,"vpc_id":"vpc-05c8af84715ad862a"},"after":{"arn":"arn:aws:ec2:us-east-1:444171185861:security-group/sg-02985b94ee4a73439","description":"Default security group to allow inbound/outbound from the VPC","egress":[{"cidr_blocks":[],"description":"","from_port":0,"ipv6_cidr_blocks":[],"prefix_list_ids":[],"protocol":"-1","security_groups":[],"self":true,"to_port":0}],"id":"sg-02985b94ee4a73439","ingress":[{"cidr_blocks":[],"description":"","from_port":0,"ipv6_cidr_blocks":[],"prefix_list_ids":[],"protocol":"-1","security_groups":[],"self":true,"to_port":0}],"name":"dev-default-sg","name_prefix":"","owner_id":"444171185861","revoke_rules_on_delete":false,"tags":{"Environment":"dev","Name":"dev-default-sg"},"tags_all":{"Environment":"dev","Name":"dev-default-sg"},"timeouts":null,"vpc_id":"vpc-05c8af84715ad862a"},"after_unknown":{},"before_sensitive":{"egress":[{"cidr_blocks":[],"ipv6_cidr_blocks":[],"prefix_list_ids":[],"security_groups":[]}],"ingress":[{"cidr_blocks":[],"ipv6_cidr_blocks":[],"prefix_list_ids":[],"security_groups":[]}],"tags":{},"tags_all":{}},"after_sensitive":{"egress":[{"cidr_blocks":[],"ipv6_cidr_blocks":[],"prefix_list_ids":[],"security_groups":[]}],"ingress":[{"cidr_blocks":[],"ipv6_cidr_blocks":[],"prefix_list_ids":[],"security_groups":[]}],"tags":{},"tags_all":{}}}},{"address":"module.dev_vpc.module.vpc.aws_subnet.private_subnet[0]","module_address":"module.dev_vpc.module.vpc","mode":"managed","type":"aws_subnet","name":"private_subnet","index":0,"provider_name":"registry.terraform.io/hashicorp/aws","change":{"actions":["no-op"],"before":{"arn":"arn:aws:ec2:us-east-1:444171185861:subnet/subnet-0bc5cd4cf5054059b","assign_ipv6_address_on_creation":false,"availability_zone":"us-east-1a","availability_zone_id":"use1-az4","cidr_block":"10.0.10.0/24","customer_owned_ipv4_pool":"","enable_dns64":false,"enable_lni_at_device_index":0,"enable_resource_name_dns_a_record_on_launch":false,"enable_resource_name_dns_aaaa_record_on_launch":false,"id":"subnet-0bc5cd4cf5054059b","ipv6_cidr_block":"","ipv6_cidr_block_association_id":"","ipv6_native":false,"map_customer_owned_ip_on_launch":false,"map_public_ip_on_launch":false,"outpost_arn":"","owner_id":"444171185861","private_dns_hostname_type_on_launch":"ip-name","tags":{"Environment":"dev","Name":"dev-us-east-1a-private-subnet"},"tags_all":{"Environment":"dev","Name":"dev-us-east-1a-private-subnet"},"timeouts":null,"vpc_id":"vpc-05c8af84715ad862a"},"after":{"arn":"arn:aws:ec2:us-east-1:444171185861:subnet/subnet-0bc5cd4cf5054059b","assign_ipv6_address_on_creation":false,"availability_zone":"us-east-1a","availability_zone_id":"use1-az4","cidr_block":"10.0.10.0/24","customer_owned_ipv4_pool":"","enable_dns64":false,"enable_lni_at_device_index":0,"enable_resource_name_dns_a_record_on_launch":false,"enable_resource_name_dns_aaaa_record_on_launch":false,"id":"subnet-0bc5cd4cf5054059b","ipv6_cidr_block":"","ipv6_cidr_block_association_id":"","ipv6_native":false,"map_customer_owned_ip_on_launch":false,"map_public_ip_on_launch":false,"outpost_arn":"","owner_id":"444171185861","private_dns_hostname_type_on_launch":"ip-name","tags":{"Environment":"dev","Name":"dev-us-east-1a-private-subnet"},"tags_all":{"Environment":"dev","Name":"dev-us-east-1a-private-subnet"},"timeouts":null,"vpc_id":"vpc-05c8af84715ad862a"},"after_unknown":{},"before_sensitive":{"tags":{},"tags_all":{}},"after_sensitive":{"tags":{},"tags_all":{}}}},{"address":"module.dev_vpc.module.vpc.aws_subnet.public_subnet[0]","module_address":"module.dev_vpc.module.vpc","mode":"managed","type":"aws_subnet","name":"public_subnet","index":0,"provider_name":"registry.terraform.io/hashicorp/aws","change":{"actions":["no-op"],"before":{"arn":"arn:aws:ec2:us-east-1:444171185861:subnet/subnet-0f0a7129fb658f9ad","assign_ipv6_address_on_creation":false,"availability_zone":"us-east-1a","availability_zone_id":"use1-az4","cidr_block":"10.0.1.0/24","customer_owned_ipv4_pool":"","enable_dns64":false,"enable_lni_at_device_index":0,"enable_resource_name_dns_a_record_on_launch":false,"enable_resource_name_dns_aaaa_record_on_launch":false,"id":"subnet-0f0a7129fb658f9ad","ipv6_cidr_block":"","ipv6_cidr_block_association_id":"","ipv6_native":false,"map_customer_owned_ip_on_launch":false,"map_public_ip_on_launch":true,"outpost_arn":"","owner_id":"444171185861","private_dns_hostname_type_on_launch":"ip-name","tags":{"Environment":"dev","Name":"dev-us-east-1a-public-subnet"},"tags_all":{"Environment":"dev","Name":"dev-us-east-1a-public-subnet"},"timeouts":null,"vpc_id":"vpc-05c8af84715ad862a"},"after":{"arn":"arn:aws:ec2:us-east-1:444171185861:subnet/subnet-0f0a7129fb658f9ad","assign_ipv6_address_on_creation":false,"availability_zone":"us-east-1a","availability_zone_id":"use1-az4","cidr_block":"10.0.1.0/24","customer_owned_ipv4_pool":"","enable_dns64":false,"enable_lni_at_device_index":0,"enable_resource_name_dns_a_record_on_launch":false,"enable_resource_name_dns_aaaa_record_on_launch":false,"id":"subnet-0f0a7129fb658f9ad","ipv6_cidr_block":"","ipv6_cidr_block_association_id":"","ipv6_native":false,"map_customer_owned_ip_on_launch":false,"map_public_ip_on_launch":true,"outpost_arn":"","owner_id":"444171185861","private_dns_hostname_type_on_launch":"ip-name","tags":{"Environment":"dev","Name":"dev-us-east-1a-public-subnet"},"tags_all":{"Environment":"dev","Name":"dev-us-east-1a-public-subnet"},"timeouts":null,"vpc_id":"vpc-05c8af84715ad862a"},"after_unknown":{},"before_sensitive":{"tags":{},"tags_all":{}},"after_sensitive":{"tags":{},"tags_all":{}}}},{"address":"module.dev_vpc.module.vpc.aws_vpc.n9n_vpc","module_address":"module.dev_vpc.module.vpc","mode":"managed","type":"aws_vpc","name":"n9n_vpc","provider_name":"registry.terraform.io/hashicorp/aws","change":{"actions":["no-op"],"before":{"arn":"arn:aws:ec2:us-east-1:444171185861:vpc/vpc-05c8af84715ad862a","assign_generated_ipv6_cidr_block":false,"cidr_block":"10.0.0.0/16","default_network_acl_id":"acl-0391704db9e611349","default_route_table_id":"rtb-0df51899206ee6dd5","default_security_group_id":"sg-0c20b46066b700070","dhcp_options_id":"dopt-0f5f0ed3bbd38b703","enable_classiclink":false,"enable_classiclink_dns_support":false,"enable_dns_hostnames":true,"enable_dns_support":true,"enable_network_address_usage_metrics":false,"id":"vpc-05c8af84715ad862a","instance_tenancy":"default","ipv4_ipam_pool_id":null,"ipv4_netmask_length":null,"ipv6_association_id":"","ipv6_cidr_block":"","ipv6_cidr_block_network_border_group":"","ipv6_ipam_pool_id":"","ipv6_netmask_length":0,"main_route_table_id":"rtb-0df51899206ee6dd5","owner_id":"444171185861","tags":{"Environment":"dev","Name":"dev-vpc"},"tags_all":{"Environment":"dev","Name":"dev-vpc"}},"after":{"arn":"arn:aws:ec2:us-east-1:444171185861:vpc/vpc-05c8af84715ad862a","assign_generated_ipv6_cidr_block":false,"cidr_block":"10.0.0.0/16","default_network_acl_id":"acl-0391704db9e611349","default_route_table_id":"rtb-0df51899206ee6dd5","default_security_group_id":"sg-0c20b46066b700070","dhcp_options_id":"dopt-0f5f0ed3bbd38b703","enable_classiclink":false,"enable_classiclink_dns_support":false,"enable_dns_hostnames":true,"enable_dns_support":true,"enable_network_address_usage_metrics":false,"id":"vpc-05c8af84715ad862a","instance_tenancy":"default","ipv4_ipam_pool_id":null,"ipv4_netmask_length":null,"ipv6_association_id":"","ipv6_cidr_block":"","ipv6_cidr_block_network_border_group":"","ipv6_ipam_pool_id":"","ipv6_netmask_length":0,"main_route_table_id":"rtb-0df51899206ee6dd5","owner_id":"444171185861","tags":{"Environment":"dev","Name":"dev-vpc"},"tags_all":{"Environment":"dev","Name":"dev-vpc"}},"after_unknown":{},"before_sensitive":{"tags":{},"tags_all":{}},"after_sensitive":{"tags":{},"tags_all":{}}}},{"address":"module.prod_vpc.module.vpc.aws_eip.n9n_nat_eip","module_address":"module.prod_vpc.module.vpc","mode":"managed","type":"aws_eip","name":"n9n_nat_eip","provider_name":"registry.terraform.io/hashicorp/aws","change":{"actions":["no-op"],"before":{"address":null,"allocation_id":"eipalloc-0935fe93ca6824071","associate_with_private_ip":null,"association_id":"eipassoc-0dce71659e07a526d","carrier_ip":"","customer_owned_ip":"","customer_owned_ipv4_pool":"","domain":"vpc","id":"eipalloc-0935fe93ca6824071","instance":"","network_border_group":"us-east-1","network_interface":"eni-0c20bf97e4196b2c1","private_dns":"ip-10-0-1-177.ec2.internal","private_ip":"10.0.1.177","public_dns":"ec2-34-196-65-169.compute-1.amazonaws.com","public_ip":"34.196.65.169","public_ipv4_pool":"amazon","tags":{},"tags_all":{},"timeouts":null,"vpc":true},"after":{"address":null,"allocation_id":"eipalloc-0935fe93ca6824071","associate_with_private_ip":null,"association_id":"eipassoc-0dce71659e07a526d","carrier_ip":"","customer_owned_ip":"","customer_owned_ipv4_pool":"","domain":"vpc","id":"eipalloc-0935fe93ca6824071","instance":"","network_border_group":"us-east-1","network_interface":"eni-0c20bf97e4196b2c1","private_dns":"ip-10-0-1-177.ec2.internal","private_ip":"10.0.1.177","public_dns":"ec2-34-196-65-169.compute-1.amazonaws.com","public_ip":"34.196.65.169","public_ipv4_pool":"amazon","tags":{},"tags_all":{},"timeouts":null,"vpc":true},"after_unknown":{},"before_sensitive":{"tags":{},"tags_all":{}},"after_sensitive":{"tags":{},"tags_all":{}}}},{"address":"module.prod_vpc.module.vpc.aws_internet_gateway.n9n_ig","module_address":"module.prod_vpc.module.vpc","mode":"managed","type":"aws_internet_gateway","name":"n9n_ig","provider_name":"registry.terraform.io/hashicorp/aws","change":{"actions":["update"],"before":{"arn":"arn:aws:ec2:us-east-1:444171185861:internet-gateway/igw-09629a267416a4576","id":"igw-09629a267416a4576","owner_id":"444171185861","tags":{"Environment":"dev","Name":"dev-igw"},"tags_all":{"Environment":"dev","Name":"dev-igw"},"timeouts":null,"vpc_id":"vpc-089a9617aef708250"},"after":{"arn":"arn:aws:ec2:us-east-1:444171185861:internet-gateway/igw-09629a267416a4576","id":"igw-09629a267416a4576","owner_id":"444171185861","tags":{"Environment":"prod","Name":"prod-igw"},"tags_all":{"Environment":"prod","Name":"prod-igw"},"timeouts":null,"vpc_id":"vpc-089a9617aef708250"},"after_unknown":{},"before_sensitive":{"tags":{},"tags_all":{}},"after_sensitive":{"tags":{},"tags_all":{}}}},{"address":"module.prod_vpc.module.vpc.aws_nat_gateway.n9n_nat_gw","module_address":"module.prod_vpc.module.vpc","mode":"managed","type":"aws_nat_gateway","name":"n9n_nat_gw","provider_name":"registry.terraform.io/hashicorp/aws","change":{"actions":["update"],"before":{"allocation_id":"eipalloc-0935fe93ca6824071","association_id":"eipassoc-0dce71659e07a526d","connectivity_type":"public","id":"nat-0c6abdd1c85bad328","network_interface_id":"eni-0c20bf97e4196b2c1","private_ip":"10.0.1.177","public_ip":"34.196.65.169","subnet_id":"subnet-0e7b4ddafc1c90395","tags":{"Environment":"dev","Name":"dev-nat"},"tags_all":{"Environment":"dev","Name":"dev-nat"}},"after":{"allocation_id":"eipalloc-0935fe93ca6824071","association_id":"eipassoc-0dce71659e07a526d","connectivity_type":"public","id":"nat-0c6abdd1c85bad328","network_interface_id":"eni-0c20bf97e4196b2c1","private_ip":"10.0.1.177","public_ip":"34.196.65.169","subnet_id":"subnet-0e7b4ddafc1c90395","tags":{"Environment":"prod","Name":"prod-nat"},"tags_all":{"Environment":"prod","Name":"prod-nat"}},"after_unknown":{},"before_sensitive":{"tags":{},"tags_all":{}},"after_sensitive":{"tags":{},"tags_all":{}}}},{"address":"module.prod_vpc.module.vpc.aws_route.private_nat_gateway","module_address":"module.prod_vpc.module.vpc","mode":"managed","type":"aws_route","name":"private_nat_gateway","provider_name":"registry.terraform.io/hashicorp/aws","change":{"actions":["no-op"],"before":{"carrier_gateway_id":"","core_network_arn":"","destination_cidr_block":"0.0.0.0/0","destination_ipv6_cidr_block":"","destination_prefix_list_id":"","egress_only_gateway_id":"","gateway_id":"","id":"r-rtb-0b94111dcfaca0bb71080289494","instance_id":"","instance_owner_id":"","local_gateway_id":"","nat_gateway_id":"nat-0c6abdd1c85bad328","network_interface_id":"","origin":"CreateRoute","route_table_id":"rtb-0b94111dcfaca0bb7","state":"active","timeouts":null,"transit_gateway_id":"","vpc_endpoint_id":"","vpc_peering_connection_id":""},"after":{"carrier_gateway_id":"","core_network_arn":"","destination_cidr_block":"0.0.0.0/0","destination_ipv6_cidr_block":"","destination_prefix_list_id":"","egress_only_gateway_id":"","gateway_id":"","id":"r-rtb-0b94111dcfaca0bb71080289494","instance_id":"","instance_owner_id":"","local_gateway_id":"","nat_gateway_id":"nat-0c6abdd1c85bad328","network_interface_id":"","origin":"CreateRoute","route_table_id":"rtb-0b94111dcfaca0bb7","state":"active","timeouts":null,"transit_gateway_id":"","vpc_endpoint_id":"","vpc_peering_connection_id":""},"after_unknown":{},"before_sensitive":{},"after_sensitive":{}}},{"address":"module.prod_vpc.module.vpc.aws_route.public_internet_gateway","module_address":"module.prod_vpc.module.vpc","mode":"managed","type":"aws_route","name":"public_internet_gateway","provider_name":"registry.terraform.io/hashicorp/aws","change":{"actions":["no-op"],"before":{"carrier_gateway_id":"","core_network_arn":"","destination_cidr_block":"0.0.0.0/0","destination_ipv6_cidr_block":"","destination_prefix_list_id":"","egress_only_gateway_id":"","gateway_id":"igw-09629a267416a4576","id":"r-rtb-0b5e0bb2c637c1ac61080289494","instance_id":"","instance_owner_id":"","local_gateway_id":"","nat_gateway_id":"","network_interface_id":"","origin":"CreateRoute","route_table_id":"rtb-0b5e0bb2c637c1ac6","state":"active","timeouts":null,"transit_gateway_id":"","vpc_endpoint_id":"","vpc_peering_connection_id":""},"after":{"carrier_gateway_id":"","core_network_arn":"","destination_cidr_block":"0.0.0.0/0","destination_ipv6_cidr_block":"","destination_prefix_list_id":"","egress_only_gateway_id":"","gateway_id":"igw-09629a267416a4576","id":"r-rtb-0b5e0bb2c637c1ac61080289494","instance_id":"","instance_owner_id":"","local_gateway_id":"","nat_gateway_id":"","network_interface_id":"","origin":"CreateRoute","route_table_id":"rtb-0b5e0bb2c637c1ac6","state":"active","timeouts":null,"transit_gateway_id":"","vpc_endpoint_id":"","vpc_peering_connection_id":""},"after_unknown":{},"before_sensitive":{},"after_sensitive":{}}},{"address":"module.prod_vpc.module.vpc.aws_route_table.private","module_address":"module.prod_vpc.module.vpc","mode":"managed","type":"aws_route_table","name":"private","provider_name":"registry.terraform.io/hashicorp/aws","change":{"actions":["update"],"before":{"arn":"arn:aws:ec2:us-east-1:444171185861:route-table/rtb-0b94111dcfaca0bb7","id":"rtb-0b94111dcfaca0bb7","owner_id":"444171185861","propagating_vgws":[],"route":[{"carrier_gateway_id":"","cidr_block":"0.0.0.0/0","core_network_arn":"","destination_prefix_list_id":"","egress_only_gateway_id":"","gateway_id":"","instance_id":"","ipv6_cidr_block":"","local_gateway_id":"","nat_gateway_id":"nat-0c6abdd1c85bad328","network_interface_id":"","transit_gateway_id":"","vpc_endpoint_id":"","vpc_peering_connection_id":""}],"tags":{"Environment":"dev","Name":"dev-private-route-table"},"tags_all":{"Environment":"dev","Name":"dev-private-route-table"},"timeouts":null,"vpc_id":"vpc-089a9617aef708250"},"after":{"arn":"arn:aws:ec2:us-east-1:444171185861:route-table/rtb-0b94111dcfaca0bb7","id":"rtb-0b94111dcfaca0bb7","owner_id":"444171185861","propagating_vgws":[],"route":[{"carrier_gateway_id":"","cidr_block":"0.0.0.0/0","core_network_arn":"","destination_prefix_list_id":"","egress_only_gateway_id":"","gateway_id":"","instance_id":"","ipv6_cidr_block":"","local_gateway_id":"","nat_gateway_id":"nat-0c6abdd1c85bad328","network_interface_id":"","transit_gateway_id":"","vpc_endpoint_id":"","vpc_peering_connection_id":""}],"tags":{"Environment":"prod","Name":"prod-private-route-table"},"tags_all":{"Environment":"prod","Name":"prod-private-route-table"},"timeouts":null,"vpc_id":"vpc-089a9617aef708250"},"after_unknown":{},"before_sensitive":{"propagating_vgws":[],"route":[{}],"tags":{},"tags_all":{}},"after_sensitive":{"propagating_vgws":[],"route":[{}],"tags":{},"tags_all":{}}}},{"address":"module.prod_vpc.module.vpc.aws_route_table.public","module_address":"module.prod_vpc.module.vpc","mode":"managed","type":"aws_route_table","name":"public","provider_name":"registry.terraform.io/hashicorp/aws","change":{"actions":["update"],"before":{"arn":"arn:aws:ec2:us-east-1:444171185861:route-table/rtb-0b5e0bb2c637c1ac6","id":"rtb-0b5e0bb2c637c1ac6","owner_id":"444171185861","propagating_vgws":[],"route":[{"carrier_gateway_id":"","cidr_block":"0.0.0.0/0","core_network_arn":"","destination_prefix_list_id":"","egress_only_gateway_id":"","gateway_id":"igw-09629a267416a4576","instance_id":"","ipv6_cidr_block":"","local_gateway_id":"","nat_gateway_id":"","network_interface_id":"","transit_gateway_id":"","vpc_endpoint_id":"","vpc_peering_connection_id":""}],"tags":{"Environment":"dev","Name":"dev-public-route-table"},"tags_all":{"Environment":"dev","Name":"dev-public-route-table"},"timeouts":null,"vpc_id":"vpc-089a9617aef708250"},"after":{"arn":"arn:aws:ec2:us-east-1:444171185861:route-table/rtb-0b5e0bb2c637c1ac6","id":"rtb-0b5e0bb2c637c1ac6","owner_id":"444171185861","propagating_vgws":[],"route":[{"carrier_gateway_id":"","cidr_block":"0.0.0.0/0","core_network_arn":"","destination_prefix_list_id":"","egress_only_gateway_id":"","gateway_id":"igw-09629a267416a4576","instance_id":"","ipv6_cidr_block":"","local_gateway_id":"","nat_gateway_id":"","network_interface_id":"","transit_gateway_id":"","vpc_endpoint_id":"","vpc_peering_connection_id":""}],"tags":{"Environment":"prod","Name":"prod-public-route-table"},"tags_all":{"Environment":"prod","Name":"prod-public-route-table"},"timeouts":null,"vpc_id":"vpc-089a9617aef708250"},"after_unknown":{},"before_sensitive":{"propagating_vgws":[],"route":[{}],"tags":{},"tags_all":{}},"after_sensitive":{"propagating_vgws":[],"route":[{}],"tags":{},"tags_all":{}}}},{"address":"module.prod_vpc.module.vpc.aws_route_table_association.private[0]","module_address":"module.prod_vpc.module.vpc","mode":"managed","type":"aws_route_table_association","name":"private","index":0,"provider_name":"registry.terraform.io/hashicorp/aws","change":{"actions":["no-op"],"before":{"gateway_id":"","id":"rtbassoc-027e74f72b45b8083","route_table_id":"rtb-0b94111dcfaca0bb7","subnet_id":"subnet-06a5f250d4c8c237d","timeouts":null},"after":{"gateway_id":"","id":"rtbassoc-027e74f72b45b8083","route_table_id":"rtb-0b94111dcfaca0bb7","subnet_id":"subnet-06a5f250d4c8c237d","timeouts":null},"after_unknown":{},"before_sensitive":{},"after_sensitive":{}}},{"address":"module.prod_vpc.module.vpc.aws_route_table_association.public[0]","module_address":"module.prod_vpc.module.vpc","mode":"managed","type":"aws_route_table_association","name":"public","index":0,"provider_name":"registry.terraform.io/hashicorp/aws","change":{"actions":["no-op"],"before":{"gateway_id":"","id":"rtbassoc-0fa220940c15d6cf2","route_table_id":"rtb-0b5e0bb2c637c1ac6","subnet_id":"subnet-0e7b4ddafc1c90395","timeouts":null},"after":{"gateway_id":"","id":"rtbassoc-0fa220940c15d6cf2","route_table_id":"rtb-0b5e0bb2c637c1ac6","subnet_id":"subnet-0e7b4ddafc1c90395","timeouts":null},"after_unknown":{},"before_sensitive":{},"after_sensitive":{}}},{"address":"module.prod_vpc.module.vpc.aws_security_group.default","module_address":"module.prod_vpc.module.vpc","mode":"managed","type":"aws_security_group","name":"default","provider_name":"registry.terraform.io/hashicorp/aws","change":{"actions":["delete","create"],"before":{"arn":"arn:aws:ec2:us-east-1:444171185861:security-group/sg-041f28b0c28e7bf2e","description":"Default security group to allow inbound/outbound from the VPC","egress":[{"cidr_blocks":[],"description":"","from_port":0,"ipv6_cidr_blocks":[],"prefix_list_ids":[],"protocol":"-1","security_groups":[],"self":true,"to_port":0}],"id":"sg-041f28b0c28e7bf2e","ingress":[{"cidr_blocks":[],"description":"","from_port":0,"ipv6_cidr_blocks":[],"prefix_list_ids":[],"protocol":"-1","security_groups":[],"self":true,"to_port":0}],"name":"dev-default-sg","name_prefix":"","owner_id":"444171185861","revoke_rules_on_delete":false,"tags":{"Environment":"dev","Name":"dev-default-sg"},"tags_all":{"Environment":"dev","Name":"dev-default-sg"},"timeouts":null,"vpc_id":"vpc-089a9617aef708250"},"after":{"description":"Default security group to allow inbound/outbound from the VPC","egress":[{"cidr_blocks":[],"description":"","from_port":0,"ipv6_cidr_blocks":[],"prefix_list_ids":[],"protocol":"-1","security_groups":[],"self":true,"to_port":0}],"ingress":[{"cidr_blocks":[],"description":"","from_port":0,"ipv6_cidr_blocks":[],"prefix_list_ids":[],"protocol":"-1","security_groups":[],"self":true,"to_port":0}],"name":"prod-default-sg","revoke_rules_on_delete":false,"tags":{"Environment":"prod","Name":"prod-default-sg"},"tags_all":{"Environment":"prod","Name":"prod-default-sg"},"timeouts":null,"vpc_id":"vpc-089a9617aef708250"},"after_unknown":{"arn":true,"egress":[{"cidr_blocks":[],"ipv6_cidr_blocks":[],"prefix_list_ids":[],"security_groups":[]}],"id":true,"ingress":[{"cidr_blocks":[],"ipv6_cidr_blocks":[],"prefix_list_ids":[],"security_groups":[]}],"name_prefix":true,"owner_id":true,"tags":{},"tags_all":{}},"before_sensitive":{"egress":[{"cidr_blocks":[],"ipv6_cidr_blocks":[],"prefix_list_ids":[],"security_groups":[]}],"ingress":[{"cidr_blocks":[],"ipv6_cidr_blocks":[],"prefix_list_ids":[],"security_groups":[]}],"tags":{},"tags_all":{}},"after_sensitive":{"egress":[{"cidr_blocks":[],"ipv6_cidr_blocks":[],"prefix_list_ids":[],"security_groups":[]}],"ingress":[{"cidr_blocks":[],"ipv6_cidr_blocks":[],"prefix_list_ids":[],"security_groups":[]}],"tags":{},"tags_all":{}},"replace_paths":[["name"]]},"action_reason":"replace_because_cannot_update"},{"address":"module.prod_vpc.module.vpc.aws_subnet.private_subnet[0]","module_address":"module.prod_vpc.module.vpc","mode":"managed","type":"aws_subnet","name":"private_subnet","index":0,"provider_name":"registry.terraform.io/hashicorp/aws","change":{"actions":["update"],"before":{"arn":"arn:aws:ec2:us-east-1:444171185861:subnet/subnet-06a5f250d4c8c237d","assign_ipv6_address_on_creation":false,"availability_zone":"us-east-1a","availability_zone_id":"use1-az4","cidr_block":"10.0.10.0/24","customer_owned_ipv4_pool":"","enable_dns64":false,"enable_lni_at_device_index":0,"enable_resource_name_dns_a_record_on_launch":false,"enable_resource_name_dns_aaaa_record_on_launch":false,"id":"subnet-06a5f250d4c8c237d","ipv6_cidr_block":"","ipv6_cidr_block_association_id":"","ipv6_native":false,"map_customer_owned_ip_on_launch":false,"map_public_ip_on_launch":false,"outpost_arn":"","owner_id":"444171185861","private_dns_hostname_type_on_launch":"ip-name","tags":{"Environment":"dev","Name":"dev-us-east-1a-private-subnet"},"tags_all":{"Environment":"dev","Name":"dev-us-east-1a-private-subnet"},"timeouts":null,"vpc_id":"vpc-089a9617aef708250"},"after":{"arn":"arn:aws:ec2:us-east-1:444171185861:subnet/subnet-06a5f250d4c8c237d","assign_ipv6_address_on_creation":false,"availability_zone":"us-east-1a","availability_zone_id":"use1-az4","cidr_block":"10.0.10.0/24","customer_owned_ipv4_pool":"","enable_dns64":false,"enable_lni_at_device_index":0,"enable_resource_name_dns_a_record_on_launch":false,"enable_resource_name_dns_aaaa_record_on_launch":false,"id":"subnet-06a5f250d4c8c237d","ipv6_cidr_block":"","ipv6_cidr_block_association_id":"","ipv6_native":false,"map_customer_owned_ip_on_launch":false,"map_public_ip_on_launch":false,"outpost_arn":"","owner_id":"444171185861","private_dns_hostname_type_on_launch":"ip-name","tags":{"Environment":"prod","Name":"prod-us-east-1a-private-subnet"},"tags_all":{"Environment":"prod","Name":"prod-us-east-1a-private-subnet"},"timeouts":null,"vpc_id":"vpc-089a9617aef708250"},"after_unknown":{},"before_sensitive":{"tags":{},"tags_all":{}},"after_sensitive":{"tags":{},"tags_all":{}}}},{"address":"module.prod_vpc.module.vpc.aws_subnet.public_subnet[0]","module_address":"module.prod_vpc.module.vpc","mode":"managed","type":"aws_subnet","name":"public_subnet","index":0,"provider_name":"registry.terraform.io/hashicorp/aws","change":{"actions":["update"],"before":{"arn":"arn:aws:ec2:us-east-1:444171185861:subnet/subnet-0e7b4ddafc1c90395","assign_ipv6_address_on_creation":false,"availability_zone":"us-east-1a","availability_zone_id":"use1-az4","cidr_block":"10.0.1.0/24","customer_owned_ipv4_pool":"","enable_dns64":false,"enable_lni_at_device_index":0,"enable_resource_name_dns_a_record_on_launch":false,"enable_resource_name_dns_aaaa_record_on_launch":false,"id":"subnet-0e7b4ddafc1c90395","ipv6_cidr_block":"","ipv6_cidr_block_association_id":"","ipv6_native":false,"map_customer_owned_ip_on_launch":false,"map_public_ip_on_launch":true,"outpost_arn":"","owner_id":"444171185861","private_dns_hostname_type_on_launch":"ip-name","tags":{"Environment":"dev","Name":"dev-us-east-1a-public-subnet"},"tags_all":{"Environment":"dev","Name":"dev-us-east-1a-public-subnet"},"timeouts":null,"vpc_id":"vpc-089a9617aef708250"},"after":{"arn":"arn:aws:ec2:us-east-1:444171185861:subnet/subnet-0e7b4ddafc1c90395","assign_ipv6_address_on_creation":false,"availability_zone":"us-east-1a","availability_zone_id":"use1-az4","cidr_block":"10.0.1.0/24","customer_owned_ipv4_pool":"","enable_dns64":false,"enable_lni_at_device_index":0,"enable_resource_name_dns_a_record_on_launch":false,"enable_resource_name_dns_aaaa_record_on_launch":false,"id":"subnet-0e7b4ddafc1c90395","ipv6_cidr_block":"","ipv6_cidr_block_association_id":"","ipv6_native":false,"map_customer_owned_ip_on_launch":false,"map_public_ip_on_launch":true,"outpost_arn":"","owner_id":"444171185861","private_dns_hostname_type_on_launch":"ip-name","tags":{"Environment":"prod","Name":"prod-us-east-1a-public-subnet"},"tags_all":{"Environment":"prod","Name":"prod-us-east-1a-public-subnet"},"timeouts":null,"vpc_id":"vpc-089a9617aef708250"},"after_unknown":{},"before_sensitive":{"tags":{},"tags_all":{}},"after_sensitive":{"tags":{},"tags_all":{}}}},{"address":"module.prod_vpc.module.vpc.aws_vpc.n9n_vpc","module_address":"module.prod_vpc.module.vpc","mode":"managed","type":"aws_vpc","name":"n9n_vpc","provider_name":"registry.terraform.io/hashicorp/aws","change":{"actions":["update"],"before":{"arn":"arn:aws:ec2:us-east-1:444171185861:vpc/vpc-089a9617aef708250","assign_generated_ipv6_cidr_block":false,"cidr_block":"10.0.0.0/16","default_network_acl_id":"acl-01c2d8b88ddde2219","default_route_table_id":"rtb-00a8274bc4a51be49","default_security_group_id":"sg-0d6873303b394c654","dhcp_options_id":"dopt-0f5f0ed3bbd38b703","enable_classiclink":false,"enable_classiclink_dns_support":false,"enable_dns_hostnames":true,"enable_dns_support":true,"enable_network_address_usage_metrics":false,"id":"vpc-089a9617aef708250","instance_tenancy":"default","ipv4_ipam_pool_id":null,"ipv4_netmask_length":null,"ipv6_association_id":"","ipv6_cidr_block":"","ipv6_cidr_block_network_border_group":"","ipv6_ipam_pool_id":"","ipv6_netmask_length":0,"main_route_table_id":"rtb-00a8274bc4a51be49","owner_id":"444171185861","tags":{"Environment":"dev","Name":"dev-vpc"},"tags_all":{"Environment":"dev","Name":"dev-vpc"}},"after":{"arn":"arn:aws:ec2:us-east-1:444171185861:vpc/vpc-089a9617aef708250","assign_generated_ipv6_cidr_block":false,"cidr_block":"10.0.0.0/16","default_network_acl_id":"acl-01c2d8b88ddde2219","default_route_table_id":"rtb-00a8274bc4a51be49","default_security_group_id":"sg-0d6873303b394c654","dhcp_options_id":"dopt-0f5f0ed3bbd38b703","enable_classiclink":false,"enable_classiclink_dns_support":false,"enable_dns_hostnames":true,"enable_dns_support":true,"enable_network_address_usage_metrics":false,"id":"vpc-089a9617aef708250","instance_tenancy":"default","ipv4_ipam_pool_id":null,"ipv4_netmask_length":null,"ipv6_association_id":"","ipv6_cidr_block":"","ipv6_cidr_block_network_border_group":"","ipv6_ipam_pool_id":"","ipv6_netmask_length":0,"main_route_table_id":"rtb-00a8274bc4a51be49","owner_id":"444171185861","tags":{"Environment":"prod","Name":"prod-vpc"},"tags_all":{"Environment":"prod","Name":"prod-vpc"}},"after_unknown":{},"before_sensitive":{"tags":{},"tags_all":{}},"after_sensitive":{"tags":{},"tags_all":{}}}},{"address":"module.stage_vpc.module.vpc.aws_eip.n9n_nat_eip","module_address":"module.stage_vpc.module.vpc","mode":"managed","type":"aws_eip","name":"n9n_nat_eip","provider_name":"registry.terraform.io/hashicorp/aws","change":{"actions":["no-op"],"before":{"address":null,"allocation_id":"eipalloc-04bfce424dbec9cf2","associate_with_private_ip":null,"association_id":"eipassoc-07a3dced98ef6467a","carrier_ip":"","customer_owned_ip":"","customer_owned_ipv4_pool":"","domain":"vpc","id":"eipalloc-04bfce424dbec9cf2","instance":"","network_border_group":"us-east-1","network_interface":"eni-0324c58245f364b50","private_dns":"ip-10-0-1-210.ec2.internal","private_ip":"10.0.1.210","public_dns":"ec2-44-216-128-48.compute-1.amazonaws.com","public_ip":"44.216.128.48","public_ipv4_pool":"amazon","tags":{},"tags_all":{},"timeouts":null,"vpc":true},"after":{"address":null,"allocation_id":"eipalloc-04bfce424dbec9cf2","associate_with_private_ip":null,"association_id":"eipassoc-07a3dced98ef6467a","carrier_ip":"","customer_owned_ip":"","customer_owned_ipv4_pool":"","domain":"vpc","id":"eipalloc-04bfce424dbec9cf2","instance":"","network_border_group":"us-east-1","network_interface":"eni-0324c58245f364b50","private_dns":"ip-10-0-1-210.ec2.internal","private_ip":"10.0.1.210","public_dns":"ec2-44-216-128-48.compute-1.amazonaws.com","public_ip":"44.216.128.48","public_ipv4_pool":"amazon","tags":{},"tags_all":{},"timeouts":null,"vpc":true},"after_unknown":{},"before_sensitive":{"tags":{},"tags_all":{}},"after_sensitive":{"tags":{},"tags_all":{}}}},{"address":"module.stage_vpc.module.vpc.aws_internet_gateway.n9n_ig","module_address":"module.stage_vpc.module.vpc","mode":"managed","type":"aws_internet_gateway","name":"n9n_ig","provider_name":"registry.terraform.io/hashicorp/aws","change":{"actions":["update"],"before":{"arn":"arn:aws:ec2:us-east-1:444171185861:internet-gateway/igw-0680e80773384969c","id":"igw-0680e80773384969c","owner_id":"444171185861","tags":{"Environment":"dev","Name":"dev-igw"},"tags_all":{"Environment":"dev","Name":"dev-igw"},"timeouts":null,"vpc_id":"vpc-0db007dc41ef7db54"},"after":{"arn":"arn:aws:ec2:us-east-1:444171185861:internet-gateway/igw-0680e80773384969c","id":"igw-0680e80773384969c","owner_id":"444171185861","tags":{"Environment":"stage","Name":"stage-igw"},"tags_all":{"Environment":"stage","Name":"stage-igw"},"timeouts":null,"vpc_id":"vpc-0db007dc41ef7db54"},"after_unknown":{},"before_sensitive":{"tags":{},"tags_all":{}},"after_sensitive":{"tags":{},"tags_all":{}}}},{"address":"module.stage_vpc.module.vpc.aws_nat_gateway.n9n_nat_gw","module_address":"module.stage_vpc.module.vpc","mode":"managed","type":"aws_nat_gateway","name":"n9n_nat_gw","provider_name":"registry.terraform.io/hashicorp/aws","change":{"actions":["update"],"before":{"allocation_id":"eipalloc-04bfce424dbec9cf2","association_id":"eipassoc-07a3dced98ef6467a","connectivity_type":"public","id":"nat-0dcf19075e6d6a9e0","network_interface_id":"eni-0324c58245f364b50","private_ip":"10.0.1.210","public_ip":"44.216.128.48","subnet_id":"subnet-0f52877bf4c35e54c","tags":{"Environment":"dev","Name":"dev-nat"},"tags_all":{"Environment":"dev","Name":"dev-nat"}},"after":{"allocation_id":"eipalloc-04bfce424dbec9cf2","association_id":"eipassoc-07a3dced98ef6467a","connectivity_type":"public","id":"nat-0dcf19075e6d6a9e0","network_interface_id":"eni-0324c58245f364b50","private_ip":"10.0.1.210","public_ip":"44.216.128.48","subnet_id":"subnet-0f52877bf4c35e54c","tags":{"Environment":"stage","Name":"stage-nat"},"tags_all":{"Environment":"stage","Name":"stage-nat"}},"after_unknown":{},"before_sensitive":{"tags":{},"tags_all":{}},"after_sensitive":{"tags":{},"tags_all":{}}}},{"address":"module.stage_vpc.module.vpc.aws_route.private_nat_gateway","module_address":"module.stage_vpc.module.vpc","mode":"managed","type":"aws_route","name":"private_nat_gateway","provider_name":"registry.terraform.io/hashicorp/aws","change":{"actions":["no-op"],"before":{"carrier_gateway_id":"","core_network_arn":"","destination_cidr_block":"0.0.0.0/0","destination_ipv6_cidr_block":"","destination_prefix_list_id":"","egress_only_gateway_id":"","gateway_id":"","id":"r-rtb-05e5518d2199f1cd61080289494","instance_id":"","instance_owner_id":"","local_gateway_id":"","nat_gateway_id":"nat-0dcf19075e6d6a9e0","network_interface_id":"","origin":"CreateRoute","route_table_id":"rtb-05e5518d2199f1cd6","state":"active","timeouts":null,"transit_gateway_id":"","vpc_endpoint_id":"","vpc_peering_connection_id":""},"after":{"carrier_gateway_id":"","core_network_arn":"","destination_cidr_block":"0.0.0.0/0","destination_ipv6_cidr_block":"","destination_prefix_list_id":"","egress_only_gateway_id":"","gateway_id":"","id":"r-rtb-05e5518d2199f1cd61080289494","instance_id":"","instance_owner_id":"","local_gateway_id":"","nat_gateway_id":"nat-0dcf19075e6d6a9e0","network_interface_id":"","origin":"CreateRoute","route_table_id":"rtb-05e5518d2199f1cd6","state":"active","timeouts":null,"transit_gateway_id":"","vpc_endpoint_id":"","vpc_peering_connection_id":""},"after_unknown":{},"before_sensitive":{},"after_sensitive":{}}},{"address":"module.stage_vpc.module.vpc.aws_route.public_internet_gateway","module_address":"module.stage_vpc.module.vpc","mode":"managed","type":"aws_route","name":"public_internet_gateway","provider_name":"registry.terraform.io/hashicorp/aws","change":{"actions":["no-op"],"before":{"carrier_gateway_id":"","core_network_arn":"","destination_cidr_block":"0.0.0.0/0","destination_ipv6_cidr_block":"","destination_prefix_list_id":"","egress_only_gateway_id":"","gateway_id":"igw-0680e80773384969c","id":"r-rtb-02884780c4cce730f1080289494","instance_id":"","instance_owner_id":"","local_gateway_id":"","nat_gateway_id":"","network_interface_id":"","origin":"CreateRoute","route_table_id":"rtb-02884780c4cce730f","state":"active","timeouts":null,"transit_gateway_id":"","vpc_endpoint_id":"","vpc_peering_connection_id":""},"after":{"carrier_gateway_id":"","core_network_arn":"","destination_cidr_block":"0.0.0.0/0","destination_ipv6_cidr_block":"","destination_prefix_list_id":"","egress_only_gateway_id":"","gateway_id":"igw-0680e80773384969c","id":"r-rtb-02884780c4cce730f1080289494","instance_id":"","instance_owner_id":"","local_gateway_id":"","nat_gateway_id":"","network_interface_id":"","origin":"CreateRoute","route_table_id":"rtb-02884780c4cce730f","state":"active","timeouts":null,"transit_gateway_id":"","vpc_endpoint_id":"","vpc_peering_connection_id":""},"after_unknown":{},"before_sensitive":{},"after_sensitive":{}}},{"address":"module.stage_vpc.module.vpc.aws_route_table.private","module_address":"module.stage_vpc.module.vpc","mode":"managed","type":"aws_route_table","name":"private","provider_name":"registry.terraform.io/hashicorp/aws","change":{"actions":["update"],"before":{"arn":"arn:aws:ec2:us-east-1:444171185861:route-table/rtb-05e5518d2199f1cd6","id":"rtb-05e5518d2199f1cd6","owner_id":"444171185861","propagating_vgws":[],"route":[{"carrier_gateway_id":"","cidr_block":"0.0.0.0/0","core_network_arn":"","destination_prefix_list_id":"","egress_only_gateway_id":"","gateway_id":"","instance_id":"","ipv6_cidr_block":"","local_gateway_id":"","nat_gateway_id":"nat-0dcf19075e6d6a9e0","network_interface_id":"","transit_gateway_id":"","vpc_endpoint_id":"","vpc_peering_connection_id":""}],"tags":{"Environment":"dev","Name":"dev-private-route-table"},"tags_all":{"Environment":"dev","Name":"dev-private-route-table"},"timeouts":null,"vpc_id":"vpc-0db007dc41ef7db54"},"after":{"arn":"arn:aws:ec2:us-east-1:444171185861:route-table/rtb-05e5518d2199f1cd6","id":"rtb-05e5518d2199f1cd6","owner_id":"444171185861","propagating_vgws":[],"route":[{"carrier_gateway_id":"","cidr_block":"0.0.0.0/0","core_network_arn":"","destination_prefix_list_id":"","egress_only_gateway_id":"","gateway_id":"","instance_id":"","ipv6_cidr_block":"","local_gateway_id":"","nat_gateway_id":"nat-0dcf19075e6d6a9e0","network_interface_id":"","transit_gateway_id":"","vpc_endpoint_id":"","vpc_peering_connection_id":""}],"tags":{"Environment":"stage","Name":"stage-private-route-table"},"tags_all":{"Environment":"stage","Name":"stage-private-route-table"},"timeouts":null,"vpc_id":"vpc-0db007dc41ef7db54"},"after_unknown":{},"before_sensitive":{"propagating_vgws":[],"route":[{}],"tags":{},"tags_all":{}},"after_sensitive":{"propagating_vgws":[],"route":[{}],"tags":{},"tags_all":{}}}},{"address":"module.stage_vpc.module.vpc.aws_route_table.public","module_address":"module.stage_vpc.module.vpc","mode":"managed","type":"aws_route_table","name":"public","provider_name":"registry.terraform.io/hashicorp/aws","change":{"actions":["update"],"before":{"arn":"arn:aws:ec2:us-east-1:444171185861:route-table/rtb-02884780c4cce730f","id":"rtb-02884780c4cce730f","owner_id":"444171185861","propagating_vgws":[],"route":[{"carrier_gateway_id":"","cidr_block":"0.0.0.0/0","core_network_arn":"","destination_prefix_list_id":"","egress_only_gateway_id":"","gateway_id":"igw-0680e80773384969c","instance_id":"","ipv6_cidr_block":"","local_gateway_id":"","nat_gateway_id":"","network_interface_id":"","transit_gateway_id":"","vpc_endpoint_id":"","vpc_peering_connection_id":""}],"tags":{"Environment":"dev","Name":"dev-public-route-table"},"tags_all":{"Environment":"dev","Name":"dev-public-route-table"},"timeouts":null,"vpc_id":"vpc-0db007dc41ef7db54"},"after":{"arn":"arn:aws:ec2:us-east-1:444171185861:route-table/rtb-02884780c4cce730f","id":"rtb-02884780c4cce730f","owner_id":"444171185861","propagating_vgws":[],"route":[{"carrier_gateway_id":"","cidr_block":"0.0.0.0/0","core_network_arn":"","destination_prefix_list_id":"","egress_only_gateway_id":"","gateway_id":"igw-0680e80773384969c","instance_id":"","ipv6_cidr_block":"","local_gateway_id":"","nat_gateway_id":"","network_interface_id":"","transit_gateway_id":"","vpc_endpoint_id":"","vpc_peering_connection_id":""}],"tags":{"Environment":"stage","Name":"stage-public-route-table"},"tags_all":{"Environment":"stage","Name":"stage-public-route-table"},"timeouts":null,"vpc_id":"vpc-0db007dc41ef7db54"},"after_unknown":{},"before_sensitive":{"propagating_vgws":[],"route":[{}],"tags":{},"tags_all":{}},"after_sensitive":{"propagating_vgws":[],"route":[{}],"tags":{},"tags_all":{}}}},{"address":"module.stage_vpc.module.vpc.aws_route_table_association.private[0]","module_address":"module.stage_vpc.module.vpc","mode":"managed","type":"aws_route_table_association","name":"private","index":0,"provider_name":"registry.terraform.io/hashicorp/aws","change":{"actions":["no-op"],"before":{"gateway_id":"","id":"rtbassoc-076cc22055bfbeaf6","route_table_id":"rtb-05e5518d2199f1cd6","subnet_id":"subnet-0ed5a2f4d9d0b10da","timeouts":null},"after":{"gateway_id":"","id":"rtbassoc-076cc22055bfbeaf6","route_table_id":"rtb-05e5518d2199f1cd6","subnet_id":"subnet-0ed5a2f4d9d0b10da","timeouts":null},"after_unknown":{},"before_sensitive":{},"after_sensitive":{}}},{"address":"module.stage_vpc.module.vpc.aws_route_table_association.public[0]","module_address":"module.stage_vpc.module.vpc","mode":"managed","type":"aws_route_table_association","name":"public","index":0,"provider_name":"registry.terraform.io/hashicorp/aws","change":{"actions":["no-op"],"before":{"gateway_id":"","id":"rtbassoc-08300b254505537ca","route_table_id":"rtb-02884780c4cce730f","subnet_id":"subnet-0f52877bf4c35e54c","timeouts":null},"after":{"gateway_id":"","id":"rtbassoc-08300b254505537ca","route_table_id":"rtb-02884780c4cce730f","subnet_id":"subnet-0f52877bf4c35e54c","timeouts":null},"after_unknown":{},"before_sensitive":{},"after_sensitive":{}}},{"address":"module.stage_vpc.module.vpc.aws_security_group.default","module_address":"module.stage_vpc.module.vpc","mode":"managed","type":"aws_security_group","name":"default","provider_name":"registry.terraform.io/hashicorp/aws","change":{"actions":["delete","create"],"before":{"arn":"arn:aws:ec2:us-east-1:444171185861:security-group/sg-097d38229fe85ab7f","description":"Default security group to allow inbound/outbound from the VPC","egress":[{"cidr_blocks":[],"description":"","from_port":0,"ipv6_cidr_blocks":[],"prefix_list_ids":[],"protocol":"-1","security_groups":[],"self":true,"to_port":0}],"id":"sg-097d38229fe85ab7f","ingress":[{"cidr_blocks":[],"description":"","from_port":0,"ipv6_cidr_blocks":[],"prefix_list_ids":[],"protocol":"-1","security_groups":[],"self":true,"to_port":0}],"name":"dev-default-sg","name_prefix":"","owner_id":"444171185861","revoke_rules_on_delete":false,"tags":{"Environment":"dev","Name":"dev-default-sg"},"tags_all":{"Environment":"dev","Name":"dev-default-sg"},"timeouts":null,"vpc_id":"vpc-0db007dc41ef7db54"},"after":{"description":"Default security group to allow inbound/outbound from the VPC","egress":[{"cidr_blocks":[],"description":"","from_port":0,"ipv6_cidr_blocks":[],"prefix_list_ids":[],"protocol":"-1","security_groups":[],"self":true,"to_port":0}],"ingress":[{"cidr_blocks":[],"description":"","from_port":0,"ipv6_cidr_blocks":[],"prefix_list_ids":[],"protocol":"-1","security_groups":[],"self":true,"to_port":0}],"name":"stage-default-sg","revoke_rules_on_delete":false,"tags":{"Environment":"stage","Name":"stage-default-sg"},"tags_all":{"Environment":"stage","Name":"stage-default-sg"},"timeouts":null,"vpc_id":"vpc-0db007dc41ef7db54"},"after_unknown":{"arn":true,"egress":[{"cidr_blocks":[],"ipv6_cidr_blocks":[],"prefix_list_ids":[],"security_groups":[]}],"id":true,"ingress":[{"cidr_blocks":[],"ipv6_cidr_blocks":[],"prefix_list_ids":[],"security_groups":[]}],"name_prefix":true,"owner_id":true,"tags":{},"tags_all":{}},"before_sensitive":{"egress":[{"cidr_blocks":[],"ipv6_cidr_blocks":[],"prefix_list_ids":[],"security_groups":[]}],"ingress":[{"cidr_blocks":[],"ipv6_cidr_blocks":[],"prefix_list_ids":[],"security_groups":[]}],"tags":{},"tags_all":{}},"after_sensitive":{"egress":[{"cidr_blocks":[],"ipv6_cidr_blocks":[],"prefix_list_ids":[],"security_groups":[]}],"ingress":[{"cidr_blocks":[],"ipv6_cidr_blocks":[],"prefix_list_ids":[],"security_groups":[]}],"tags":{},"tags_all":{}},"replace_paths":[["name"]]},"action_reason":"replace_because_cannot_update"},{"address":"module.stage_vpc.module.vpc.aws_subnet.private_subnet[0]","module_address":"module.stage_vpc.module.vpc","mode":"managed","type":"aws_subnet","name":"private_subnet","index":0,"provider_name":"registry.terraform.io/hashicorp/aws","change":{"actions":["update"],"before":{"arn":"arn:aws:ec2:us-east-1:444171185861:subnet/subnet-0ed5a2f4d9d0b10da","assign_ipv6_address_on_creation":false,"availability_zone":"us-east-1a","availability_zone_id":"use1-az4","cidr_block":"10.0.10.0/24","customer_owned_ipv4_pool":"","enable_dns64":false,"enable_lni_at_device_index":0,"enable_resource_name_dns_a_record_on_launch":false,"enable_resource_name_dns_aaaa_record_on_launch":false,"id":"subnet-0ed5a2f4d9d0b10da","ipv6_cidr_block":"","ipv6_cidr_block_association_id":"","ipv6_native":false,"map_customer_owned_ip_on_launch":false,"map_public_ip_on_launch":false,"outpost_arn":"","owner_id":"444171185861","private_dns_hostname_type_on_launch":"ip-name","tags":{"Environment":"dev","Name":"dev-us-east-1a-private-subnet"},"tags_all":{"Environment":"dev","Name":"dev-us-east-1a-private-subnet"},"timeouts":null,"vpc_id":"vpc-0db007dc41ef7db54"},"after":{"arn":"arn:aws:ec2:us-east-1:444171185861:subnet/subnet-0ed5a2f4d9d0b10da","assign_ipv6_address_on_creation":false,"availability_zone":"us-east-1a","availability_zone_id":"use1-az4","cidr_block":"10.0.10.0/24","customer_owned_ipv4_pool":"","enable_dns64":false,"enable_lni_at_device_index":0,"enable_resource_name_dns_a_record_on_launch":false,"enable_resource_name_dns_aaaa_record_on_launch":false,"id":"subnet-0ed5a2f4d9d0b10da","ipv6_cidr_block":"","ipv6_cidr_block_association_id":"","ipv6_native":false,"map_customer_owned_ip_on_launch":false,"map_public_ip_on_launch":false,"outpost_arn":"","owner_id":"444171185861","private_dns_hostname_type_on_launch":"ip-name","tags":{"Environment":"stage","Name":"stage-us-east-1a-private-subnet"},"tags_all":{"Environment":"stage","Name":"stage-us-east-1a-private-subnet"},"timeouts":null,"vpc_id":"vpc-0db007dc41ef7db54"},"after_unknown":{},"before_sensitive":{"tags":{},"tags_all":{}},"after_sensitive":{"tags":{},"tags_all":{}}}},{"address":"module.stage_vpc.module.vpc.aws_subnet.public_subnet[0]","module_address":"module.stage_vpc.module.vpc","mode":"managed","type":"aws_subnet","name":"public_subnet","index":0,"provider_name":"registry.terraform.io/hashicorp/aws","change":{"actions":["update"],"before":{"arn":"arn:aws:ec2:us-east-1:444171185861:subnet/subnet-0f52877bf4c35e54c","assign_ipv6_address_on_creation":false,"availability_zone":"us-east-1a","availability_zone_id":"use1-az4","cidr_block":"10.0.1.0/24","customer_owned_ipv4_pool":"","enable_dns64":false,"enable_lni_at_device_index":0,"enable_resource_name_dns_a_record_on_launch":false,"enable_resource_name_dns_aaaa_record_on_launch":false,"id":"subnet-0f52877bf4c35e54c","ipv6_cidr_block":"","ipv6_cidr_block_association_id":"","ipv6_native":false,"map_customer_owned_ip_on_launch":false,"map_public_ip_on_launch":true,"outpost_arn":"","owner_id":"444171185861","private_dns_hostname_type_on_launch":"ip-name","tags":{"Environment":"dev","Name":"dev-us-east-1a-public-subnet"},"tags_all":{"Environment":"dev","Name":"dev-us-east-1a-public-subnet"},"timeouts":null,"vpc_id":"vpc-0db007dc41ef7db54"},"after":{"arn":"arn:aws:ec2:us-east-1:444171185861:subnet/subnet-0f52877bf4c35e54c","assign_ipv6_address_on_creation":false,"availability_zone":"us-east-1a","availability_zone_id":"use1-az4","cidr_block":"10.0.1.0/24","customer_owned_ipv4_pool":"","enable_dns64":false,"enable_lni_at_device_index":0,"enable_resource_name_dns_a_record_on_launch":false,"enable_resource_name_dns_aaaa_record_on_launch":false,"id":"subnet-0f52877bf4c35e54c","ipv6_cidr_block":"","ipv6_cidr_block_association_id":"","ipv6_native":false,"map_customer_owned_ip_on_launch":false,"map_public_ip_on_launch":true,"outpost_arn":"","owner_id":"444171185861","private_dns_hostname_type_on_launch":"ip-name","tags":{"Environment":"stage","Name":"stage-us-east-1a-public-subnet"},"tags_all":{"Environment":"stage","Name":"stage-us-east-1a-public-subnet"},"timeouts":null,"vpc_id":"vpc-0db007dc41ef7db54"},"after_unknown":{},"before_sensitive":{"tags":{},"tags_all":{}},"after_sensitive":{"tags":{},"tags_all":{}}}},{"address":"module.stage_vpc.module.vpc.aws_vpc.n9n_vpc","module_address":"module.stage_vpc.module.vpc","mode":"managed","type":"aws_vpc","name":"n9n_vpc","provider_name":"registry.terraform.io/hashicorp/aws","change":{"actions":["update"],"before":{"arn":"arn:aws:ec2:us-east-1:444171185861:vpc/vpc-0db007dc41ef7db54","assign_generated_ipv6_cidr_block":false,"cidr_block":"10.0.0.0/16","default_network_acl_id":"acl-00dff01837010c6d1","default_route_table_id":"rtb-04ca3c953118dc80d","default_security_group_id":"sg-0bb079c8355bbddbe","dhcp_options_id":"dopt-0f5f0ed3bbd38b703","enable_classiclink":false,"enable_classiclink_dns_support":false,"enable_dns_hostnames":true,"enable_dns_support":true,"enable_network_address_usage_metrics":false,"id":"vpc-0db007dc41ef7db54","instance_tenancy":"default","ipv4_ipam_pool_id":null,"ipv4_netmask_length":null,"ipv6_association_id":"","ipv6_cidr_block":"","ipv6_cidr_block_network_border_group":"","ipv6_ipam_pool_id":"","ipv6_netmask_length":0,"main_route_table_id":"rtb-04ca3c953118dc80d","owner_id":"444171185861","tags":{"Environment":"dev","Name":"dev-vpc"},"tags_all":{"Environment":"dev","Name":"dev-vpc"}},"after":{"arn":"arn:aws:ec2:us-east-1:444171185861:vpc/vpc-0db007dc41ef7db54","assign_generated_ipv6_cidr_block":false,"cidr_block":"10.0.0.0/16","default_network_acl_id":"acl-00dff01837010c6d1","default_route_table_id":"rtb-04ca3c953118dc80d","default_security_group_id":"sg-0bb079c8355bbddbe","dhcp_options_id":"dopt-0f5f0ed3bbd38b703","enable_classiclink":false,"enable_classiclink_dns_support":false,"enable_dns_hostnames":true,"enable_dns_support":true,"enable_network_address_usage_metrics":false,"id":"vpc-0db007dc41ef7db54","instance_tenancy":"default","ipv4_ipam_pool_id":null,"ipv4_netmask_length":null,"ipv6_association_id":"","ipv6_cidr_block":"","ipv6_cidr_block_network_border_group":"","ipv6_ipam_pool_id":"","ipv6_netmask_length":0,"main_route_table_id":"rtb-04ca3c953118dc80d","owner_id":"444171185861","tags":{"Environment":"stage","Name":"stage-vpc"},"tags_all":{"Environment":"stage","Name":"stage-vpc"}},"after_unknown":{},"before_sensitive":{"tags":{},"tags_all":{}},"after_sensitive":{"tags":{},"tags_all":{}}}}],"output_changes":{"state_bucket_arn":{"actions":["no-op"],"before":"arn:aws:s3:::n9n-s3-state-220523","after":"arn:aws:s3:::n9n-s3-state-220523","after_unknown":false,"before_sensitive":false,"after_sensitive":false},"state_dynamo":{"actions":["no-op"],"before":"tf_state_lock","after":"tf_state_lock","after_unknown":false,"before_sensitive":false,"after_sensitive":false}},"prior_state":{"format_version":"1.0","terraform_version":"1.4.4","values":{"outputs":{"state_bucket_arn":{"sensitive":false,"value":"arn:aws:s3:::n9n-s3-state-220523","type":"string"},"state_dynamo":{"sensitive":false,"value":"tf_state_lock","type":"string"}},"root_module":{"resources":[{"address":"aws_dynamodb_table.tf-state-lock","mode":"managed","type":"aws_dynamodb_table","name":"tf-state-lock","provider_name":"registry.terraform.io/hashicorp/aws","schema_version":1,"values":{"arn":"arn:aws:dynamodb:us-east-1:444171185861:table/tf_state_lock","attribute":[{"name":"LockID","type":"S"}],"billing_mode":"PROVISIONED","deletion_protection_enabled":false,"global_secondary_index":[],"hash_key":"LockID","id":"tf_state_lock","local_secondary_index":[],"name":"tf_state_lock","point_in_time_recovery":[{"enabled":false}],"range_key":null,"read_capacity":5,"replica":[],"restore_date_time":null,"restore_source_name":null,"restore_to_latest_time":null,"server_side_encryption":[],"stream_arn":"","stream_enabled":false,"stream_label":"","stream_view_type":"","table_class":"STANDARD","tags":{"Name":"Dynamodb Terraform State Lock Table"},"tags_all":{"Name":"Dynamodb Terraform State Lock Table"},"timeouts":null,"ttl":[{"attribute_name":"","enabled":false}],"write_capacity":5},"sensitive_values":{"attribute":[{}],"global_secondary_index":[],"local_secondary_index":[],"point_in_time_recovery":[{}],"replica":[],"server_side_encryption":[],"tags":{},"tags_all":{},"ttl":[{}]}},{"address":"aws_kms_key.s3-kms-key","mode":"managed","type":"aws_kms_key","name":"s3-kms-key","provider_name":"registry.terraform.io/hashicorp/aws","schema_version":0,"values":{"arn":"arn:aws:kms:us-east-1:444171185861:key/3ebfdad6-08b6-46e3-83e6-caf1e8d9c004","bypass_policy_lockout_safety_check":false,"custom_key_store_id":"","customer_master_key_spec":"SYMMETRIC_DEFAULT","deletion_window_in_days":null,"description":"Use this key to encrypt S3 buckets","enable_key_rotation":false,"id":"3ebfdad6-08b6-46e3-83e6-caf1e8d9c004","is_enabled":true,"key_id":"3ebfdad6-08b6-46e3-83e6-caf1e8d9c004","key_usage":"ENCRYPT_DECRYPT","multi_region":false,"policy":"{\"Id\":\"key-default-1\",\"Statement\":[{\"Action\":\"kms:*\",\"Effect\":\"Allow\",\"Principal\":{\"AWS\":\"arn:aws:iam::444171185861:root\"},\"Resource\":\"*\",\"Sid\":\"Enable IAM User Permissions\"}],\"Version\":\"2012-10-17\"}","tags":{},"tags_all":{}},"sensitive_values":{"tags":{},"tags_all":{}}},{"address":"aws_s3_bucket.s3-tf-bucket","mode":"managed","type":"aws_s3_bucket","name":"s3-tf-bucket","provider_name":"registry.terraform.io/hashicorp/aws","schema_version":0,"values":{"acceleration_status":"","acl":null,"arn":"arn:aws:s3:::n9n-s3-state-220523","bucket":"n9n-s3-state-220523","bucket_domain_name":"n9n-s3-state-220523.s3.amazonaws.com","bucket_prefix":"","bucket_regional_domain_name":"n9n-s3-state-220523.s3.amazonaws.com","cors_rule":[],"force_destroy":false,"grant":[{"id":"d4c96d64b817c34d7e0364b4656b90078c77cc3dee87748e03a9bcc6a12f13b2","permissions":["FULL_CONTROL"],"type":"CanonicalUser","uri":""}],"hosted_zone_id":"Z3AQBSTGFYJSTF","id":"n9n-s3-state-220523","lifecycle_rule":[],"logging":[],"object_lock_configuration":[],"object_lock_enabled":false,"policy":"","region":"us-east-1","replication_configuration":[],"request_payer":"BucketOwner","server_side_encryption_configuration":[{"rule":[{"apply_server_side_encryption_by_default":[{"kms_master_key_id":"arn:aws:kms:us-east-1:444171185861:key/3ebfdad6-08b6-46e3-83e6-caf1e8d9c004","sse_algorithm":"aws:kms"}],"bucket_key_enabled":false}]}],"tags":{"Environment":"Prod","Name":"S3 Remote Terraform State Bucket"},"tags_all":{"Environment":"Prod","Name":"S3 Remote Terraform State Bucket"},"timeouts":null,"versioning":[{"enabled":true,"mfa_delete":false}],"website":[],"website_domain":null,"website_endpoint":null},"sensitive_values":{"cors_rule":[],"grant":[{"permissions":[false]}],"lifecycle_rule":[],"logging":[],"object_lock_configuration":[],"replication_configuration":[],"server_side_encryption_configuration":[{"rule":[{"apply_server_side_encryption_by_default":[{}]}]}],"tags":{},"tags_all":{},"versioning":[{}],"website":[]}},{"address":"aws_s3_bucket_acl.s3-tf-state-bucket-acl","mode":"managed","type":"aws_s3_bucket_acl","name":"s3-tf-state-bucket-acl","provider_name":"registry.terraform.io/hashicorp/aws","schema_version":0,"values":{"access_control_policy":[{"grant":[{"grantee":[{"display_name":"admin-aws","email_address":"","id":"d4c96d64b817c34d7e0364b4656b90078c77cc3dee87748e03a9bcc6a12f13b2","type":"CanonicalUser","uri":""}],"permission":"FULL_CONTROL"}],"owner":[{"display_name":"admin-aws","id":"d4c96d64b817c34d7e0364b4656b90078c77cc3dee87748e03a9bcc6a12f13b2"}]}],"acl":"private","bucket":"n9n-s3-state-220523","expected_bucket_owner":"","id":"n9n-s3-state-220523,private"},"sensitive_values":{"access_control_policy":[{"grant":[{"grantee":[{}]}],"owner":[{}]}]},"depends_on":["aws_s3_bucket.s3-tf-bucket"]},{"address":"aws_s3_bucket_public_access_block.s3-pub-block","mode":"managed","type":"aws_s3_bucket_public_access_block","name":"s3-pub-block","provider_name":"registry.terraform.io/hashicorp/aws","schema_version":0,"values":{"block_public_acls":true,"block_public_policy":true,"bucket":"n9n-s3-state-220523","id":"n9n-s3-state-220523","ignore_public_acls":true,"restrict_public_buckets":true},"sensitive_values":{},"depends_on":["aws_s3_bucket.s3-tf-bucket"]},{"address":"aws_s3_bucket_server_side_encryption_configuration.s3-sse-config","mode":"managed","type":"aws_s3_bucket_server_side_encryption_configuration","name":"s3-sse-config","provider_name":"registry.terraform.io/hashicorp/aws","schema_version":0,"values":{"bucket":"n9n-s3-state-220523","expected_bucket_owner":"","id":"n9n-s3-state-220523","rule":[{"apply_server_side_encryption_by_default":[{"kms_master_key_id":"arn:aws:kms:us-east-1:444171185861:key/3ebfdad6-08b6-46e3-83e6-caf1e8d9c004","sse_algorithm":"aws:kms"}],"bucket_key_enabled":false}]},"sensitive_values":{"rule":[{"apply_server_side_encryption_by_default":[{}]}]},"depends_on":["aws_kms_key.s3-kms-key","aws_s3_bucket.s3-tf-bucket"]},{"address":"aws_s3_bucket_versioning.s3-tf-bucket-versioning","mode":"managed","type":"aws_s3_bucket_versioning","name":"s3-tf-bucket-versioning","provider_name":"registry.terraform.io/hashicorp/aws","schema_version":0,"values":{"bucket":"n9n-s3-state-220523","expected_bucket_owner":"","id":"n9n-s3-state-220523","mfa":null,"versioning_configuration":[{"mfa_delete":"","status":"Enabled"}]},"sensitive_values":{"versioning_configuration":[{}]},"depends_on":["aws_s3_bucket.s3-tf-bucket"]}],"child_modules":[{"address":"module.dev_vpc","child_modules":[{"resources":[{"address":"module.dev_vpc.module.vpc.aws_eip.n9n_nat_eip","mode":"managed","type":"aws_eip","name":"n9n_nat_eip","provider_name":"registry.terraform.io/hashicorp/aws","schema_version":0,"values":{"address":null,"allocation_id":"eipalloc-001f842189e1f930a","associate_with_private_ip":null,"association_id":"eipassoc-0b72c72ce9dbb6c70","carrier_ip":"","customer_owned_ip":"","customer_owned_ipv4_pool":"","domain":"vpc","id":"eipalloc-001f842189e1f930a","instance":"","network_border_group":"us-east-1","network_interface":"eni-04e6ad75805323268","private_dns":"ip-10-0-1-47.ec2.internal","private_ip":"10.0.1.47","public_dns":"ec2-54-175-233-149.compute-1.amazonaws.com","public_ip":"54.175.233.149","public_ipv4_pool":"amazon","tags":{},"tags_all":{},"timeouts":null,"vpc":true},"sensitive_values":{"tags":{},"tags_all":{}},"depends_on":["module.dev_vpc.module.vpc.aws_internet_gateway.n9n_ig","module.dev_vpc.module.vpc.aws_vpc.n9n_vpc"]},{"address":"module.dev_vpc.module.vpc.aws_internet_gateway.n9n_ig","mode":"managed","type":"aws_internet_gateway","name":"n9n_ig","provider_name":"registry.terraform.io/hashicorp/aws","schema_version":0,"values":{"arn":"arn:aws:ec2:us-east-1:444171185861:internet-gateway/igw-016d54fc87a6cb779","id":"igw-016d54fc87a6cb779","owner_id":"444171185861","tags":{"Environment":"dev","Name":"dev-igw"},"tags_all":{"Environment":"dev","Name":"dev-igw"},"timeouts":null,"vpc_id":"vpc-05c8af84715ad862a"},"sensitive_values":{"tags":{},"tags_all":{}},"depends_on":["module.dev_vpc.module.vpc.aws_vpc.n9n_vpc"]},{"address":"module.dev_vpc.module.vpc.aws_nat_gateway.n9n_nat_gw","mode":"managed","type":"aws_nat_gateway","name":"n9n_nat_gw","provider_name":"registry.terraform.io/hashicorp/aws","schema_version":0,"values":{"allocation_id":"eipalloc-001f842189e1f930a","association_id":"eipassoc-0b72c72ce9dbb6c70","connectivity_type":"public","id":"nat-0433ec27e259a40de","network_interface_id":"eni-04e6ad75805323268","private_ip":"10.0.1.47","public_ip":"54.175.233.149","subnet_id":"subnet-0f0a7129fb658f9ad","tags":{"Environment":"dev","Name":"dev-nat"},"tags_all":{"Environment":"dev","Name":"dev-nat"}},"sensitive_values":{"tags":{},"tags_all":{}},"depends_on":["module.dev_vpc.module.vpc.aws_eip.n9n_nat_eip","module.dev_vpc.module.vpc.aws_internet_gateway.n9n_ig","module.dev_vpc.module.vpc.aws_subnet.public_subnet","module.dev_vpc.module.vpc.aws_vpc.n9n_vpc"]},{"address":"module.dev_vpc.module.vpc.aws_route.private_nat_gateway","mode":"managed","type":"aws_route","name":"private_nat_gateway","provider_name":"registry.terraform.io/hashicorp/aws","schema_version":0,"values":{"carrier_gateway_id":"","core_network_arn":"","destination_cidr_block":"0.0.0.0/0","destination_ipv6_cidr_block":"","destination_prefix_list_id":"","egress_only_gateway_id":"","gateway_id":"","id":"r-rtb-09c72a3f8852d80281080289494","instance_id":"","instance_owner_id":"","local_gateway_id":"","nat_gateway_id":"nat-0433ec27e259a40de","network_interface_id":"","origin":"CreateRoute","route_table_id":"rtb-09c72a3f8852d8028","state":"active","timeouts":null,"transit_gateway_id":"","vpc_endpoint_id":"","vpc_peering_connection_id":""},"sensitive_values":{},"depends_on":["module.dev_vpc.module.vpc.aws_eip.n9n_nat_eip","module.dev_vpc.module.vpc.aws_internet_gateway.n9n_ig","module.dev_vpc.module.vpc.aws_nat_gateway.n9n_nat_gw","module.dev_vpc.module.vpc.aws_route_table.private","module.dev_vpc.module.vpc.aws_subnet.public_subnet","module.dev_vpc.module.vpc.aws_vpc.n9n_vpc"]},{"address":"module.dev_vpc.module.vpc.aws_route.public_internet_gateway","mode":"managed","type":"aws_route","name":"public_internet_gateway","provider_name":"registry.terraform.io/hashicorp/aws","schema_version":0,"values":{"carrier_gateway_id":"","core_network_arn":"","destination_cidr_block":"0.0.0.0/0","destination_ipv6_cidr_block":"","destination_prefix_list_id":"","egress_only_gateway_id":"","gateway_id":"igw-016d54fc87a6cb779","id":"r-rtb-037ee04ee10c1710f1080289494","instance_id":"","instance_owner_id":"","local_gateway_id":"","nat_gateway_id":"","network_interface_id":"","origin":"CreateRoute","route_table_id":"rtb-037ee04ee10c1710f","state":"active","timeouts":null,"transit_gateway_id":"","vpc_endpoint_id":"","vpc_peering_connection_id":""},"sensitive_values":{},"depends_on":["module.dev_vpc.module.vpc.aws_internet_gateway.n9n_ig","module.dev_vpc.module.vpc.aws_route_table.public","module.dev_vpc.module.vpc.aws_vpc.n9n_vpc"]},{"address":"module.dev_vpc.module.vpc.aws_route_table.private","mode":"managed","type":"aws_route_table","name":"private","provider_name":"registry.terraform.io/hashicorp/aws","schema_version":0,"values":{"arn":"arn:aws:ec2:us-east-1:444171185861:route-table/rtb-09c72a3f8852d8028","id":"rtb-09c72a3f8852d8028","owner_id":"444171185861","propagating_vgws":[],"route":[{"carrier_gateway_id":"","cidr_block":"0.0.0.0/0","core_network_arn":"","destination_prefix_list_id":"","egress_only_gateway_id":"","gateway_id":"","instance_id":"","ipv6_cidr_block":"","local_gateway_id":"","nat_gateway_id":"nat-0433ec27e259a40de","network_interface_id":"","transit_gateway_id":"","vpc_endpoint_id":"","vpc_peering_connection_id":""}],"tags":{"Environment":"dev","Name":"dev-private-route-table"},"tags_all":{"Environment":"dev","Name":"dev-private-route-table"},"timeouts":null,"vpc_id":"vpc-05c8af84715ad862a"},"sensitive_values":{"propagating_vgws":[],"route":[{}],"tags":{},"tags_all":{}},"depends_on":["module.dev_vpc.module.vpc.aws_vpc.n9n_vpc"]},{"address":"module.dev_vpc.module.vpc.aws_route_table.public","mode":"managed","type":"aws_route_table","name":"public","provider_name":"registry.terraform.io/hashicorp/aws","schema_version":0,"values":{"arn":"arn:aws:ec2:us-east-1:444171185861:route-table/rtb-037ee04ee10c1710f","id":"rtb-037ee04ee10c1710f","owner_id":"444171185861","propagating_vgws":[],"route":[{"carrier_gateway_id":"","cidr_block":"0.0.0.0/0","core_network_arn":"","destination_prefix_list_id":"","egress_only_gateway_id":"","gateway_id":"igw-016d54fc87a6cb779","instance_id":"","ipv6_cidr_block":"","local_gateway_id":"","nat_gateway_id":"","network_interface_id":"","transit_gateway_id":"","vpc_endpoint_id":"","vpc_peering_connection_id":""}],"tags":{"Environment":"dev","Name":"dev-public-route-table"},"tags_all":{"Environment":"dev","Name":"dev-public-route-table"},"timeouts":null,"vpc_id":"vpc-05c8af84715ad862a"},"sensitive_values":{"propagating_vgws":[],"route":[{}],"tags":{},"tags_all":{}},"depends_on":["module.dev_vpc.module.vpc.aws_vpc.n9n_vpc"]},{"address":"module.dev_vpc.module.vpc.aws_route_table_association.private[0]","mode":"managed","type":"aws_route_table_association","name":"private","index":0,"provider_name":"registry.terraform.io/hashicorp/aws","schema_version":0,"values":{"gateway_id":"","id":"rtbassoc-025fa3a543c1ba95c","route_table_id":"rtb-09c72a3f8852d8028","subnet_id":"subnet-0bc5cd4cf5054059b","timeouts":null},"sensitive_values":{},"depends_on":["module.dev_vpc.module.vpc.aws_route_table.private","module.dev_vpc.module.vpc.aws_subnet.private_subnet","module.dev_vpc.module.vpc.aws_vpc.n9n_vpc"]},{"address":"module.dev_vpc.module.vpc.aws_route_table_association.public[0]","mode":"managed","type":"aws_route_table_association","name":"public","index":0,"provider_name":"registry.terraform.io/hashicorp/aws","schema_version":0,"values":{"gateway_id":"","id":"rtbassoc-0f337c8f1cd26b10a","route_table_id":"rtb-037ee04ee10c1710f","subnet_id":"subnet-0f0a7129fb658f9ad","timeouts":null},"sensitive_values":{},"depends_on":["module.dev_vpc.module.vpc.aws_route_table.public","module.dev_vpc.module.vpc.aws_subnet.public_subnet","module.dev_vpc.module.vpc.aws_vpc.n9n_vpc"]},{"address":"module.dev_vpc.module.vpc.aws_security_group.default","mode":"managed","type":"aws_security_group","name":"default","provider_name":"registry.terraform.io/hashicorp/aws","schema_version":1,"values":{"arn":"arn:aws:ec2:us-east-1:444171185861:security-group/sg-02985b94ee4a73439","description":"Default security group to allow inbound/outbound from the VPC","egress":[{"cidr_blocks":[],"description":"","from_port":0,"ipv6_cidr_blocks":[],"prefix_list_ids":[],"protocol":"-1","security_groups":[],"self":true,"to_port":0}],"id":"sg-02985b94ee4a73439","ingress":[{"cidr_blocks":[],"description":"","from_port":0,"ipv6_cidr_blocks":[],"prefix_list_ids":[],"protocol":"-1","security_groups":[],"self":true,"to_port":0}],"name":"dev-default-sg","name_prefix":"","owner_id":"444171185861","revoke_rules_on_delete":false,"tags":{"Environment":"dev","Name":"dev-default-sg"},"tags_all":{"Environment":"dev","Name":"dev-default-sg"},"timeouts":null,"vpc_id":"vpc-05c8af84715ad862a"},"sensitive_values":{"egress":[{"cidr_blocks":[],"ipv6_cidr_blocks":[],"prefix_list_ids":[],"security_groups":[]}],"ingress":[{"cidr_blocks":[],"ipv6_cidr_blocks":[],"prefix_list_ids":[],"security_groups":[]}],"tags":{},"tags_all":{}},"depends_on":["module.dev_vpc.module.vpc.aws_vpc.n9n_vpc"]},{"address":"module.dev_vpc.module.vpc.aws_subnet.private_subnet[0]","mode":"managed","type":"aws_subnet","name":"private_subnet","index":0,"provider_name":"registry.terraform.io/hashicorp/aws","schema_version":1,"values":{"arn":"arn:aws:ec2:us-east-1:444171185861:subnet/subnet-0bc5cd4cf5054059b","assign_ipv6_address_on_creation":false,"availability_zone":"us-east-1a","availability_zone_id":"use1-az4","cidr_block":"10.0.10.0/24","customer_owned_ipv4_pool":"","enable_dns64":false,"enable_lni_at_device_index":0,"enable_resource_name_dns_a_record_on_launch":false,"enable_resource_name_dns_aaaa_record_on_launch":false,"id":"subnet-0bc5cd4cf5054059b","ipv6_cidr_block":"","ipv6_cidr_block_association_id":"","ipv6_native":false,"map_customer_owned_ip_on_launch":false,"map_public_ip_on_launch":false,"outpost_arn":"","owner_id":"444171185861","private_dns_hostname_type_on_launch":"ip-name","tags":{"Environment":"dev","Name":"dev-us-east-1a-private-subnet"},"tags_all":{"Environment":"dev","Name":"dev-us-east-1a-private-subnet"},"timeouts":null,"vpc_id":"vpc-05c8af84715ad862a"},"sensitive_values":{"tags":{},"tags_all":{}},"depends_on":["module.dev_vpc.module.vpc.aws_vpc.n9n_vpc"]},{"address":"module.dev_vpc.module.vpc.aws_subnet.public_subnet[0]","mode":"managed","type":"aws_subnet","name":"public_subnet","index":0,"provider_name":"registry.terraform.io/hashicorp/aws","schema_version":1,"values":{"arn":"arn:aws:ec2:us-east-1:444171185861:subnet/subnet-0f0a7129fb658f9ad","assign_ipv6_address_on_creation":false,"availability_zone":"us-east-1a","availability_zone_id":"use1-az4","cidr_block":"10.0.1.0/24","customer_owned_ipv4_pool":"","enable_dns64":false,"enable_lni_at_device_index":0,"enable_resource_name_dns_a_record_on_launch":false,"enable_resource_name_dns_aaaa_record_on_launch":false,"id":"subnet-0f0a7129fb658f9ad","ipv6_cidr_block":"","ipv6_cidr_block_association_id":"","ipv6_native":false,"map_customer_owned_ip_on_launch":false,"map_public_ip_on_launch":true,"outpost_arn":"","owner_id":"444171185861","private_dns_hostname_type_on_launch":"ip-name","tags":{"Environment":"dev","Name":"dev-us-east-1a-public-subnet"},"tags_all":{"Environment":"dev","Name":"dev-us-east-1a-public-subnet"},"timeouts":null,"vpc_id":"vpc-05c8af84715ad862a"},"sensitive_values":{"tags":{},"tags_all":{}},"depends_on":["module.dev_vpc.module.vpc.aws_vpc.n9n_vpc"]},{"address":"module.dev_vpc.module.vpc.aws_vpc.n9n_vpc","mode":"managed","type":"aws_vpc","name":"n9n_vpc","provider_name":"registry.terraform.io/hashicorp/aws","schema_version":1,"values":{"arn":"arn:aws:ec2:us-east-1:444171185861:vpc/vpc-05c8af84715ad862a","assign_generated_ipv6_cidr_block":false,"cidr_block":"10.0.0.0/16","default_network_acl_id":"acl-0391704db9e611349","default_route_table_id":"rtb-0df51899206ee6dd5","default_security_group_id":"sg-0c20b46066b700070","dhcp_options_id":"dopt-0f5f0ed3bbd38b703","enable_classiclink":false,"enable_classiclink_dns_support":false,"enable_dns_hostnames":true,"enable_dns_support":true,"enable_network_address_usage_metrics":false,"id":"vpc-05c8af84715ad862a","instance_tenancy":"default","ipv4_ipam_pool_id":null,"ipv4_netmask_length":null,"ipv6_association_id":"","ipv6_cidr_block":"","ipv6_cidr_block_network_border_group":"","ipv6_ipam_pool_id":"","ipv6_netmask_length":0,"main_route_table_id":"rtb-0df51899206ee6dd5","owner_id":"444171185861","tags":{"Environment":"dev","Name":"dev-vpc"},"tags_all":{"Environment":"dev","Name":"dev-vpc"}},"sensitive_values":{"tags":{},"tags_all":{}}}],"address":"module.dev_vpc.module.vpc"}]},{"address":"module.prod_vpc","child_modules":[{"resources":[{"address":"module.prod_vpc.module.vpc.aws_eip.n9n_nat_eip","mode":"managed","type":"aws_eip","name":"n9n_nat_eip","provider_name":"registry.terraform.io/hashicorp/aws","schema_version":0,"values":{"address":null,"allocation_id":"eipalloc-0935fe93ca6824071","associate_with_private_ip":null,"association_id":"eipassoc-0dce71659e07a526d","carrier_ip":"","customer_owned_ip":"","customer_owned_ipv4_pool":"","domain":"vpc","id":"eipalloc-0935fe93ca6824071","instance":"","network_border_group":"us-east-1","network_interface":"eni-0c20bf97e4196b2c1","private_dns":"ip-10-0-1-177.ec2.internal","private_ip":"10.0.1.177","public_dns":"ec2-34-196-65-169.compute-1.amazonaws.com","public_ip":"34.196.65.169","public_ipv4_pool":"amazon","tags":{},"tags_all":{},"timeouts":null,"vpc":true},"sensitive_values":{"tags":{},"tags_all":{}},"depends_on":["module.prod_vpc.module.vpc.aws_internet_gateway.n9n_ig","module.prod_vpc.module.vpc.aws_vpc.n9n_vpc"]},{"address":"module.prod_vpc.module.vpc.aws_internet_gateway.n9n_ig","mode":"managed","type":"aws_internet_gateway","name":"n9n_ig","provider_name":"registry.terraform.io/hashicorp/aws","schema_version":0,"values":{"arn":"arn:aws:ec2:us-east-1:444171185861:internet-gateway/igw-09629a267416a4576","id":"igw-09629a267416a4576","owner_id":"444171185861","tags":{"Environment":"dev","Name":"dev-igw"},"tags_all":{"Environment":"dev","Name":"dev-igw"},"timeouts":null,"vpc_id":"vpc-089a9617aef708250"},"sensitive_values":{"tags":{},"tags_all":{}},"depends_on":["module.prod_vpc.module.vpc.aws_vpc.n9n_vpc"]},{"address":"module.prod_vpc.module.vpc.aws_nat_gateway.n9n_nat_gw","mode":"managed","type":"aws_nat_gateway","name":"n9n_nat_gw","provider_name":"registry.terraform.io/hashicorp/aws","schema_version":0,"values":{"allocation_id":"eipalloc-0935fe93ca6824071","association_id":"eipassoc-0dce71659e07a526d","connectivity_type":"public","id":"nat-0c6abdd1c85bad328","network_interface_id":"eni-0c20bf97e4196b2c1","private_ip":"10.0.1.177","public_ip":"34.196.65.169","subnet_id":"subnet-0e7b4ddafc1c90395","tags":{"Environment":"dev","Name":"dev-nat"},"tags_all":{"Environment":"dev","Name":"dev-nat"}},"sensitive_values":{"tags":{},"tags_all":{}},"depends_on":["module.prod_vpc.module.vpc.aws_eip.n9n_nat_eip","module.prod_vpc.module.vpc.aws_internet_gateway.n9n_ig","module.prod_vpc.module.vpc.aws_subnet.public_subnet","module.prod_vpc.module.vpc.aws_vpc.n9n_vpc"]},{"address":"module.prod_vpc.module.vpc.aws_route.private_nat_gateway","mode":"managed","type":"aws_route","name":"private_nat_gateway","provider_name":"registry.terraform.io/hashicorp/aws","schema_version":0,"values":{"carrier_gateway_id":"","core_network_arn":"","destination_cidr_block":"0.0.0.0/0","destination_ipv6_cidr_block":"","destination_prefix_list_id":"","egress_only_gateway_id":"","gateway_id":"","id":"r-rtb-0b94111dcfaca0bb71080289494","instance_id":"","instance_owner_id":"","local_gateway_id":"","nat_gateway_id":"nat-0c6abdd1c85bad328","network_interface_id":"","origin":"CreateRoute","route_table_id":"rtb-0b94111dcfaca0bb7","state":"active","timeouts":null,"transit_gateway_id":"","vpc_endpoint_id":"","vpc_peering_connection_id":""},"sensitive_values":{},"depends_on":["module.prod_vpc.module.vpc.aws_eip.n9n_nat_eip","module.prod_vpc.module.vpc.aws_internet_gateway.n9n_ig","module.prod_vpc.module.vpc.aws_nat_gateway.n9n_nat_gw","module.prod_vpc.module.vpc.aws_route_table.private","module.prod_vpc.module.vpc.aws_subnet.public_subnet","module.prod_vpc.module.vpc.aws_vpc.n9n_vpc"]},{"address":"module.prod_vpc.module.vpc.aws_route.public_internet_gateway","mode":"managed","type":"aws_route","name":"public_internet_gateway","provider_name":"registry.terraform.io/hashicorp/aws","schema_version":0,"values":{"carrier_gateway_id":"","core_network_arn":"","destination_cidr_block":"0.0.0.0/0","destination_ipv6_cidr_block":"","destination_prefix_list_id":"","egress_only_gateway_id":"","gateway_id":"igw-09629a267416a4576","id":"r-rtb-0b5e0bb2c637c1ac61080289494","instance_id":"","instance_owner_id":"","local_gateway_id":"","nat_gateway_id":"","network_interface_id":"","origin":"CreateRoute","route_table_id":"rtb-0b5e0bb2c637c1ac6","state":"active","timeouts":null,"transit_gateway_id":"","vpc_endpoint_id":"","vpc_peering_connection_id":""},"sensitive_values":{},"depends_on":["module.prod_vpc.module.vpc.aws_internet_gateway.n9n_ig","module.prod_vpc.module.vpc.aws_route_table.public","module.prod_vpc.module.vpc.aws_vpc.n9n_vpc"]},{"address":"module.prod_vpc.module.vpc.aws_route_table.private","mode":"managed","type":"aws_route_table","name":"private","provider_name":"registry.terraform.io/hashicorp/aws","schema_version":0,"values":{"arn":"arn:aws:ec2:us-east-1:444171185861:route-table/rtb-0b94111dcfaca0bb7","id":"rtb-0b94111dcfaca0bb7","owner_id":"444171185861","propagating_vgws":[],"route":[{"carrier_gateway_id":"","cidr_block":"0.0.0.0/0","core_network_arn":"","destination_prefix_list_id":"","egress_only_gateway_id":"","gateway_id":"","instance_id":"","ipv6_cidr_block":"","local_gateway_id":"","nat_gateway_id":"nat-0c6abdd1c85bad328","network_interface_id":"","transit_gateway_id":"","vpc_endpoint_id":"","vpc_peering_connection_id":""}],"tags":{"Environment":"dev","Name":"dev-private-route-table"},"tags_all":{"Environment":"dev","Name":"dev-private-route-table"},"timeouts":null,"vpc_id":"vpc-089a9617aef708250"},"sensitive_values":{"propagating_vgws":[],"route":[{}],"tags":{},"tags_all":{}},"depends_on":["module.prod_vpc.module.vpc.aws_vpc.n9n_vpc"]},{"address":"module.prod_vpc.module.vpc.aws_route_table.public","mode":"managed","type":"aws_route_table","name":"public","provider_name":"registry.terraform.io/hashicorp/aws","schema_version":0,"values":{"arn":"arn:aws:ec2:us-east-1:444171185861:route-table/rtb-0b5e0bb2c637c1ac6","id":"rtb-0b5e0bb2c637c1ac6","owner_id":"444171185861","propagating_vgws":[],"route":[{"carrier_gateway_id":"","cidr_block":"0.0.0.0/0","core_network_arn":"","destination_prefix_list_id":"","egress_only_gateway_id":"","gateway_id":"igw-09629a267416a4576","instance_id":"","ipv6_cidr_block":"","local_gateway_id":"","nat_gateway_id":"","network_interface_id":"","transit_gateway_id":"","vpc_endpoint_id":"","vpc_peering_connection_id":""}],"tags":{"Environment":"dev","Name":"dev-public-route-table"},"tags_all":{"Environment":"dev","Name":"dev-public-route-table"},"timeouts":null,"vpc_id":"vpc-089a9617aef708250"},"sensitive_values":{"propagating_vgws":[],"route":[{}],"tags":{},"tags_all":{}},"depends_on":["module.prod_vpc.module.vpc.aws_vpc.n9n_vpc"]},{"address":"module.prod_vpc.module.vpc.aws_route_table_association.private[0]","mode":"managed","type":"aws_route_table_association","name":"private","index":0,"provider_name":"registry.terraform.io/hashicorp/aws","schema_version":0,"values":{"gateway_id":"","id":"rtbassoc-027e74f72b45b8083","route_table_id":"rtb-0b94111dcfaca0bb7","subnet_id":"subnet-06a5f250d4c8c237d","timeouts":null},"sensitive_values":{},"depends_on":["module.prod_vpc.module.vpc.aws_route_table.private","module.prod_vpc.module.vpc.aws_subnet.private_subnet","module.prod_vpc.module.vpc.aws_vpc.n9n_vpc"]},{"address":"module.prod_vpc.module.vpc.aws_route_table_association.public[0]","mode":"managed","type":"aws_route_table_association","name":"public","index":0,"provider_name":"registry.terraform.io/hashicorp/aws","schema_version":0,"values":{"gateway_id":"","id":"rtbassoc-0fa220940c15d6cf2","route_table_id":"rtb-0b5e0bb2c637c1ac6","subnet_id":"subnet-0e7b4ddafc1c90395","timeouts":null},"sensitive_values":{},"depends_on":["module.prod_vpc.module.vpc.aws_route_table.public","module.prod_vpc.module.vpc.aws_subnet.public_subnet","module.prod_vpc.module.vpc.aws_vpc.n9n_vpc"]},{"address":"module.prod_vpc.module.vpc.aws_security_group.default","mode":"managed","type":"aws_security_group","name":"default","provider_name":"registry.terraform.io/hashicorp/aws","schema_version":1,"values":{"arn":"arn:aws:ec2:us-east-1:444171185861:security-group/sg-041f28b0c28e7bf2e","description":"Default security group to allow inbound/outbound from the VPC","egress":[{"cidr_blocks":[],"description":"","from_port":0,"ipv6_cidr_blocks":[],"prefix_list_ids":[],"protocol":"-1","security_groups":[],"self":true,"to_port":0}],"id":"sg-041f28b0c28e7bf2e","ingress":[{"cidr_blocks":[],"description":"","from_port":0,"ipv6_cidr_blocks":[],"prefix_list_ids":[],"protocol":"-1","security_groups":[],"self":true,"to_port":0}],"name":"dev-default-sg","name_prefix":"","owner_id":"444171185861","revoke_rules_on_delete":false,"tags":{"Environment":"dev","Name":"dev-default-sg"},"tags_all":{"Environment":"dev","Name":"dev-default-sg"},"timeouts":null,"vpc_id":"vpc-089a9617aef708250"},"sensitive_values":{"egress":[{"cidr_blocks":[],"ipv6_cidr_blocks":[],"prefix_list_ids":[],"security_groups":[]}],"ingress":[{"cidr_blocks":[],"ipv6_cidr_blocks":[],"prefix_list_ids":[],"security_groups":[]}],"tags":{},"tags_all":{}},"depends_on":["module.prod_vpc.module.vpc.aws_vpc.n9n_vpc"]},{"address":"module.prod_vpc.module.vpc.aws_subnet.private_subnet[0]","mode":"managed","type":"aws_subnet","name":"private_subnet","index":0,"provider_name":"registry.terraform.io/hashicorp/aws","schema_version":1,"values":{"arn":"arn:aws:ec2:us-east-1:444171185861:subnet/subnet-06a5f250d4c8c237d","assign_ipv6_address_on_creation":false,"availability_zone":"us-east-1a","availability_zone_id":"use1-az4","cidr_block":"10.0.10.0/24","customer_owned_ipv4_pool":"","enable_dns64":false,"enable_lni_at_device_index":0,"enable_resource_name_dns_a_record_on_launch":false,"enable_resource_name_dns_aaaa_record_on_launch":false,"id":"subnet-06a5f250d4c8c237d","ipv6_cidr_block":"","ipv6_cidr_block_association_id":"","ipv6_native":false,"map_customer_owned_ip_on_launch":false,"map_public_ip_on_launch":false,"outpost_arn":"","owner_id":"444171185861","private_dns_hostname_type_on_launch":"ip-name","tags":{"Environment":"dev","Name":"dev-us-east-1a-private-subnet"},"tags_all":{"Environment":"dev","Name":"dev-us-east-1a-private-subnet"},"timeouts":null,"vpc_id":"vpc-089a9617aef708250"},"sensitive_values":{"tags":{},"tags_all":{}},"depends_on":["module.prod_vpc.module.vpc.aws_vpc.n9n_vpc"]},{"address":"module.prod_vpc.module.vpc.aws_subnet.public_subnet[0]","mode":"managed","type":"aws_subnet","name":"public_subnet","index":0,"provider_name":"registry.terraform.io/hashicorp/aws","schema_version":1,"values":{"arn":"arn:aws:ec2:us-east-1:444171185861:subnet/subnet-0e7b4ddafc1c90395","assign_ipv6_address_on_creation":false,"availability_zone":"us-east-1a","availability_zone_id":"use1-az4","cidr_block":"10.0.1.0/24","customer_owned_ipv4_pool":"","enable_dns64":false,"enable_lni_at_device_index":0,"enable_resource_name_dns_a_record_on_launch":false,"enable_resource_name_dns_aaaa_record_on_launch":false,"id":"subnet-0e7b4ddafc1c90395","ipv6_cidr_block":"","ipv6_cidr_block_association_id":"","ipv6_native":false,"map_customer_owned_ip_on_launch":false,"map_public_ip_on_launch":true,"outpost_arn":"","owner_id":"444171185861","private_dns_hostname_type_on_launch":"ip-name","tags":{"Environment":"dev","Name":"dev-us-east-1a-public-subnet"},"tags_all":{"Environment":"dev","Name":"dev-us-east-1a-public-subnet"},"timeouts":null,"vpc_id":"vpc-089a9617aef708250"},"sensitive_values":{"tags":{},"tags_all":{}},"depends_on":["module.prod_vpc.module.vpc.aws_vpc.n9n_vpc"]},{"address":"module.prod_vpc.module.vpc.aws_vpc.n9n_vpc","mode":"managed","type":"aws_vpc","name":"n9n_vpc","provider_name":"registry.terraform.io/hashicorp/aws","schema_version":1,"values":{"arn":"arn:aws:ec2:us-east-1:444171185861:vpc/vpc-089a9617aef708250","assign_generated_ipv6_cidr_block":false,"cidr_block":"10.0.0.0/16","default_network_acl_id":"acl-01c2d8b88ddde2219","default_route_table_id":"rtb-00a8274bc4a51be49","default_security_group_id":"sg-0d6873303b394c654","dhcp_options_id":"dopt-0f5f0ed3bbd38b703","enable_classiclink":false,"enable_classiclink_dns_support":false,"enable_dns_hostnames":true,"enable_dns_support":true,"enable_network_address_usage_metrics":false,"id":"vpc-089a9617aef708250","instance_tenancy":"default","ipv4_ipam_pool_id":null,"ipv4_netmask_length":null,"ipv6_association_id":"","ipv6_cidr_block":"","ipv6_cidr_block_network_border_group":"","ipv6_ipam_pool_id":"","ipv6_netmask_length":0,"main_route_table_id":"rtb-00a8274bc4a51be49","owner_id":"444171185861","tags":{"Environment":"dev","Name":"dev-vpc"},"tags_all":{"Environment":"dev","Name":"dev-vpc"}},"sensitive_values":{"tags":{},"tags_all":{}}}],"address":"module.prod_vpc.module.vpc"}]},{"address":"module.stage_vpc","child_modules":[{"resources":[{"address":"module.stage_vpc.module.vpc.aws_eip.n9n_nat_eip","mode":"managed","type":"aws_eip","name":"n9n_nat_eip","provider_name":"registry.terraform.io/hashicorp/aws","schema_version":0,"values":{"address":null,"allocation_id":"eipalloc-04bfce424dbec9cf2","associate_with_private_ip":null,"association_id":"eipassoc-07a3dced98ef6467a","carrier_ip":"","customer_owned_ip":"","customer_owned_ipv4_pool":"","domain":"vpc","id":"eipalloc-04bfce424dbec9cf2","instance":"","network_border_group":"us-east-1","network_interface":"eni-0324c58245f364b50","private_dns":"ip-10-0-1-210.ec2.internal","private_ip":"10.0.1.210","public_dns":"ec2-44-216-128-48.compute-1.amazonaws.com","public_ip":"44.216.128.48","public_ipv4_pool":"amazon","tags":{},"tags_all":{},"timeouts":null,"vpc":true},"sensitive_values":{"tags":{},"tags_all":{}},"depends_on":["module.stage_vpc.module.vpc.aws_internet_gateway.n9n_ig","module.stage_vpc.module.vpc.aws_vpc.n9n_vpc"]},{"address":"module.stage_vpc.module.vpc.aws_internet_gateway.n9n_ig","mode":"managed","type":"aws_internet_gateway","name":"n9n_ig","provider_name":"registry.terraform.io/hashicorp/aws","schema_version":0,"values":{"arn":"arn:aws:ec2:us-east-1:444171185861:internet-gateway/igw-0680e80773384969c","id":"igw-0680e80773384969c","owner_id":"444171185861","tags":{"Environment":"dev","Name":"dev-igw"},"tags_all":{"Environment":"dev","Name":"dev-igw"},"timeouts":null,"vpc_id":"vpc-0db007dc41ef7db54"},"sensitive_values":{"tags":{},"tags_all":{}},"depends_on":["module.stage_vpc.module.vpc.aws_vpc.n9n_vpc"]},{"address":"module.stage_vpc.module.vpc.aws_nat_gateway.n9n_nat_gw","mode":"managed","type":"aws_nat_gateway","name":"n9n_nat_gw","provider_name":"registry.terraform.io/hashicorp/aws","schema_version":0,"values":{"allocation_id":"eipalloc-04bfce424dbec9cf2","association_id":"eipassoc-07a3dced98ef6467a","connectivity_type":"public","id":"nat-0dcf19075e6d6a9e0","network_interface_id":"eni-0324c58245f364b50","private_ip":"10.0.1.210","public_ip":"44.216.128.48","subnet_id":"subnet-0f52877bf4c35e54c","tags":{"Environment":"dev","Name":"dev-nat"},"tags_all":{"Environment":"dev","Name":"dev-nat"}},"sensitive_values":{"tags":{},"tags_all":{}},"depends_on":["module.stage_vpc.module.vpc.aws_eip.n9n_nat_eip","module.stage_vpc.module.vpc.aws_internet_gateway.n9n_ig","module.stage_vpc.module.vpc.aws_subnet.public_subnet","module.stage_vpc.module.vpc.aws_vpc.n9n_vpc"]},{"address":"module.stage_vpc.module.vpc.aws_route.private_nat_gateway","mode":"managed","type":"aws_route","name":"private_nat_gateway","provider_name":"registry.terraform.io/hashicorp/aws","schema_version":0,"values":{"carrier_gateway_id":"","core_network_arn":"","destination_cidr_block":"0.0.0.0/0","destination_ipv6_cidr_block":"","destination_prefix_list_id":"","egress_only_gateway_id":"","gateway_id":"","id":"r-rtb-05e5518d2199f1cd61080289494","instance_id":"","instance_owner_id":"","local_gateway_id":"","nat_gateway_id":"nat-0dcf19075e6d6a9e0","network_interface_id":"","origin":"CreateRoute","route_table_id":"rtb-05e5518d2199f1cd6","state":"active","timeouts":null,"transit_gateway_id":"","vpc_endpoint_id":"","vpc_peering_connection_id":""},"sensitive_values":{},"depends_on":["module.stage_vpc.module.vpc.aws_eip.n9n_nat_eip","module.stage_vpc.module.vpc.aws_internet_gateway.n9n_ig","module.stage_vpc.module.vpc.aws_nat_gateway.n9n_nat_gw","module.stage_vpc.module.vpc.aws_route_table.private","module.stage_vpc.module.vpc.aws_subnet.public_subnet","module.stage_vpc.module.vpc.aws_vpc.n9n_vpc"]},{"address":"module.stage_vpc.module.vpc.aws_route.public_internet_gateway","mode":"managed","type":"aws_route","name":"public_internet_gateway","provider_name":"registry.terraform.io/hashicorp/aws","schema_version":0,"values":{"carrier_gateway_id":"","core_network_arn":"","destination_cidr_block":"0.0.0.0/0","destination_ipv6_cidr_block":"","destination_prefix_list_id":"","egress_only_gateway_id":"","gateway_id":"igw-0680e80773384969c","id":"r-rtb-02884780c4cce730f1080289494","instance_id":"","instance_owner_id":"","local_gateway_id":"","nat_gateway_id":"","network_interface_id":"","origin":"CreateRoute","route_table_id":"rtb-02884780c4cce730f","state":"active","timeouts":null,"transit_gateway_id":"","vpc_endpoint_id":"","vpc_peering_connection_id":""},"sensitive_values":{},"depends_on":["module.stage_vpc.module.vpc.aws_internet_gateway.n9n_ig","module.stage_vpc.module.vpc.aws_route_table.public","module.stage_vpc.module.vpc.aws_vpc.n9n_vpc"]},{"address":"module.stage_vpc.module.vpc.aws_route_table.private","mode":"managed","type":"aws_route_table","name":"private","provider_name":"registry.terraform.io/hashicorp/aws","schema_version":0,"values":{"arn":"arn:aws:ec2:us-east-1:444171185861:route-table/rtb-05e5518d2199f1cd6","id":"rtb-05e5518d2199f1cd6","owner_id":"444171185861","propagating_vgws":[],"route":[{"carrier_gateway_id":"","cidr_block":"0.0.0.0/0","core_network_arn":"","destination_prefix_list_id":"","egress_only_gateway_id":"","gateway_id":"","instance_id":"","ipv6_cidr_block":"","local_gateway_id":"","nat_gateway_id":"nat-0dcf19075e6d6a9e0","network_interface_id":"","transit_gateway_id":"","vpc_endpoint_id":"","vpc_peering_connection_id":""}],"tags":{"Environment":"dev","Name":"dev-private-route-table"},"tags_all":{"Environment":"dev","Name":"dev-private-route-table"},"timeouts":null,"vpc_id":"vpc-0db007dc41ef7db54"},"sensitive_values":{"propagating_vgws":[],"route":[{}],"tags":{},"tags_all":{}},"depends_on":["module.stage_vpc.module.vpc.aws_vpc.n9n_vpc"]},{"address":"module.stage_vpc.module.vpc.aws_route_table.public","mode":"managed","type":"aws_route_table","name":"public","provider_name":"registry.terraform.io/hashicorp/aws","schema_version":0,"values":{"arn":"arn:aws:ec2:us-east-1:444171185861:route-table/rtb-02884780c4cce730f","id":"rtb-02884780c4cce730f","owner_id":"444171185861","propagating_vgws":[],"route":[{"carrier_gateway_id":"","cidr_block":"0.0.0.0/0","core_network_arn":"","destination_prefix_list_id":"","egress_only_gateway_id":"","gateway_id":"igw-0680e80773384969c","instance_id":"","ipv6_cidr_block":"","local_gateway_id":"","nat_gateway_id":"","network_interface_id":"","transit_gateway_id":"","vpc_endpoint_id":"","vpc_peering_connection_id":""}],"tags":{"Environment":"dev","Name":"dev-public-route-table"},"tags_all":{"Environment":"dev","Name":"dev-public-route-table"},"timeouts":null,"vpc_id":"vpc-0db007dc41ef7db54"},"sensitive_values":{"propagating_vgws":[],"route":[{}],"tags":{},"tags_all":{}},"depends_on":["module.stage_vpc.module.vpc.aws_vpc.n9n_vpc"]},{"address":"module.stage_vpc.module.vpc.aws_route_table_association.private[0]","mode":"managed","type":"aws_route_table_association","name":"private","index":0,"provider_name":"registry.terraform.io/hashicorp/aws","schema_version":0,"values":{"gateway_id":"","id":"rtbassoc-076cc22055bfbeaf6","route_table_id":"rtb-05e5518d2199f1cd6","subnet_id":"subnet-0ed5a2f4d9d0b10da","timeouts":null},"sensitive_values":{},"depends_on":["module.stage_vpc.module.vpc.aws_route_table.private","module.stage_vpc.module.vpc.aws_subnet.private_subnet","module.stage_vpc.module.vpc.aws_vpc.n9n_vpc"]},{"address":"module.stage_vpc.module.vpc.aws_route_table_association.public[0]","mode":"managed","type":"aws_route_table_association","name":"public","index":0,"provider_name":"registry.terraform.io/hashicorp/aws","schema_version":0,"values":{"gateway_id":"","id":"rtbassoc-08300b254505537ca","route_table_id":"rtb-02884780c4cce730f","subnet_id":"subnet-0f52877bf4c35e54c","timeouts":null},"sensitive_values":{},"depends_on":["module.stage_vpc.module.vpc.aws_route_table.public","module.stage_vpc.module.vpc.aws_subnet.public_subnet","module.stage_vpc.module.vpc.aws_vpc.n9n_vpc"]},{"address":"module.stage_vpc.module.vpc.aws_security_group.default","mode":"managed","type":"aws_security_group","name":"default","provider_name":"registry.terraform.io/hashicorp/aws","schema_version":1,"values":{"arn":"arn:aws:ec2:us-east-1:444171185861:security-group/sg-097d38229fe85ab7f","description":"Default security group to allow inbound/outbound from the VPC","egress":[{"cidr_blocks":[],"description":"","from_port":0,"ipv6_cidr_blocks":[],"prefix_list_ids":[],"protocol":"-1","security_groups":[],"self":true,"to_port":0}],"id":"sg-097d38229fe85ab7f","ingress":[{"cidr_blocks":[],"description":"","from_port":0,"ipv6_cidr_blocks":[],"prefix_list_ids":[],"protocol":"-1","security_groups":[],"self":true,"to_port":0}],"name":"dev-default-sg","name_prefix":"","owner_id":"444171185861","revoke_rules_on_delete":false,"tags":{"Environment":"dev","Name":"dev-default-sg"},"tags_all":{"Environment":"dev","Name":"dev-default-sg"},"timeouts":null,"vpc_id":"vpc-0db007dc41ef7db54"},"sensitive_values":{"egress":[{"cidr_blocks":[],"ipv6_cidr_blocks":[],"prefix_list_ids":[],"security_groups":[]}],"ingress":[{"cidr_blocks":[],"ipv6_cidr_blocks":[],"prefix_list_ids":[],"security_groups":[]}],"tags":{},"tags_all":{}},"depends_on":["module.stage_vpc.module.vpc.aws_vpc.n9n_vpc"]},{"address":"module.stage_vpc.module.vpc.aws_subnet.private_subnet[0]","mode":"managed","type":"aws_subnet","name":"private_subnet","index":0,"provider_name":"registry.terraform.io/hashicorp/aws","schema_version":1,"values":{"arn":"arn:aws:ec2:us-east-1:444171185861:subnet/subnet-0ed5a2f4d9d0b10da","assign_ipv6_address_on_creation":false,"availability_zone":"us-east-1a","availability_zone_id":"use1-az4","cidr_block":"10.0.10.0/24","customer_owned_ipv4_pool":"","enable_dns64":false,"enable_lni_at_device_index":0,"enable_resource_name_dns_a_record_on_launch":false,"enable_resource_name_dns_aaaa_record_on_launch":false,"id":"subnet-0ed5a2f4d9d0b10da","ipv6_cidr_block":"","ipv6_cidr_block_association_id":"","ipv6_native":false,"map_customer_owned_ip_on_launch":false,"map_public_ip_on_launch":false,"outpost_arn":"","owner_id":"444171185861","private_dns_hostname_type_on_launch":"ip-name","tags":{"Environment":"dev","Name":"dev-us-east-1a-private-subnet"},"tags_all":{"Environment":"dev","Name":"dev-us-east-1a-private-subnet"},"timeouts":null,"vpc_id":"vpc-0db007dc41ef7db54"},"sensitive_values":{"tags":{},"tags_all":{}},"depends_on":["module.stage_vpc.module.vpc.aws_vpc.n9n_vpc"]},{"address":"module.stage_vpc.module.vpc.aws_subnet.public_subnet[0]","mode":"managed","type":"aws_subnet","name":"public_subnet","index":0,"provider_name":"registry.terraform.io/hashicorp/aws","schema_version":1,"values":{"arn":"arn:aws:ec2:us-east-1:444171185861:subnet/subnet-0f52877bf4c35e54c","assign_ipv6_address_on_creation":false,"availability_zone":"us-east-1a","availability_zone_id":"use1-az4","cidr_block":"10.0.1.0/24","customer_owned_ipv4_pool":"","enable_dns64":false,"enable_lni_at_device_index":0,"enable_resource_name_dns_a_record_on_launch":false,"enable_resource_name_dns_aaaa_record_on_launch":false,"id":"subnet-0f52877bf4c35e54c","ipv6_cidr_block":"","ipv6_cidr_block_association_id":"","ipv6_native":false,"map_customer_owned_ip_on_launch":false,"map_public_ip_on_launch":true,"outpost_arn":"","owner_id":"444171185861","private_dns_hostname_type_on_launch":"ip-name","tags":{"Environment":"dev","Name":"dev-us-east-1a-public-subnet"},"tags_all":{"Environment":"dev","Name":"dev-us-east-1a-public-subnet"},"timeouts":null,"vpc_id":"vpc-0db007dc41ef7db54"},"sensitive_values":{"tags":{},"tags_all":{}},"depends_on":["module.stage_vpc.module.vpc.aws_vpc.n9n_vpc"]},{"address":"module.stage_vpc.module.vpc.aws_vpc.n9n_vpc","mode":"managed","type":"aws_vpc","name":"n9n_vpc","provider_name":"registry.terraform.io/hashicorp/aws","schema_version":1,"values":{"arn":"arn:aws:ec2:us-east-1:444171185861:vpc/vpc-0db007dc41ef7db54","assign_generated_ipv6_cidr_block":false,"cidr_block":"10.0.0.0/16","default_network_acl_id":"acl-00dff01837010c6d1","default_route_table_id":"rtb-04ca3c953118dc80d","default_security_group_id":"sg-0bb079c8355bbddbe","dhcp_options_id":"dopt-0f5f0ed3bbd38b703","enable_classiclink":false,"enable_classiclink_dns_support":false,"enable_dns_hostnames":true,"enable_dns_support":true,"enable_network_address_usage_metrics":false,"id":"vpc-0db007dc41ef7db54","instance_tenancy":"default","ipv4_ipam_pool_id":null,"ipv4_netmask_length":null,"ipv6_association_id":"","ipv6_cidr_block":"","ipv6_cidr_block_network_border_group":"","ipv6_ipam_pool_id":"","ipv6_netmask_length":0,"main_route_table_id":"rtb-04ca3c953118dc80d","owner_id":"444171185861","tags":{"Environment":"dev","Name":"dev-vpc"},"tags_all":{"Environment":"dev","Name":"dev-vpc"}},"sensitive_values":{"tags":{},"tags_all":{}}}],"address":"module.stage_vpc.module.vpc"}]}]}}},"configuration":{"provider_config":{"aws":{"name":"aws","full_name":"registry.terraform.io/hashicorp/aws","expressions":{"region":{"references":["var.region"]}}},"module.dev_vpc.module.vpc:aws":{"name":"aws","full_name":"registry.terraform.io/hashicorp/aws","module_address":"module.dev_vpc.module.vpc"},"module.prod_vpc.module.vpc:aws":{"name":"aws","full_name":"registry.terraform.io/hashicorp/aws","module_address":"module.prod_vpc.module.vpc"},"module.stage_vpc.module.vpc:aws":{"name":"aws","full_name":"registry.terraform.io/hashicorp/aws","module_address":"module.stage_vpc.module.vpc"}},"root_module":{"outputs":{"state_bucket_arn":{"expression":{"references":["aws_s3_bucket.s3-tf-bucket.arn","aws_s3_bucket.s3-tf-bucket"]},"description":"The ARN of the S3 bucket holding state"},"state_dynamo":{"expression":{"references":["aws_dynamodb_table.tf-state-lock.name","aws_dynamodb_table.tf-state-lock"]},"description":"The name of the DynamoDB table holding state"}},"resources":[{"address":"aws_dynamodb_table.tf-state-lock","mode":"managed","type":"aws_dynamodb_table","name":"tf-state-lock","provider_config_key":"aws","expressions":{"attribute":[{"name":{"constant_value":"LockID"},"type":{"constant_value":"S"}}],"hash_key":{"constant_value":"LockID"},"name":{"constant_value":"tf_state_lock"},"read_capacity":{"constant_value":5},"tags":{"constant_value":{"Name":"Dynamodb Terraform State Lock Table"}},"write_capacity":{"constant_value":5}},"schema_version":1},{"address":"aws_kms_key.s3-kms-key","mode":"managed","type":"aws_kms_key","name":"s3-kms-key","provider_config_key":"aws","expressions":{"description":{"constant_value":"Use this key to encrypt S3 buckets"}},"schema_version":0},{"address":"aws_s3_bucket.s3-tf-bucket","mode":"managed","type":"aws_s3_bucket","name":"s3-tf-bucket","provider_config_key":"aws","expressions":{"bucket":{"constant_value":"n9n-s3-state-220523"},"tags":{"constant_value":{"Environment":"Prod","Name":"S3 Remote Terraform State Bucket"}}},"schema_version":0},{"address":"aws_s3_bucket_acl.s3-tf-state-bucket-acl","mode":"managed","type":"aws_s3_bucket_acl","name":"s3-tf-state-bucket-acl","provider_config_key":"aws","expressions":{"acl":{"constant_value":"private"},"bucket":{"references":["aws_s3_bucket.s3-tf-bucket.id","aws_s3_bucket.s3-tf-bucket"]}},"schema_version":0},{"address":"aws_s3_bucket_public_access_block.s3-pub-block","mode":"managed","type":"aws_s3_bucket_public_access_block","name":"s3-pub-block","provider_config_key":"aws","expressions":{"block_public_acls":{"constant_value":true},"block_public_policy":{"constant_value":true},"bucket":{"references":["aws_s3_bucket.s3-tf-bucket.id","aws_s3_bucket.s3-tf-bucket"]},"ignore_public_acls":{"constant_value":true},"restrict_public_buckets":{"constant_value":true}},"schema_version":0},{"address":"aws_s3_bucket_server_side_encryption_configuration.s3-sse-config","mode":"managed","type":"aws_s3_bucket_server_side_encryption_configuration","name":"s3-sse-config","provider_config_key":"aws","expressions":{"bucket":{"references":["aws_s3_bucket.s3-tf-bucket.id","aws_s3_bucket.s3-tf-bucket"]},"rule":[{"apply_server_side_encryption_by_default":[{"kms_master_key_id":{"references":["aws_kms_key.s3-kms-key.arn","aws_kms_key.s3-kms-key"]},"sse_algorithm":{"constant_value":"aws:kms"}}]}]},"schema_version":0},{"address":"aws_s3_bucket_versioning.s3-tf-bucket-versioning","mode":"managed","type":"aws_s3_bucket_versioning","name":"s3-tf-bucket-versioning","provider_config_key":"aws","expressions":{"bucket":{"references":["aws_s3_bucket.s3-tf-bucket.id","aws_s3_bucket.s3-tf-bucket"]},"versioning_configuration":[{"status":{"constant_value":"Enabled"}}]},"schema_version":0}],"module_calls":{"dev_vpc":{"source":"./dev/components/vpc","module":{"module_calls":{"vpc":{"source":"../../../modules/components/vpc","expressions":{"availability_zones":{"references":["local.dev_availability_zones"]},"env":{"references":["var.env"]},"private_subnets_cidr":{"references":["var.private_subnets_cidr"]},"public_subnets_cidr":{"references":["var.public_subnets_cidr"]},"vpc_cidr":{"references":["var.vpc_cidr"]}},"module":{"outputs":{"vpc_id":{"expression":{"references":["aws_vpc.n9n_vpc.id","aws_vpc.n9n_vpc"]}}},"resources":[{"address":"aws_eip.n9n_nat_eip","mode":"managed","type":"aws_eip","name":"n9n_nat_eip","provider_config_key":"module.dev_vpc.module.vpc:aws","expressions":{"vpc":{"constant_value":true}},"schema_version":0,"depends_on":["aws_internet_gateway.n9n_ig"]},{"address":"aws_internet_gateway.n9n_ig","mode":"managed","type":"aws_internet_gateway","name":"n9n_ig","provider_config_key":"module.dev_vpc.module.vpc:aws","expressions":{"tags":{"references":["var.env","var.env"]},"vpc_id":{"references":["aws_vpc.n9n_vpc.id","aws_vpc.n9n_vpc"]}},"schema_version":0},{"address":"aws_nat_gateway.n9n_nat_gw","mode":"managed","type":"aws_nat_gateway","name":"n9n_nat_gw","provider_config_key":"module.dev_vpc.module.vpc:aws","expressions":{"allocation_id":{"references":["aws_eip.n9n_nat_eip.id","aws_eip.n9n_nat_eip"]},"subnet_id":{"references":["aws_subnet.public_subnet"]},"tags":{"references":["var.env","var.env"]}},"schema_version":0,"depends_on":["aws_internet_gateway.n9n_ig"]},{"address":"aws_route.private_nat_gateway","mode":"managed","type":"aws_route","name":"private_nat_gateway","provider_config_key":"module.dev_vpc.module.vpc:aws","expressions":{"destination_cidr_block":{"constant_value":"0.0.0.0/0"},"nat_gateway_id":{"references":["aws_nat_gateway.n9n_nat_gw.id","aws_nat_gateway.n9n_nat_gw"]},"route_table_id":{"references":["aws_route_table.private.id","aws_route_table.private"]}},"schema_version":0},{"address":"aws_route.public_internet_gateway","mode":"managed","type":"aws_route","name":"public_internet_gateway","provider_config_key":"module.dev_vpc.module.vpc:aws","expressions":{"destination_cidr_block":{"constant_value":"0.0.0.0/0"},"gateway_id":{"references":["aws_internet_gateway.n9n_ig.id","aws_internet_gateway.n9n_ig"]},"route_table_id":{"references":["aws_route_table.public.id","aws_route_table.public"]}},"schema_version":0},{"address":"aws_route_table.private","mode":"managed","type":"aws_route_table","name":"private","provider_config_key":"module.dev_vpc.module.vpc:aws","expressions":{"tags":{"references":["var.env","var.env"]},"vpc_id":{"references":["aws_vpc.n9n_vpc.id","aws_vpc.n9n_vpc"]}},"schema_version":0},{"address":"aws_route_table.public","mode":"managed","type":"aws_route_table","name":"public","provider_config_key":"module.dev_vpc.module.vpc:aws","expressions":{"tags":{"references":["var.env","var.env"]},"vpc_id":{"references":["aws_vpc.n9n_vpc.id","aws_vpc.n9n_vpc"]}},"schema_version":0},{"address":"aws_route_table_association.private","mode":"managed","type":"aws_route_table_association","name":"private","provider_config_key":"module.dev_vpc.module.vpc:aws","expressions":{"route_table_id":{"references":["aws_route_table.private.id","aws_route_table.private"]},"subnet_id":{"references":["aws_subnet.private_subnet","count.index"]}},"schema_version":0,"count_expression":{"references":["var.private_subnets_cidr"]}},{"address":"aws_route_table_association.public","mode":"managed","type":"aws_route_table_association","name":"public","provider_config_key":"module.dev_vpc.module.vpc:aws","expressions":{"route_table_id":{"references":["aws_route_table.public.id","aws_route_table.public"]},"subnet_id":{"references":["aws_subnet.public_subnet","count.index"]}},"schema_version":0,"count_expression":{"references":["var.public_subnets_cidr"]}},{"address":"aws_security_group.default","mode":"managed","type":"aws_security_group","name":"default","provider_config_key":"module.dev_vpc.module.vpc:aws","expressions":{"description":{"constant_value":"Default security group to allow inbound/outbound from the VPC"},"egress":{"constant_value":[{"cidr_blocks":null,"description":null,"from_port":0,"ipv6_cidr_blocks":null,"prefix_list_ids":null,"protocol":"-1","security_groups":null,"self":true,"to_port":0}]},"ingress":{"constant_value":[{"cidr_blocks":null,"description":null,"from_port":0,"ipv6_cidr_blocks":null,"prefix_list_ids":null,"protocol":"-1","security_groups":null,"self":true,"to_port":0}]},"name":{"references":["var.env"]},"tags":{"references":["var.env","var.env"]},"vpc_id":{"references":["aws_vpc.n9n_vpc.id","aws_vpc.n9n_vpc"]}},"schema_version":1,"depends_on":["aws_vpc.n9n_vpc"]},{"address":"aws_subnet.private_subnet","mode":"managed","type":"aws_subnet","name":"private_subnet","provider_config_key":"module.dev_vpc.module.vpc:aws","expressions":{"availability_zone":{"references":["var.availability_zones","count.index"]},"cidr_block":{"references":["var.private_subnets_cidr","count.index"]},"map_public_ip_on_launch":{"constant_value":false},"tags":{"references":["var.env","var.availability_zones","count.index","var.env"]},"vpc_id":{"references":["aws_vpc.n9n_vpc.id","aws_vpc.n9n_vpc"]}},"schema_version":1,"count_expression":{"references":["var.private_subnets_cidr"]}},{"address":"aws_subnet.public_subnet","mode":"managed","type":"aws_subnet","name":"public_subnet","provider_config_key":"module.dev_vpc.module.vpc:aws","expressions":{"availability_zone":{"references":["var.availability_zones","count.index"]},"cidr_block":{"references":["var.public_subnets_cidr","count.index"]},"map_public_ip_on_launch":{"constant_value":true},"tags":{"references":["var.env","var.availability_zones","count.index","var.env"]},"vpc_id":{"references":["aws_vpc.n9n_vpc.id","aws_vpc.n9n_vpc"]}},"schema_version":1,"count_expression":{"references":["var.public_subnets_cidr"]}},{"address":"aws_vpc.n9n_vpc","mode":"managed","type":"aws_vpc","name":"n9n_vpc","provider_config_key":"module.dev_vpc.module.vpc:aws","expressions":{"cidr_block":{"references":["var.vpc_cidr"]},"enable_dns_hostnames":{"constant_value":true},"enable_dns_support":{"constant_value":true},"tags":{"references":["var.env","var.env"]}},"schema_version":1}],"variables":{"availability_zones":{"description":"AZ count"},"env":{"description":"Environment to deploy to"},"private_subnets_cidr":{"description":"CIDR for the private subnet"},"public_subnets_cidr":{"description":"CIDR for public subnet"},"vpc_cidr":{"description":"CIDR block"}}}}},"variables":{"env":{"default":"dev","description":"The environment for the resources"},"private_subnets_cidr":{"default":["10.0.10.0/24"],"description":"CIDR for the private subnet"},"public_subnets_cidr":{"default":["10.0.1.0/24"],"description":"CIDR for the public subnet"},"region":{"default":"us-east-1","description":"AWS region for the resources"},"vpc_cidr":{"default":"10.0.0.0/16","description":"CIDR for the VPC"}}}},"prod_vpc":{"source":"./prod/components/vpc","module":{"module_calls":{"vpc":{"source":"../../../modules/components/vpc","expressions":{"availability_zones":{"references":["local.prod_availability_zones"]},"env":{"references":["var.env"]},"private_subnets_cidr":{"references":["var.private_subnets_cidr"]},"public_subnets_cidr":{"references":["var.public_subnets_cidr"]},"vpc_cidr":{"references":["var.vpc_cidr"]}},"module":{"outputs":{"vpc_id":{"expression":{"references":["aws_vpc.n9n_vpc.id","aws_vpc.n9n_vpc"]}}},"resources":[{"address":"aws_eip.n9n_nat_eip","mode":"managed","type":"aws_eip","name":"n9n_nat_eip","provider_config_key":"module.prod_vpc.module.vpc:aws","expressions":{"vpc":{"constant_value":true}},"schema_version":0,"depends_on":["aws_internet_gateway.n9n_ig"]},{"address":"aws_internet_gateway.n9n_ig","mode":"managed","type":"aws_internet_gateway","name":"n9n_ig","provider_config_key":"module.prod_vpc.module.vpc:aws","expressions":{"tags":{"references":["var.env","var.env"]},"vpc_id":{"references":["aws_vpc.n9n_vpc.id","aws_vpc.n9n_vpc"]}},"schema_version":0},{"address":"aws_nat_gateway.n9n_nat_gw","mode":"managed","type":"aws_nat_gateway","name":"n9n_nat_gw","provider_config_key":"module.prod_vpc.module.vpc:aws","expressions":{"allocation_id":{"references":["aws_eip.n9n_nat_eip.id","aws_eip.n9n_nat_eip"]},"subnet_id":{"references":["aws_subnet.public_subnet"]},"tags":{"references":["var.env","var.env"]}},"schema_version":0,"depends_on":["aws_internet_gateway.n9n_ig"]},{"address":"aws_route.private_nat_gateway","mode":"managed","type":"aws_route","name":"private_nat_gateway","provider_config_key":"module.prod_vpc.module.vpc:aws","expressions":{"destination_cidr_block":{"constant_value":"0.0.0.0/0"},"nat_gateway_id":{"references":["aws_nat_gateway.n9n_nat_gw.id","aws_nat_gateway.n9n_nat_gw"]},"route_table_id":{"references":["aws_route_table.private.id","aws_route_table.private"]}},"schema_version":0},{"address":"aws_route.public_internet_gateway","mode":"managed","type":"aws_route","name":"public_internet_gateway","provider_config_key":"module.prod_vpc.module.vpc:aws","expressions":{"destination_cidr_block":{"constant_value":"0.0.0.0/0"},"gateway_id":{"references":["aws_internet_gateway.n9n_ig.id","aws_internet_gateway.n9n_ig"]},"route_table_id":{"references":["aws_route_table.public.id","aws_route_table.public"]}},"schema_version":0},{"address":"aws_route_table.private","mode":"managed","type":"aws_route_table","name":"private","provider_config_key":"module.prod_vpc.module.vpc:aws","expressions":{"tags":{"references":["var.env","var.env"]},"vpc_id":{"references":["aws_vpc.n9n_vpc.id","aws_vpc.n9n_vpc"]}},"schema_version":0},{"address":"aws_route_table.public","mode":"managed","type":"aws_route_table","name":"public","provider_config_key":"module.prod_vpc.module.vpc:aws","expressions":{"tags":{"references":["var.env","var.env"]},"vpc_id":{"references":["aws_vpc.n9n_vpc.id","aws_vpc.n9n_vpc"]}},"schema_version":0},{"address":"aws_route_table_association.private","mode":"managed","type":"aws_route_table_association","name":"private","provider_config_key":"module.prod_vpc.module.vpc:aws","expressions":{"route_table_id":{"references":["aws_route_table.private.id","aws_route_table.private"]},"subnet_id":{"references":["aws_subnet.private_subnet","count.index"]}},"schema_version":0,"count_expression":{"references":["var.private_subnets_cidr"]}},{"address":"aws_route_table_association.public","mode":"managed","type":"aws_route_table_association","name":"public","provider_config_key":"module.prod_vpc.module.vpc:aws","expressions":{"route_table_id":{"references":["aws_route_table.public.id","aws_route_table.public"]},"subnet_id":{"references":["aws_subnet.public_subnet","count.index"]}},"schema_version":0,"count_expression":{"references":["var.public_subnets_cidr"]}},{"address":"aws_security_group.default","mode":"managed","type":"aws_security_group","name":"default","provider_config_key":"module.prod_vpc.module.vpc:aws","expressions":{"description":{"constant_value":"Default security group to allow inbound/outbound from the VPC"},"egress":{"constant_value":[{"cidr_blocks":null,"description":null,"from_port":0,"ipv6_cidr_blocks":null,"prefix_list_ids":null,"protocol":"-1","security_groups":null,"self":true,"to_port":0}]},"ingress":{"constant_value":[{"cidr_blocks":null,"description":null,"from_port":0,"ipv6_cidr_blocks":null,"prefix_list_ids":null,"protocol":"-1","security_groups":null,"self":true,"to_port":0}]},"name":{"references":["var.env"]},"tags":{"references":["var.env","var.env"]},"vpc_id":{"references":["aws_vpc.n9n_vpc.id","aws_vpc.n9n_vpc"]}},"schema_version":1,"depends_on":["aws_vpc.n9n_vpc"]},{"address":"aws_subnet.private_subnet","mode":"managed","type":"aws_subnet","name":"private_subnet","provider_config_key":"module.prod_vpc.module.vpc:aws","expressions":{"availability_zone":{"references":["var.availability_zones","count.index"]},"cidr_block":{"references":["var.private_subnets_cidr","count.index"]},"map_public_ip_on_launch":{"constant_value":false},"tags":{"references":["var.env","var.availability_zones","count.index","var.env"]},"vpc_id":{"references":["aws_vpc.n9n_vpc.id","aws_vpc.n9n_vpc"]}},"schema_version":1,"count_expression":{"references":["var.private_subnets_cidr"]}},{"address":"aws_subnet.public_subnet","mode":"managed","type":"aws_subnet","name":"public_subnet","provider_config_key":"module.prod_vpc.module.vpc:aws","expressions":{"availability_zone":{"references":["var.availability_zones","count.index"]},"cidr_block":{"references":["var.public_subnets_cidr","count.index"]},"map_public_ip_on_launch":{"constant_value":true},"tags":{"references":["var.env","var.availability_zones","count.index","var.env"]},"vpc_id":{"references":["aws_vpc.n9n_vpc.id","aws_vpc.n9n_vpc"]}},"schema_version":1,"count_expression":{"references":["var.public_subnets_cidr"]}},{"address":"aws_vpc.n9n_vpc","mode":"managed","type":"aws_vpc","name":"n9n_vpc","provider_config_key":"module.prod_vpc.module.vpc:aws","expressions":{"cidr_block":{"references":["var.vpc_cidr"]},"enable_dns_hostnames":{"constant_value":true},"enable_dns_support":{"constant_value":true},"tags":{"references":["var.env","var.env"]}},"schema_version":1}],"variables":{"availability_zones":{"description":"AZ count"},"env":{"description":"Environment to deploy to"},"private_subnets_cidr":{"description":"CIDR for the private subnet"},"public_subnets_cidr":{"description":"CIDR for public subnet"},"vpc_cidr":{"description":"CIDR block"}}}}},"variables":{"env":{"default":"prod","description":"The environment for the resources"},"private_subnets_cidr":{"default":["10.0.10.0/24"],"description":"CIDR for the private subnet"},"public_subnets_cidr":{"default":["10.0.1.0/24"],"description":"CIDR for the public subnet"},"region":{"default":"us-east-1","description":"AWS region for the resources"},"vpc_cidr":{"default":"10.0.0.0/16","description":"CIDR for the VPC"}}}},"stage_vpc":{"source":"./stage/components/vpc","module":{"module_calls":{"vpc":{"source":"../../../modules/components/vpc","expressions":{"availability_zones":{"references":["local.stage_availability_zones"]},"env":{"references":["var.env"]},"private_subnets_cidr":{"references":["var.private_subnets_cidr"]},"public_subnets_cidr":{"references":["var.public_subnets_cidr"]},"vpc_cidr":{"references":["var.vpc_cidr"]}},"module":{"outputs":{"vpc_id":{"expression":{"references":["aws_vpc.n9n_vpc.id","aws_vpc.n9n_vpc"]}}},"resources":[{"address":"aws_eip.n9n_nat_eip","mode":"managed","type":"aws_eip","name":"n9n_nat_eip","provider_config_key":"module.stage_vpc.module.vpc:aws","expressions":{"vpc":{"constant_value":true}},"schema_version":0,"depends_on":["aws_internet_gateway.n9n_ig"]},{"address":"aws_internet_gateway.n9n_ig","mode":"managed","type":"aws_internet_gateway","name":"n9n_ig","provider_config_key":"module.stage_vpc.module.vpc:aws","expressions":{"tags":{"references":["var.env","var.env"]},"vpc_id":{"references":["aws_vpc.n9n_vpc.id","aws_vpc.n9n_vpc"]}},"schema_version":0},{"address":"aws_nat_gateway.n9n_nat_gw","mode":"managed","type":"aws_nat_gateway","name":"n9n_nat_gw","provider_config_key":"module.stage_vpc.module.vpc:aws","expressions":{"allocation_id":{"references":["aws_eip.n9n_nat_eip.id","aws_eip.n9n_nat_eip"]},"subnet_id":{"references":["aws_subnet.public_subnet"]},"tags":{"references":["var.env","var.env"]}},"schema_version":0,"depends_on":["aws_internet_gateway.n9n_ig"]},{"address":"aws_route.private_nat_gateway","mode":"managed","type":"aws_route","name":"private_nat_gateway","provider_config_key":"module.stage_vpc.module.vpc:aws","expressions":{"destination_cidr_block":{"constant_value":"0.0.0.0/0"},"nat_gateway_id":{"references":["aws_nat_gateway.n9n_nat_gw.id","aws_nat_gateway.n9n_nat_gw"]},"route_table_id":{"references":["aws_route_table.private.id","aws_route_table.private"]}},"schema_version":0},{"address":"aws_route.public_internet_gateway","mode":"managed","type":"aws_route","name":"public_internet_gateway","provider_config_key":"module.stage_vpc.module.vpc:aws","expressions":{"destination_cidr_block":{"constant_value":"0.0.0.0/0"},"gateway_id":{"references":["aws_internet_gateway.n9n_ig.id","aws_internet_gateway.n9n_ig"]},"route_table_id":{"references":["aws_route_table.public.id","aws_route_table.public"]}},"schema_version":0},{"address":"aws_route_table.private","mode":"managed","type":"aws_route_table","name":"private","provider_config_key":"module.stage_vpc.module.vpc:aws","expressions":{"tags":{"references":["var.env","var.env"]},"vpc_id":{"references":["aws_vpc.n9n_vpc.id","aws_vpc.n9n_vpc"]}},"schema_version":0},{"address":"aws_route_table.public","mode":"managed","type":"aws_route_table","name":"public","provider_config_key":"module.stage_vpc.module.vpc:aws","expressions":{"tags":{"references":["var.env","var.env"]},"vpc_id":{"references":["aws_vpc.n9n_vpc.id","aws_vpc.n9n_vpc"]}},"schema_version":0},{"address":"aws_route_table_association.private","mode":"managed","type":"aws_route_table_association","name":"private","provider_config_key":"module.stage_vpc.module.vpc:aws","expressions":{"route_table_id":{"references":["aws_route_table.private.id","aws_route_table.private"]},"subnet_id":{"references":["aws_subnet.private_subnet","count.index"]}},"schema_version":0,"count_expression":{"references":["var.private_subnets_cidr"]}},{"address":"aws_route_table_association.public","mode":"managed","type":"aws_route_table_association","name":"public","provider_config_key":"module.stage_vpc.module.vpc:aws","expressions":{"route_table_id":{"references":["aws_route_table.public.id","aws_route_table.public"]},"subnet_id":{"references":["aws_subnet.public_subnet","count.index"]}},"schema_version":0,"count_expression":{"references":["var.public_subnets_cidr"]}},{"address":"aws_security_group.default","mode":"managed","type":"aws_security_group","name":"default","provider_config_key":"module.stage_vpc.module.vpc:aws","expressions":{"description":{"constant_value":"Default security group to allow inbound/outbound from the VPC"},"egress":{"constant_value":[{"cidr_blocks":null,"description":null,"from_port":0,"ipv6_cidr_blocks":null,"prefix_list_ids":null,"protocol":"-1","security_groups":null,"self":true,"to_port":0}]},"ingress":{"constant_value":[{"cidr_blocks":null,"description":null,"from_port":0,"ipv6_cidr_blocks":null,"prefix_list_ids":null,"protocol":"-1","security_groups":null,"self":true,"to_port":0}]},"name":{"references":["var.env"]},"tags":{"references":["var.env","var.env"]},"vpc_id":{"references":["aws_vpc.n9n_vpc.id","aws_vpc.n9n_vpc"]}},"schema_version":1,"depends_on":["aws_vpc.n9n_vpc"]},{"address":"aws_subnet.private_subnet","mode":"managed","type":"aws_subnet","name":"private_subnet","provider_config_key":"module.stage_vpc.module.vpc:aws","expressions":{"availability_zone":{"references":["var.availability_zones","count.index"]},"cidr_block":{"references":["var.private_subnets_cidr","count.index"]},"map_public_ip_on_launch":{"constant_value":false},"tags":{"references":["var.env","var.availability_zones","count.index","var.env"]},"vpc_id":{"references":["aws_vpc.n9n_vpc.id","aws_vpc.n9n_vpc"]}},"schema_version":1,"count_expression":{"references":["var.private_subnets_cidr"]}},{"address":"aws_subnet.public_subnet","mode":"managed","type":"aws_subnet","name":"public_subnet","provider_config_key":"module.stage_vpc.module.vpc:aws","expressions":{"availability_zone":{"references":["var.availability_zones","count.index"]},"cidr_block":{"references":["var.public_subnets_cidr","count.index"]},"map_public_ip_on_launch":{"constant_value":true},"tags":{"references":["var.env","var.availability_zones","count.index","var.env"]},"vpc_id":{"references":["aws_vpc.n9n_vpc.id","aws_vpc.n9n_vpc"]}},"schema_version":1,"count_expression":{"references":["var.public_subnets_cidr"]}},{"address":"aws_vpc.n9n_vpc","mode":"managed","type":"aws_vpc","name":"n9n_vpc","provider_config_key":"module.stage_vpc.module.vpc:aws","expressions":{"cidr_block":{"references":["var.vpc_cidr"]},"enable_dns_hostnames":{"constant_value":true},"enable_dns_support":{"constant_value":true},"tags":{"references":["var.env","var.env"]}},"schema_version":1}],"variables":{"availability_zones":{"description":"AZ count"},"env":{"description":"Environment to deploy to"},"private_subnets_cidr":{"description":"CIDR for the private subnet"},"public_subnets_cidr":{"description":"CIDR for public subnet"},"vpc_cidr":{"description":"CIDR block"}}}}},"variables":{"env":{"default":"stage","description":"The environment for the resources"},"private_subnets_cidr":{"default":["10.0.10.0/24"],"description":"CIDR for the private subnet"},"public_subnets_cidr":{"default":["10.0.1.0/24"],"description":"CIDR for the public subnet"},"region":{"default":"us-east-1","description":"AWS region for the resources"},"vpc_cidr":{"default":"10.0.0.0/16","description":"CIDR for the VPC"}}}}},"variables":{"region":{"default":"us-east-1","description":"The AWS region to create resources in"}}}},"relevant_attributes":[{"resource":"module.stage_vpc.module.vpc.aws_subnet.public_subnet","attribute":[]},{"resource":"module.dev_vpc.module.vpc.aws_vpc.n9n_vpc","attribute":["id"]},{"resource":"module.prod_vpc.module.vpc.aws_vpc.n9n_vpc","attribute":["id"]},{"resource":"module.stage_vpc.module.vpc.aws_vpc.n9n_vpc","attribute":["id"]},{"resource":"module.prod_vpc.module.vpc.aws_subnet.public_subnet","attribute":[]},{"resource":"module.prod_vpc.module.vpc.aws_eip.n9n_nat_eip","attribute":["id"]},{"resource":"module.stage_vpc.module.vpc.aws_eip.n9n_nat_eip","attribute":["id"]}]}
